// !$*UTF8*$!
{
	archiveVersion = 1;
	classes = {
	};
	objectVersion = 46;
	objects = {

/* Begin PBXBuildFile section */
		2213A7C417AE361C007693B0 /* iTunesArtwork.png in Resources */ = {isa = PBXBuildFile; fileRef = 2213A7C217AE361C007693B0 /* iTunesArtwork.png */; };
		2213A7C517AE361C007693B0 /* iTunesArtwork@2x.png in Resources */ = {isa = PBXBuildFile; fileRef = 2213A7C317AE361C007693B0 /* iTunesArtwork@2x.png */; };
		2221A349178C556B0004EDD2 /* SSTAAboutViewController.m in Sources */ = {isa = PBXBuildFile; fileRef = 2221A348178C556B0004EDD2 /* SSTAAboutViewController.m */; };
		222840E217E08251002B39AE /* Images.xcassets in Resources */ = {isa = PBXBuildFile; fileRef = 222840E117E08251002B39AE /* Images.xcassets */; };
		2236486E185EC67300FE9FBB /* Settings.bundle in Resources */ = {isa = PBXBuildFile; fileRef = 2236486D185EC67300FE9FBB /* Settings.bundle */; };
		2248BCA2178431DE0043BE83 /* libsqlite3.dylib in Frameworks */ = {isa = PBXBuildFile; fileRef = 2248BCA1178431DE0043BE83 /* libsqlite3.dylib */; };
		2248BCA4178431EE0043BE83 /* CoreTelephony.framework in Frameworks */ = {isa = PBXBuildFile; fileRef = 2248BCA3178431EE0043BE83 /* CoreTelephony.framework */; };
		2248BE1D1784346F0043BE83 /* AudioToolbox.framework in Frameworks */ = {isa = PBXBuildFile; fileRef = 2248BE1C1784346F0043BE83 /* AudioToolbox.framework */; };
		2249619817E402DB003A0093 /* libxml2.dylib in Frameworks */ = {isa = PBXBuildFile; fileRef = 2249619717E402DB003A0093 /* libxml2.dylib */; };
		2249619A17E402E7003A0093 /* ImageIO.framework in Frameworks */ = {isa = PBXBuildFile; fileRef = 2249619917E402E7003A0093 /* ImageIO.framework */; };
		2249619C17E402F2003A0093 /* CoreText.framework in Frameworks */ = {isa = PBXBuildFile; fileRef = 2249619B17E402F2003A0093 /* CoreText.framework */; };
		2249619F17E40383003A0093 /* SIMUXCRParser.m in Sources */ = {isa = PBXBuildFile; fileRef = 2249619E17E40383003A0093 /* SIMUXCRParser.m */; };
		22592D0F1754E311008D88D7 /* bg.jpg in Resources */ = {isa = PBXBuildFile; fileRef = 22592D0E1754E311008D88D7 /* bg.jpg */; };
		22592D151754E501008D88D7 /* SSTATopicsViewController.m in Sources */ = {isa = PBXBuildFile; fileRef = 22592D141754E501008D88D7 /* SSTATopicsViewController.m */; };
		22601A1C19DD9F0F005FF82D /* InAppBrowserViewController.m in Sources */ = {isa = PBXBuildFile; fileRef = 22601A1B19DD9F0F005FF82D /* InAppBrowserViewController.m */; };
		226166951789A3D2000BFE36 /* MapKit.framework in Frameworks */ = {isa = PBXBuildFile; fileRef = 226166941789A3D2000BFE36 /* MapKit.framework */; };
		226166971789A3E5000BFE36 /* MessageUI.framework in Frameworks */ = {isa = PBXBuildFile; fileRef = 226166961789A3E5000BFE36 /* MessageUI.framework */; };
		2261669A1789A811000BFE36 /* RefreshControl.m in Sources */ = {isa = PBXBuildFile; fileRef = 226166991789A811000BFE36 /* RefreshControl.m */; };
		226A70E717BF543100AF02E3 /* tabBarPic.png in Resources */ = {isa = PBXBuildFile; fileRef = 226A70E617BF543100AF02E3 /* tabBarPic.png */; };
		2297CC4817AFDC5B00F51E23 /* TUSafariActivity.strings in Resources */ = {isa = PBXBuildFile; fileRef = 2297CC2E17AFDC5B00F51E23 /* TUSafariActivity.strings */; };
		2297CC4917AFDC5B00F51E23 /* Safari.png in Resources */ = {isa = PBXBuildFile; fileRef = 2297CC3E17AFDC5B00F51E23 /* Safari.png */; };
		2297CC4A17AFDC5B00F51E23 /* Safari@2x.png in Resources */ = {isa = PBXBuildFile; fileRef = 2297CC3F17AFDC5B00F51E23 /* Safari@2x.png */; };
		2297CC4B17AFDC5B00F51E23 /* Safari@2x~ipad.png in Resources */ = {isa = PBXBuildFile; fileRef = 2297CC4017AFDC5B00F51E23 /* Safari@2x~ipad.png */; };
		2297CC4C17AFDC5B00F51E23 /* Safari~ipad.png in Resources */ = {isa = PBXBuildFile; fileRef = 2297CC4117AFDC5B00F51E23 /* Safari~ipad.png */; };
		2297CC4D17AFDC5B00F51E23 /* TUSafariActivity.m in Sources */ = {isa = PBXBuildFile; fileRef = 2297CC4517AFDC5B00F51E23 /* TUSafariActivity.m */; };
		2298332E181540D000E36EE3 /* DetailViewController.m in Sources */ = {isa = PBXBuildFile; fileRef = 2298332D181540D000E36EE3 /* DetailViewController.m */; };
		22C2915317ABDB6600CC6CB3 /* SSTINC.png in Resources */ = {isa = PBXBuildFile; fileRef = 22C2915217ABDB6600CC6CB3 /* SSTINC.png */; };
		22C9141819CB07D7005E65AE /* libz.dylib in Frameworks */ = {isa = PBXBuildFile; fileRef = 22C9141719CB07D7005E65AE /* libz.dylib */; };
		22CFA0A319EB9DA60002071D /* MainStoryboard-568h.storyboard in Resources */ = {isa = PBXBuildFile; fileRef = 22CFA0A119EB9DA60002071D /* MainStoryboard-568h.storyboard */; };
		22CFA0A419EB9DA60002071D /* MainStoryboard.storyboard in Resources */ = {isa = PBXBuildFile; fileRef = 22CFA0A219EB9DA60002071D /* MainStoryboard.storyboard */; };
		22D9EE58175245C600C0AAC9 /* UIKit.framework in Frameworks */ = {isa = PBXBuildFile; fileRef = 22D9EE57175245C600C0AAC9 /* UIKit.framework */; };
		22D9EE5A175245C600C0AAC9 /* Foundation.framework in Frameworks */ = {isa = PBXBuildFile; fileRef = 22D9EE59175245C600C0AAC9 /* Foundation.framework */; };
		22D9EE5C175245C600C0AAC9 /* CoreGraphics.framework in Frameworks */ = {isa = PBXBuildFile; fileRef = 22D9EE5B175245C600C0AAC9 /* CoreGraphics.framework */; };
		22D9EE62175245C600C0AAC9 /* InfoPlist.strings in Resources */ = {isa = PBXBuildFile; fileRef = 22D9EE60175245C600C0AAC9 /* InfoPlist.strings */; };
		22D9EE64175245C600C0AAC9 /* main.m in Sources */ = {isa = PBXBuildFile; fileRef = 22D9EE63175245C600C0AAC9 /* main.m */; };
		22D9EE68175245C600C0AAC9 /* SSTAnnounceAppDelegate.m in Sources */ = {isa = PBXBuildFile; fileRef = 22D9EE67175245C600C0AAC9 /* SSTAnnounceAppDelegate.m */; };
		22D9EE821752477A00C0AAC9 /* SSTAMasterViewController.m in Sources */ = {isa = PBXBuildFile; fileRef = 22D9EE811752477A00C0AAC9 /* SSTAMasterViewController.m */; };
		22D9EEAA175251F600C0AAC9 /* CFNetwork.framework in Frameworks */ = {isa = PBXBuildFile; fileRef = 22D9EEA9175251F600C0AAC9 /* CFNetwork.framework */; };
		22D9EEAC175251FF00C0AAC9 /* SystemConfiguration.framework in Frameworks */ = {isa = PBXBuildFile; fileRef = 22D9EEAB175251FF00C0AAC9 /* SystemConfiguration.framework */; };
		22D9EEAE1752520800C0AAC9 /* MobileCoreServices.framework in Frameworks */ = {isa = PBXBuildFile; fileRef = 22D9EEAD1752520800C0AAC9 /* MobileCoreServices.framework */; };
		22D9EEE61753106000C0AAC9 /* QuartzCore.framework in Frameworks */ = {isa = PBXBuildFile; fileRef = 22D9EEE51753106000C0AAC9 /* QuartzCore.framework */; };
		22D9EEF11753427700C0AAC9 /* WebViewController.m in Sources */ = {isa = PBXBuildFile; fileRef = 22D9EEF01753427700C0AAC9 /* WebViewController.m */; };
		22EBAACF1781D04A000C6D11 /* CoreLocation.framework in Frameworks */ = {isa = PBXBuildFile; fileRef = 22EBAACE1781D049000C6D11 /* CoreLocation.framework */; };
		22EBAAD11781D06B000C6D11 /* Security.framework in Frameworks */ = {isa = PBXBuildFile; fileRef = 22EBAAD01781D06B000C6D11 /* Security.framework */; };
		22EEBB5818C9F2020037F884 /* MainStoryboard~iPad.storyboard in Resources */ = {isa = PBXBuildFile; fileRef = 22EEBB5718C9F2020037F884 /* MainStoryboard~iPad.storyboard */; };
		22F647621A5D4F19008FF1E9 /* libDTCoreText.a in Frameworks */ = {isa = PBXBuildFile; fileRef = 22F647591A5D4F06008FF1E9 /* libDTCoreText.a */; };
		22F647851A5D5F3A008FF1E9 /* SVIndefiniteAnimatedView.m in Sources */ = {isa = PBXBuildFile; fileRef = 22F647801A5D5F3A008FF1E9 /* SVIndefiniteAnimatedView.m */; };
		22F647861A5D5F3A008FF1E9 /* SVProgressHUD.bundle in Resources */ = {isa = PBXBuildFile; fileRef = 22F647821A5D5F3A008FF1E9 /* SVProgressHUD.bundle */; };
		22F647871A5D5F3A008FF1E9 /* SVProgressHUD.m in Sources */ = {isa = PBXBuildFile; fileRef = 22F647841A5D5F3A008FF1E9 /* SVProgressHUD.m */; };
		22F6478E1A5D69D5008FF1E9 /* dsym_upload.sh in Resources */ = {isa = PBXBuildFile; fileRef = 22F6478C1A5D69D5008FF1E9 /* dsym_upload.sh */; };
		22F6478F1A5D69D5008FF1E9 /* libCrittercism_v5_0_7.a in Frameworks */ = {isa = PBXBuildFile; fileRef = 22F6478D1A5D69D5008FF1E9 /* libCrittercism_v5_0_7.a */; };
		22F647951A5D7219008FF1E9 /* NJKWebViewProgress.m in Sources */ = {isa = PBXBuildFile; fileRef = 22F647921A5D7219008FF1E9 /* NJKWebViewProgress.m */; };
		22F647961A5D7219008FF1E9 /* NJKWebViewProgressView.m in Sources */ = {isa = PBXBuildFile; fileRef = 22F647941A5D7219008FF1E9 /* NJKWebViewProgressView.m */; };
/* End PBXBuildFile section */

/* Begin PBXContainerItemProxy section */
		22F647541A5D4F06008FF1E9 /* PBXContainerItemProxy */ = {
			isa = PBXContainerItemProxy;
			containerPortal = 22F647481A5D4F05008FF1E9 /* DTCoreText.xcodeproj */;
			proxyType = 2;
			remoteGlobalIDString = 1D6058910D05DD3D006BFB54;
			remoteInfo = DemoApp;
		};
		22F647561A5D4F06008FF1E9 /* PBXContainerItemProxy */ = {
			isa = PBXContainerItemProxy;
			containerPortal = 22F647481A5D4F05008FF1E9 /* DTCoreText.xcodeproj */;
			proxyType = 2;
			remoteGlobalIDString = A70F119B14863198009202BF;
			remoteInfo = "Static Framework";
		};
		22F647581A5D4F06008FF1E9 /* PBXContainerItemProxy */ = {
			isa = PBXContainerItemProxy;
			containerPortal = 22F647481A5D4F05008FF1E9 /* DTCoreText.xcodeproj */;
			proxyType = 2;
			remoteGlobalIDString = A70F11DE148632CD009202BF;
			remoteInfo = "Static Library";
		};
		22F6475A1A5D4F06008FF1E9 /* PBXContainerItemProxy */ = {
			isa = PBXContainerItemProxy;
			containerPortal = 22F647481A5D4F05008FF1E9 /* DTCoreText.xcodeproj */;
			proxyType = 2;
			remoteGlobalIDString = A788CA681486456100E1AFD9;
			remoteInfo = UnitTest;
		};
		22F6475C1A5D4F06008FF1E9 /* PBXContainerItemProxy */ = {
			isa = PBXContainerItemProxy;
			containerPortal = 22F647481A5D4F05008FF1E9 /* DTCoreText.xcodeproj */;
			proxyType = 2;
			remoteGlobalIDString = A78D9F781965B7DD00C80986;
			remoteInfo = MacUnitTest;
		};
		22F6475E1A5D4F06008FF1E9 /* PBXContainerItemProxy */ = {
			isa = PBXContainerItemProxy;
			containerPortal = 22F647481A5D4F05008FF1E9 /* DTCoreText.xcodeproj */;
			proxyType = 2;
			remoteGlobalIDString = A7F7EFCD1573603100F5A4D0;
			remoteInfo = "Static Library (no DTFoundation)";
		};
		22F647601A5D4F06008FF1E9 /* PBXContainerItemProxy */ = {
			isa = PBXContainerItemProxy;
			containerPortal = 22F647481A5D4F05008FF1E9 /* DTCoreText.xcodeproj */;
			proxyType = 2;
			remoteGlobalIDString = E2262DC61638331500BFDAD7;
			remoteInfo = "Mac Framework";
		};
/* End PBXContainerItemProxy section */

/* Begin PBXFileReference section */
		2213A7C217AE361C007693B0 /* iTunesArtwork.png */ = {isa = PBXFileReference; lastKnownFileType = image.png; path = iTunesArtwork.png; sourceTree = "<group>"; };
		2213A7C317AE361C007693B0 /* iTunesArtwork@2x.png */ = {isa = PBXFileReference; lastKnownFileType = image.png; path = "iTunesArtwork@2x.png"; sourceTree = "<group>"; };
		2221A347178C556B0004EDD2 /* SSTAAboutViewController.h */ = {isa = PBXFileReference; fileEncoding = 4; lastKnownFileType = sourcecode.c.h; path = SSTAAboutViewController.h; sourceTree = "<group>"; };
		2221A348178C556B0004EDD2 /* SSTAAboutViewController.m */ = {isa = PBXFileReference; fileEncoding = 4; lastKnownFileType = sourcecode.c.objc; path = SSTAAboutViewController.m; sourceTree = "<group>"; };
		222840E117E08251002B39AE /* Images.xcassets */ = {isa = PBXFileReference; lastKnownFileType = folder.assetcatalog; name = Images.xcassets; path = Announcer/Images.xcassets; sourceTree = "<group>"; };
		2236486D185EC67300FE9FBB /* Settings.bundle */ = {isa = PBXFileReference; lastKnownFileType = "wrapper.plug-in"; path = Settings.bundle; sourceTree = "<group>"; };
		2248BCA1178431DE0043BE83 /* libsqlite3.dylib */ = {isa = PBXFileReference; lastKnownFileType = "compiled.mach-o.dylib"; name = libsqlite3.dylib; path = usr/lib/libsqlite3.dylib; sourceTree = SDKROOT; };
		2248BCA3178431EE0043BE83 /* CoreTelephony.framework */ = {isa = PBXFileReference; lastKnownFileType = wrapper.framework; name = CoreTelephony.framework; path = System/Library/Frameworks/CoreTelephony.framework; sourceTree = SDKROOT; };
		2248BE1C1784346F0043BE83 /* AudioToolbox.framework */ = {isa = PBXFileReference; lastKnownFileType = wrapper.framework; name = AudioToolbox.framework; path = System/Library/Frameworks/AudioToolbox.framework; sourceTree = SDKROOT; };
		2249619717E402DB003A0093 /* libxml2.dylib */ = {isa = PBXFileReference; lastKnownFileType = "compiled.mach-o.dylib"; name = libxml2.dylib; path = usr/lib/libxml2.dylib; sourceTree = SDKROOT; };
		2249619917E402E7003A0093 /* ImageIO.framework */ = {isa = PBXFileReference; lastKnownFileType = wrapper.framework; name = ImageIO.framework; path = System/Library/Frameworks/ImageIO.framework; sourceTree = SDKROOT; };
		2249619B17E402F2003A0093 /* CoreText.framework */ = {isa = PBXFileReference; lastKnownFileType = wrapper.framework; name = CoreText.framework; path = System/Library/Frameworks/CoreText.framework; sourceTree = SDKROOT; };
		2249619D17E40383003A0093 /* SIMUXCRParser.h */ = {isa = PBXFileReference; fileEncoding = 4; lastKnownFileType = sourcecode.c.h; path = SIMUXCRParser.h; sourceTree = "<group>"; };
		2249619E17E40383003A0093 /* SIMUXCRParser.m */ = {isa = PBXFileReference; fileEncoding = 4; lastKnownFileType = sourcecode.c.objc; path = SIMUXCRParser.m; sourceTree = "<group>"; };
		224AB8101874162000D36BD0 /* LICENSE */ = {isa = PBXFileReference; lastKnownFileType = text; path = LICENSE; sourceTree = "<group>"; };
		22592D0E1754E311008D88D7 /* bg.jpg */ = {isa = PBXFileReference; lastKnownFileType = image.jpeg; path = bg.jpg; sourceTree = "<group>"; };
		22592D131754E501008D88D7 /* SSTATopicsViewController.h */ = {isa = PBXFileReference; fileEncoding = 4; lastKnownFileType = sourcecode.c.h; path = SSTATopicsViewController.h; sourceTree = "<group>"; };
		22592D141754E501008D88D7 /* SSTATopicsViewController.m */ = {isa = PBXFileReference; fileEncoding = 4; lastKnownFileType = sourcecode.c.objc; path = SSTATopicsViewController.m; sourceTree = "<group>"; };
		22601A1A19DD9F0F005FF82D /* InAppBrowserViewController.h */ = {isa = PBXFileReference; fileEncoding = 4; lastKnownFileType = sourcecode.c.h; path = InAppBrowserViewController.h; sourceTree = "<group>"; };
		22601A1B19DD9F0F005FF82D /* InAppBrowserViewController.m */ = {isa = PBXFileReference; fileEncoding = 4; lastKnownFileType = sourcecode.c.objc; path = InAppBrowserViewController.m; sourceTree = "<group>"; };
		226166941789A3D2000BFE36 /* MapKit.framework */ = {isa = PBXFileReference; lastKnownFileType = wrapper.framework; name = MapKit.framework; path = System/Library/Frameworks/MapKit.framework; sourceTree = SDKROOT; };
		226166961789A3E5000BFE36 /* MessageUI.framework */ = {isa = PBXFileReference; lastKnownFileType = wrapper.framework; name = MessageUI.framework; path = System/Library/Frameworks/MessageUI.framework; sourceTree = SDKROOT; };
		226166981789A811000BFE36 /* RefreshControl.h */ = {isa = PBXFileReference; fileEncoding = 4; lastKnownFileType = sourcecode.c.h; path = RefreshControl.h; sourceTree = "<group>"; };
		226166991789A811000BFE36 /* RefreshControl.m */ = {isa = PBXFileReference; fileEncoding = 4; lastKnownFileType = sourcecode.c.objc; path = RefreshControl.m; sourceTree = "<group>"; };
		226A70E617BF543100AF02E3 /* tabBarPic.png */ = {isa = PBXFileReference; lastKnownFileType = image.png; path = tabBarPic.png; sourceTree = "<group>"; };
		2297CC2F17AFDC5B00F51E23 /* cs */ = {isa = PBXFileReference; lastKnownFileType = text.plist.strings; name = cs; path = cs.lproj/TUSafariActivity.strings; sourceTree = "<group>"; };
		2297CC3017AFDC5B00F51E23 /* de */ = {isa = PBXFileReference; lastKnownFileType = text.plist.strings; name = de; path = de.lproj/TUSafariActivity.strings; sourceTree = "<group>"; };
		2297CC3117AFDC5B00F51E23 /* en */ = {isa = PBXFileReference; lastKnownFileType = text.plist.strings; name = en; path = en.lproj/TUSafariActivity.strings; sourceTree = "<group>"; };
		2297CC3217AFDC5B00F51E23 /* es */ = {isa = PBXFileReference; lastKnownFileType = text.plist.strings; name = es; path = es.lproj/TUSafariActivity.strings; sourceTree = "<group>"; };
		2297CC3317AFDC5B00F51E23 /* eu */ = {isa = PBXFileReference; lastKnownFileType = text.plist.strings; name = eu; path = eu.lproj/TUSafariActivity.strings; sourceTree = "<group>"; };
		2297CC3417AFDC5B00F51E23 /* fi */ = {isa = PBXFileReference; lastKnownFileType = text.plist.strings; name = fi; path = fi.lproj/TUSafariActivity.strings; sourceTree = "<group>"; };
		2297CC3517AFDC5B00F51E23 /* fr */ = {isa = PBXFileReference; lastKnownFileType = text.plist.strings; name = fr; path = fr.lproj/TUSafariActivity.strings; sourceTree = "<group>"; };
		2297CC3617AFDC5B00F51E23 /* it */ = {isa = PBXFileReference; lastKnownFileType = text.plist.strings; name = it; path = it.lproj/TUSafariActivity.strings; sourceTree = "<group>"; };
		2297CC3717AFDC5B00F51E23 /* ja */ = {isa = PBXFileReference; lastKnownFileType = text.plist.strings; name = ja; path = ja.lproj/TUSafariActivity.strings; sourceTree = "<group>"; };
		2297CC3817AFDC5B00F51E23 /* ko */ = {isa = PBXFileReference; lastKnownFileType = text.plist.strings; name = ko; path = ko.lproj/TUSafariActivity.strings; sourceTree = "<group>"; };
		2297CC3917AFDC5B00F51E23 /* nl */ = {isa = PBXFileReference; lastKnownFileType = text.plist.strings; name = nl; path = nl.lproj/TUSafariActivity.strings; sourceTree = "<group>"; };
		2297CC3A17AFDC5B00F51E23 /* no */ = {isa = PBXFileReference; lastKnownFileType = text.plist.strings; name = no; path = no.lproj/TUSafariActivity.strings; sourceTree = "<group>"; };
		2297CC3B17AFDC5B00F51E23 /* pl */ = {isa = PBXFileReference; lastKnownFileType = text.plist.strings; name = pl; path = pl.lproj/TUSafariActivity.strings; sourceTree = "<group>"; };
		2297CC3C17AFDC5B00F51E23 /* pt */ = {isa = PBXFileReference; lastKnownFileType = text.plist.strings; name = pt; path = pt.lproj/TUSafariActivity.strings; sourceTree = "<group>"; };
		2297CC3D17AFDC5B00F51E23 /* ru */ = {isa = PBXFileReference; lastKnownFileType = text.plist.strings; name = ru; path = ru.lproj/TUSafariActivity.strings; sourceTree = "<group>"; };
		2297CC3E17AFDC5B00F51E23 /* Safari.png */ = {isa = PBXFileReference; lastKnownFileType = image.png; path = Safari.png; sourceTree = "<group>"; };
		2297CC3F17AFDC5B00F51E23 /* Safari@2x.png */ = {isa = PBXFileReference; lastKnownFileType = image.png; path = "Safari@2x.png"; sourceTree = "<group>"; };
		2297CC4017AFDC5B00F51E23 /* Safari@2x~ipad.png */ = {isa = PBXFileReference; lastKnownFileType = image.png; path = "Safari@2x~ipad.png"; sourceTree = "<group>"; };
		2297CC4117AFDC5B00F51E23 /* Safari~ipad.png */ = {isa = PBXFileReference; lastKnownFileType = image.png; path = "Safari~ipad.png"; sourceTree = "<group>"; };
		2297CC4217AFDC5B00F51E23 /* sk */ = {isa = PBXFileReference; lastKnownFileType = text.plist.strings; name = sk; path = sk.lproj/TUSafariActivity.strings; sourceTree = "<group>"; };
		2297CC4317AFDC5B00F51E23 /* sv */ = {isa = PBXFileReference; lastKnownFileType = text.plist.strings; name = sv; path = sv.lproj/TUSafariActivity.strings; sourceTree = "<group>"; };
		2297CC4417AFDC5B00F51E23 /* TUSafariActivity.h */ = {isa = PBXFileReference; fileEncoding = 4; lastKnownFileType = sourcecode.c.h; path = TUSafariActivity.h; sourceTree = "<group>"; };
		2297CC4517AFDC5B00F51E23 /* TUSafariActivity.m */ = {isa = PBXFileReference; fileEncoding = 4; lastKnownFileType = sourcecode.c.objc; path = TUSafariActivity.m; sourceTree = "<group>"; };
		2297CC4617AFDC5B00F51E23 /* vi */ = {isa = PBXFileReference; lastKnownFileType = text.plist.strings; name = vi; path = vi.lproj/TUSafariActivity.strings; sourceTree = "<group>"; };
		2297CC4717AFDC5B00F51E23 /* zh_CN */ = {isa = PBXFileReference; lastKnownFileType = text.plist.strings; name = zh_CN; path = zh_CN.lproj/TUSafariActivity.strings; sourceTree = "<group>"; };
		2298332C181540D000E36EE3 /* DetailViewController.h */ = {isa = PBXFileReference; fileEncoding = 4; lastKnownFileType = sourcecode.c.h; path = DetailViewController.h; sourceTree = "<group>"; };
		2298332D181540D000E36EE3 /* DetailViewController.m */ = {isa = PBXFileReference; fileEncoding = 4; lastKnownFileType = sourcecode.c.objc; path = DetailViewController.m; sourceTree = "<group>"; };
		22A9A132188989E4001A9A84 /* Accelerate.framework */ = {isa = PBXFileReference; lastKnownFileType = wrapper.framework; name = Accelerate.framework; path = System/Library/Frameworks/Accelerate.framework; sourceTree = SDKROOT; };
		22C2915217ABDB6600CC6CB3 /* SSTINC.png */ = {isa = PBXFileReference; lastKnownFileType = image.png; path = SSTINC.png; sourceTree = "<group>"; };
		22C9141719CB07D7005E65AE /* libz.dylib */ = {isa = PBXFileReference; lastKnownFileType = "compiled.mach-o.dylib"; name = libz.dylib; path = usr/lib/libz.dylib; sourceTree = SDKROOT; };
		22CFA0A119EB9DA60002071D /* MainStoryboard-568h.storyboard */ = {isa = PBXFileReference; fileEncoding = 4; lastKnownFileType = file.storyboard; path = "MainStoryboard-568h.storyboard"; sourceTree = "<group>"; };
		22CFA0A219EB9DA60002071D /* MainStoryboard.storyboard */ = {isa = PBXFileReference; fileEncoding = 4; lastKnownFileType = file.storyboard; path = MainStoryboard.storyboard; sourceTree = "<group>"; };
		22D9EE54175245C600C0AAC9 /* Announcer.app */ = {isa = PBXFileReference; explicitFileType = wrapper.application; includeInIndex = 0; path = Announcer.app; sourceTree = BUILT_PRODUCTS_DIR; };
		22D9EE57175245C600C0AAC9 /* UIKit.framework */ = {isa = PBXFileReference; lastKnownFileType = wrapper.framework; name = UIKit.framework; path = System/Library/Frameworks/UIKit.framework; sourceTree = SDKROOT; };
		22D9EE59175245C600C0AAC9 /* Foundation.framework */ = {isa = PBXFileReference; lastKnownFileType = wrapper.framework; name = Foundation.framework; path = System/Library/Frameworks/Foundation.framework; sourceTree = SDKROOT; };
		22D9EE5B175245C600C0AAC9 /* CoreGraphics.framework */ = {isa = PBXFileReference; lastKnownFileType = wrapper.framework; name = CoreGraphics.framework; path = System/Library/Frameworks/CoreGraphics.framework; sourceTree = SDKROOT; };
		22D9EE5F175245C600C0AAC9 /* SST Announcer-Info.plist */ = {isa = PBXFileReference; lastKnownFileType = text.plist.xml; path = "SST Announcer-Info.plist"; sourceTree = "<group>"; };
		22D9EE61175245C600C0AAC9 /* en */ = {isa = PBXFileReference; lastKnownFileType = text.plist.strings; name = en; path = en.lproj/InfoPlist.strings; sourceTree = "<group>"; };
		22D9EE63175245C600C0AAC9 /* main.m */ = {isa = PBXFileReference; lastKnownFileType = sourcecode.c.objc; path = main.m; sourceTree = "<group>"; };
		22D9EE65175245C600C0AAC9 /* SST Announcer-Prefix.pch */ = {isa = PBXFileReference; lastKnownFileType = sourcecode.c.h; path = "SST Announcer-Prefix.pch"; sourceTree = "<group>"; };
		22D9EE66175245C600C0AAC9 /* SSTAnnounceAppDelegate.h */ = {isa = PBXFileReference; lastKnownFileType = sourcecode.c.h; path = SSTAnnounceAppDelegate.h; sourceTree = "<group>"; };
		22D9EE67175245C600C0AAC9 /* SSTAnnounceAppDelegate.m */ = {isa = PBXFileReference; lastKnownFileType = sourcecode.c.objc; path = SSTAnnounceAppDelegate.m; sourceTree = "<group>"; };
		22D9EE801752477A00C0AAC9 /* SSTAMasterViewController.h */ = {isa = PBXFileReference; fileEncoding = 4; lastKnownFileType = sourcecode.c.h; path = SSTAMasterViewController.h; sourceTree = "<group>"; };
		22D9EE811752477A00C0AAC9 /* SSTAMasterViewController.m */ = {isa = PBXFileReference; fileEncoding = 4; lastKnownFileType = sourcecode.c.objc; path = SSTAMasterViewController.m; sourceTree = "<group>"; };
		22D9EEA9175251F600C0AAC9 /* CFNetwork.framework */ = {isa = PBXFileReference; lastKnownFileType = wrapper.framework; name = CFNetwork.framework; path = System/Library/Frameworks/CFNetwork.framework; sourceTree = SDKROOT; };
		22D9EEAB175251FF00C0AAC9 /* SystemConfiguration.framework */ = {isa = PBXFileReference; lastKnownFileType = wrapper.framework; name = SystemConfiguration.framework; path = System/Library/Frameworks/SystemConfiguration.framework; sourceTree = SDKROOT; };
		22D9EEAD1752520800C0AAC9 /* MobileCoreServices.framework */ = {isa = PBXFileReference; lastKnownFileType = wrapper.framework; name = MobileCoreServices.framework; path = System/Library/Frameworks/MobileCoreServices.framework; sourceTree = SDKROOT; };
		22D9EED817525DF000C0AAC9 /* README.md */ = {isa = PBXFileReference; lastKnownFileType = text; path = README.md; sourceTree = "<group>"; };
		22D9EEE51753106000C0AAC9 /* QuartzCore.framework */ = {isa = PBXFileReference; lastKnownFileType = wrapper.framework; name = QuartzCore.framework; path = System/Library/Frameworks/QuartzCore.framework; sourceTree = SDKROOT; };
		22D9EEEF1753427700C0AAC9 /* WebViewController.h */ = {isa = PBXFileReference; fileEncoding = 4; lastKnownFileType = sourcecode.c.h; path = WebViewController.h; sourceTree = "<group>"; };
		22D9EEF01753427700C0AAC9 /* WebViewController.m */ = {isa = PBXFileReference; fileEncoding = 4; lastKnownFileType = sourcecode.c.objc; path = WebViewController.m; sourceTree = "<group>"; };
		22EBAACE1781D049000C6D11 /* CoreLocation.framework */ = {isa = PBXFileReference; lastKnownFileType = wrapper.framework; name = CoreLocation.framework; path = System/Library/Frameworks/CoreLocation.framework; sourceTree = SDKROOT; };
		22EBAAD01781D06B000C6D11 /* Security.framework */ = {isa = PBXFileReference; lastKnownFileType = wrapper.framework; name = Security.framework; path = System/Library/Frameworks/Security.framework; sourceTree = SDKROOT; };
		22EEBB5718C9F2020037F884 /* MainStoryboard~iPad.storyboard */ = {isa = PBXFileReference; fileEncoding = 4; lastKnownFileType = file.storyboard; path = "MainStoryboard~iPad.storyboard"; sourceTree = "<group>"; };
		22F647481A5D4F05008FF1E9 /* DTCoreText.xcodeproj */ = {isa = PBXFileReference; lastKnownFileType = "wrapper.pb-project"; name = DTCoreText.xcodeproj; path = Externals/DTCoreText/DTCoreText.xcodeproj; sourceTree = "<group>"; };
		22F6477F1A5D5F3A008FF1E9 /* SVIndefiniteAnimatedView.h */ = {isa = PBXFileReference; fileEncoding = 4; lastKnownFileType = sourcecode.c.h; path = SVIndefiniteAnimatedView.h; sourceTree = "<group>"; };
		22F647801A5D5F3A008FF1E9 /* SVIndefiniteAnimatedView.m */ = {isa = PBXFileReference; fileEncoding = 4; lastKnownFileType = sourcecode.c.objc; path = SVIndefiniteAnimatedView.m; sourceTree = "<group>"; };
		22F647811A5D5F3A008FF1E9 /* SVProgressHUD-Prefix.pch */ = {isa = PBXFileReference; fileEncoding = 4; lastKnownFileType = sourcecode.c.h; path = "SVProgressHUD-Prefix.pch"; sourceTree = "<group>"; };
		22F647821A5D5F3A008FF1E9 /* SVProgressHUD.bundle */ = {isa = PBXFileReference; lastKnownFileType = "wrapper.plug-in"; path = SVProgressHUD.bundle; sourceTree = "<group>"; };
		22F647831A5D5F3A008FF1E9 /* SVProgressHUD.h */ = {isa = PBXFileReference; fileEncoding = 4; lastKnownFileType = sourcecode.c.h; path = SVProgressHUD.h; sourceTree = "<group>"; };
		22F647841A5D5F3A008FF1E9 /* SVProgressHUD.m */ = {isa = PBXFileReference; fileEncoding = 4; lastKnownFileType = sourcecode.c.objc; path = SVProgressHUD.m; sourceTree = "<group>"; };
		22F647891A5D69D5008FF1E9 /* CRFilter.h */ = {isa = PBXFileReference; fileEncoding = 4; lastKnownFileType = sourcecode.c.h; path = CRFilter.h; sourceTree = "<group>"; };
		22F6478A1A5D69D5008FF1E9 /* Crittercism.h */ = {isa = PBXFileReference; fileEncoding = 4; lastKnownFileType = sourcecode.c.h; path = Crittercism.h; sourceTree = "<group>"; };
		22F6478B1A5D69D5008FF1E9 /* CrittercismDelegate.h */ = {isa = PBXFileReference; fileEncoding = 4; lastKnownFileType = sourcecode.c.h; path = CrittercismDelegate.h; sourceTree = "<group>"; };
		22F6478C1A5D69D5008FF1E9 /* dsym_upload.sh */ = {isa = PBXFileReference; fileEncoding = 4; lastKnownFileType = text.script.sh; path = dsym_upload.sh; sourceTree = "<group>"; };
		22F6478D1A5D69D5008FF1E9 /* libCrittercism_v5_0_7.a */ = {isa = PBXFileReference; lastKnownFileType = archive.ar; path = libCrittercism_v5_0_7.a; sourceTree = "<group>"; };
		22F647911A5D7219008FF1E9 /* NJKWebViewProgress.h */ = {isa = PBXFileReference; fileEncoding = 4; lastKnownFileType = sourcecode.c.h; path = NJKWebViewProgress.h; sourceTree = "<group>"; };
		22F647921A5D7219008FF1E9 /* NJKWebViewProgress.m */ = {isa = PBXFileReference; fileEncoding = 4; lastKnownFileType = sourcecode.c.objc; path = NJKWebViewProgress.m; sourceTree = "<group>"; };
		22F647931A5D7219008FF1E9 /* NJKWebViewProgressView.h */ = {isa = PBXFileReference; fileEncoding = 4; lastKnownFileType = sourcecode.c.h; path = NJKWebViewProgressView.h; sourceTree = "<group>"; };
		22F647941A5D7219008FF1E9 /* NJKWebViewProgressView.m */ = {isa = PBXFileReference; fileEncoding = 4; lastKnownFileType = sourcecode.c.objc; path = NJKWebViewProgressView.m; sourceTree = "<group>"; };
/* End PBXFileReference section */

/* Begin PBXFrameworksBuildPhase section */
		22D9EE51175245C600C0AAC9 /* Frameworks */ = {
			isa = PBXFrameworksBuildPhase;
			buildActionMask = 2147483647;
			files = (
				22F647621A5D4F19008FF1E9 /* libDTCoreText.a in Frameworks */,
				22C9141819CB07D7005E65AE /* libz.dylib in Frameworks */,
				2249619C17E402F2003A0093 /* CoreText.framework in Frameworks */,
				2249619A17E402E7003A0093 /* ImageIO.framework in Frameworks */,
				2249619817E402DB003A0093 /* libxml2.dylib in Frameworks */,
				226166971789A3E5000BFE36 /* MessageUI.framework in Frameworks */,
				226166951789A3D2000BFE36 /* MapKit.framework in Frameworks */,
				2248BE1D1784346F0043BE83 /* AudioToolbox.framework in Frameworks */,
				2248BCA4178431EE0043BE83 /* CoreTelephony.framework in Frameworks */,
				22F6478F1A5D69D5008FF1E9 /* libCrittercism_v5_0_7.a in Frameworks */,
				2248BCA2178431DE0043BE83 /* libsqlite3.dylib in Frameworks */,
				22D9EEAC175251FF00C0AAC9 /* SystemConfiguration.framework in Frameworks */,
				22EBAAD11781D06B000C6D11 /* Security.framework in Frameworks */,
				22D9EEAE1752520800C0AAC9 /* MobileCoreServices.framework in Frameworks */,
				22EBAACF1781D04A000C6D11 /* CoreLocation.framework in Frameworks */,
				22D9EEE61753106000C0AAC9 /* QuartzCore.framework in Frameworks */,
				22D9EEAA175251F600C0AAC9 /* CFNetwork.framework in Frameworks */,
				22D9EE58175245C600C0AAC9 /* UIKit.framework in Frameworks */,
				22D9EE5A175245C600C0AAC9 /* Foundation.framework in Frameworks */,
				22D9EE5C175245C600C0AAC9 /* CoreGraphics.framework in Frameworks */,
			);
			runOnlyForDeploymentPostprocessing = 0;
		};
/* End PBXFrameworksBuildPhase section */

/* Begin PBXGroup section */
		2297CC2D17AFDC5B00F51E23 /* TUSafariActivity */ = {
			isa = PBXGroup;
			children = (
				2297CC2E17AFDC5B00F51E23 /* TUSafariActivity.strings */,
				2297CC3E17AFDC5B00F51E23 /* Safari.png */,
				2297CC3F17AFDC5B00F51E23 /* Safari@2x.png */,
				2297CC4017AFDC5B00F51E23 /* Safari@2x~ipad.png */,
				2297CC4117AFDC5B00F51E23 /* Safari~ipad.png */,
				2297CC4417AFDC5B00F51E23 /* TUSafariActivity.h */,
				2297CC4517AFDC5B00F51E23 /* TUSafariActivity.m */,
			);
			path = TUSafariActivity;
			sourceTree = "<group>";
		};
		22D9EE4B175245C600C0AAC9 = {
			isa = PBXGroup;
			children = (
				224AB8101874162000D36BD0 /* LICENSE */,
				22DC12D418727E1E0021A0E4 /* Externals */,
				222840E117E08251002B39AE /* Images.xcassets */,
				226166961789A3E5000BFE36 /* MessageUI.framework */,
				226166941789A3D2000BFE36 /* MapKit.framework */,
				2248BE1C1784346F0043BE83 /* AudioToolbox.framework */,
				2248BCA3178431EE0043BE83 /* CoreTelephony.framework */,
				2248BCA1178431DE0043BE83 /* libsqlite3.dylib */,
				22EBAAD01781D06B000C6D11 /* Security.framework */,
				22EBAACE1781D049000C6D11 /* CoreLocation.framework */,
				22D9EEE51753106000C0AAC9 /* QuartzCore.framework */,
				22D9EED817525DF000C0AAC9 /* README.md */,
				22D9EEAD1752520800C0AAC9 /* MobileCoreServices.framework */,
				22D9EEAB175251FF00C0AAC9 /* SystemConfiguration.framework */,
				22D9EEA9175251F600C0AAC9 /* CFNetwork.framework */,
				22D9EE5D175245C600C0AAC9 /* SST Announcements */,
				22D9EE56175245C600C0AAC9 /* Frameworks */,
				22D9EE55175245C600C0AAC9 /* Products */,
			);
			sourceTree = "<group>";
		};
		22D9EE55175245C600C0AAC9 /* Products */ = {
			isa = PBXGroup;
			children = (
				22D9EE54175245C600C0AAC9 /* Announcer.app */,
			);
			name = Products;
			sourceTree = "<group>";
		};
		22D9EE56175245C600C0AAC9 /* Frameworks */ = {
			isa = PBXGroup;
			children = (
				22C9141719CB07D7005E65AE /* libz.dylib */,
				22A9A132188989E4001A9A84 /* Accelerate.framework */,
				2249619B17E402F2003A0093 /* CoreText.framework */,
				2249619917E402E7003A0093 /* ImageIO.framework */,
				2249619717E402DB003A0093 /* libxml2.dylib */,
				22D9EE57175245C600C0AAC9 /* UIKit.framework */,
				22D9EE59175245C600C0AAC9 /* Foundation.framework */,
				22D9EE5B175245C600C0AAC9 /* CoreGraphics.framework */,
			);
			name = Frameworks;
			sourceTree = "<group>";
		};
		22D9EE5D175245C600C0AAC9 /* SST Announcements */ = {
			isa = PBXGroup;
			children = (
				2297CC2D17AFDC5B00F51E23 /* TUSafariActivity */,
				22D9EE66175245C600C0AAC9 /* SSTAnnounceAppDelegate.h */,
				22D9EE67175245C600C0AAC9 /* SSTAnnounceAppDelegate.m */,
				22592D131754E501008D88D7 /* SSTATopicsViewController.h */,
				22592D141754E501008D88D7 /* SSTATopicsViewController.m */,
				22CFA0A119EB9DA60002071D /* MainStoryboard-568h.storyboard */,
				22CFA0A219EB9DA60002071D /* MainStoryboard.storyboard */,
				22EEBB5718C9F2020037F884 /* MainStoryboard~iPad.storyboard */,
				2298332C181540D000E36EE3 /* DetailViewController.h */,
				2298332D181540D000E36EE3 /* DetailViewController.m */,
				2221A347178C556B0004EDD2 /* SSTAAboutViewController.h */,
				2221A348178C556B0004EDD2 /* SSTAAboutViewController.m */,
				22D9EE801752477A00C0AAC9 /* SSTAMasterViewController.h */,
				22D9EE811752477A00C0AAC9 /* SSTAMasterViewController.m */,
				226166981789A811000BFE36 /* RefreshControl.h */,
				226166991789A811000BFE36 /* RefreshControl.m */,
				22D9EEEF1753427700C0AAC9 /* WebViewController.h */,
				22D9EEF01753427700C0AAC9 /* WebViewController.m */,
				22601A1A19DD9F0F005FF82D /* InAppBrowserViewController.h */,
				22601A1B19DD9F0F005FF82D /* InAppBrowserViewController.m */,
				2249619D17E40383003A0093 /* SIMUXCRParser.h */,
				2249619E17E40383003A0093 /* SIMUXCRParser.m */,
				22D9EE5E175245C600C0AAC9 /* Supporting Files */,
			);
			path = "SST Announcements";
			sourceTree = "<group>";
		};
		22D9EE5E175245C600C0AAC9 /* Supporting Files */ = {
			isa = PBXGroup;
			children = (
				2236486D185EC67300FE9FBB /* Settings.bundle */,
				2213A7C217AE361C007693B0 /* iTunesArtwork.png */,
				2213A7C317AE361C007693B0 /* iTunesArtwork@2x.png */,
				22C2915217ABDB6600CC6CB3 /* SSTINC.png */,
				226A70E617BF543100AF02E3 /* tabBarPic.png */,
				22592D0E1754E311008D88D7 /* bg.jpg */,
				22D9EE5F175245C600C0AAC9 /* SST Announcer-Info.plist */,
				22D9EE60175245C600C0AAC9 /* InfoPlist.strings */,
				22D9EE63175245C600C0AAC9 /* main.m */,
				22D9EE65175245C600C0AAC9 /* SST Announcer-Prefix.pch */,
			);
			name = "Supporting Files";
			sourceTree = "<group>";
		};
		22DC12D418727E1E0021A0E4 /* Externals */ = {
			isa = PBXGroup;
			children = (
				22F647901A5D7218008FF1E9 /* NJKWebViewProgress */,
				22F647881A5D69D5008FF1E9 /* CrittercismSDK */,
				22F6477E1A5D5F3A008FF1E9 /* SVProgressHUD */,
				22F647481A5D4F05008FF1E9 /* DTCoreText.xcodeproj */,
			);
			name = Externals;
			sourceTree = "<group>";
		};
		22F647491A5D4F05008FF1E9 /* Products */ = {
			isa = PBXGroup;
			children = (
				22F647551A5D4F06008FF1E9 /* RTDemoApp.app */,
				22F647571A5D4F06008FF1E9 /* DTCoreText.framework */,
				22F647591A5D4F06008FF1E9 /* libDTCoreText.a */,
				22F6475B1A5D4F06008FF1E9 /* UnitTest.xctest */,
				22F6475D1A5D4F06008FF1E9 /* MacUnitTest.xctest */,
				22F6475F1A5D4F06008FF1E9 /* libDTCoreText_no_DTFoundation.a */,
				22F647611A5D4F06008FF1E9 /* DTCoreText.framework */,
			);
			name = Products;
			sourceTree = "<group>";
		};
		22F6477E1A5D5F3A008FF1E9 /* SVProgressHUD */ = {
			isa = PBXGroup;
			children = (
				22F6477F1A5D5F3A008FF1E9 /* SVIndefiniteAnimatedView.h */,
				22F647801A5D5F3A008FF1E9 /* SVIndefiniteAnimatedView.m */,
				22F647811A5D5F3A008FF1E9 /* SVProgressHUD-Prefix.pch */,
				22F647821A5D5F3A008FF1E9 /* SVProgressHUD.bundle */,
				22F647831A5D5F3A008FF1E9 /* SVProgressHUD.h */,
				22F647841A5D5F3A008FF1E9 /* SVProgressHUD.m */,
			);
			name = SVProgressHUD;
			path = Externals/SVProgressHUD;
			sourceTree = "<group>";
		};
		22F647881A5D69D5008FF1E9 /* CrittercismSDK */ = {
			isa = PBXGroup;
			children = (
				22F647891A5D69D5008FF1E9 /* CRFilter.h */,
				22F6478A1A5D69D5008FF1E9 /* Crittercism.h */,
				22F6478B1A5D69D5008FF1E9 /* CrittercismDelegate.h */,
				22F6478C1A5D69D5008FF1E9 /* dsym_upload.sh */,
				22F6478D1A5D69D5008FF1E9 /* libCrittercism_v5_0_7.a */,
			);
			name = CrittercismSDK;
			path = Externals/CrittercismSDK;
			sourceTree = "<group>";
		};
		22F647901A5D7218008FF1E9 /* NJKWebViewProgress */ = {
			isa = PBXGroup;
			children = (
				22F647911A5D7219008FF1E9 /* NJKWebViewProgress.h */,
				22F647921A5D7219008FF1E9 /* NJKWebViewProgress.m */,
				22F647931A5D7219008FF1E9 /* NJKWebViewProgressView.h */,
				22F647941A5D7219008FF1E9 /* NJKWebViewProgressView.m */,
			);
			name = NJKWebViewProgress;
			path = Externals/NJKWebViewProgress;
			sourceTree = "<group>";
		};
/* End PBXGroup section */

/* Begin PBXNativeTarget section */
		22D9EE53175245C600C0AAC9 /* Announcer */ = {
			isa = PBXNativeTarget;
			buildConfigurationList = 22D9EE7A175245C600C0AAC9 /* Build configuration list for PBXNativeTarget "Announcer" */;
			buildPhases = (
				22D9EE50175245C600C0AAC9 /* Sources */,
				22D9EE51175245C600C0AAC9 /* Frameworks */,
				22D9EE52175245C600C0AAC9 /* Resources */,
				22A97C761915F9A10009F48E /* Upload DSYM */,
				22A97C801915FB460009F48E /* Automatic build number */,
			);
			buildRules = (
			);
			dependencies = (
			);
			name = Announcer;
			productName = "SST Announcements";
			productReference = 22D9EE54175245C600C0AAC9 /* Announcer.app */;
			productType = "com.apple.product-type.application";
		};
/* End PBXNativeTarget section */

/* Begin PBXProject section */
		22D9EE4C175245C600C0AAC9 /* Project object */ = {
			isa = PBXProject;
			attributes = {
				CLASSPREFIX = SSTAnnounce;
				LastUpgradeCheck = 0510;
				ORGANIZATIONNAME = "Pan Ziyue";
				TargetAttributes = {
					22D9EE53175245C600C0AAC9 = {
						DevelopmentTeam = 7K6ZTDFM48;
					};
				};
			};
			buildConfigurationList = 22D9EE4F175245C600C0AAC9 /* Build configuration list for PBXProject "SST Announcer" */;
			compatibilityVersion = "Xcode 3.2";
			developmentRegion = English;
			hasScannedForEncodings = 0;
			knownRegions = (
				en,
				cs,
				de,
				es,
				eu,
				fi,
				fr,
				it,
				ja,
				ko,
				nl,
				no,
				pl,
				pt,
				ru,
				sk,
				sv,
				vi,
				zh_CN,
			);
			mainGroup = 22D9EE4B175245C600C0AAC9;
			productRefGroup = 22D9EE55175245C600C0AAC9 /* Products */;
			projectDirPath = "";
			projectReferences = (
				{
					ProductGroup = 22F647491A5D4F05008FF1E9 /* Products */;
					ProjectRef = 22F647481A5D4F05008FF1E9 /* DTCoreText.xcodeproj */;
				},
			);
			projectRoot = "";
			targets = (
				22D9EE53175245C600C0AAC9 /* Announcer */,
			);
		};
/* End PBXProject section */

/* Begin PBXReferenceProxy section */
		22F647551A5D4F06008FF1E9 /* RTDemoApp.app */ = {
			isa = PBXReferenceProxy;
			fileType = wrapper.application;
			path = RTDemoApp.app;
			remoteRef = 22F647541A5D4F06008FF1E9 /* PBXContainerItemProxy */;
			sourceTree = BUILT_PRODUCTS_DIR;
		};
		22F647571A5D4F06008FF1E9 /* DTCoreText.framework */ = {
			isa = PBXReferenceProxy;
			fileType = wrapper.cfbundle;
			path = DTCoreText.framework;
			remoteRef = 22F647561A5D4F06008FF1E9 /* PBXContainerItemProxy */;
			sourceTree = BUILT_PRODUCTS_DIR;
		};
		22F647591A5D4F06008FF1E9 /* libDTCoreText.a */ = {
			isa = PBXReferenceProxy;
			fileType = archive.ar;
			path = libDTCoreText.a;
			remoteRef = 22F647581A5D4F06008FF1E9 /* PBXContainerItemProxy */;
			sourceTree = BUILT_PRODUCTS_DIR;
		};
		22F6475B1A5D4F06008FF1E9 /* UnitTest.xctest */ = {
			isa = PBXReferenceProxy;
			fileType = wrapper.cfbundle;
			path = UnitTest.xctest;
			remoteRef = 22F6475A1A5D4F06008FF1E9 /* PBXContainerItemProxy */;
			sourceTree = BUILT_PRODUCTS_DIR;
		};
		22F6475D1A5D4F06008FF1E9 /* MacUnitTest.xctest */ = {
			isa = PBXReferenceProxy;
			fileType = wrapper.cfbundle;
			path = MacUnitTest.xctest;
			remoteRef = 22F6475C1A5D4F06008FF1E9 /* PBXContainerItemProxy */;
			sourceTree = BUILT_PRODUCTS_DIR;
		};
		22F6475F1A5D4F06008FF1E9 /* libDTCoreText_no_DTFoundation.a */ = {
			isa = PBXReferenceProxy;
			fileType = archive.ar;
			path = libDTCoreText_no_DTFoundation.a;
			remoteRef = 22F6475E1A5D4F06008FF1E9 /* PBXContainerItemProxy */;
			sourceTree = BUILT_PRODUCTS_DIR;
		};
		22F647611A5D4F06008FF1E9 /* DTCoreText.framework */ = {
			isa = PBXReferenceProxy;
			fileType = wrapper.framework;
			path = DTCoreText.framework;
			remoteRef = 22F647601A5D4F06008FF1E9 /* PBXContainerItemProxy */;
			sourceTree = BUILT_PRODUCTS_DIR;
		};
/* End PBXReferenceProxy section */

/* Begin PBXResourcesBuildPhase section */
		22D9EE52175245C600C0AAC9 /* Resources */ = {
			isa = PBXResourcesBuildPhase;
			buildActionMask = 2147483647;
			files = (
				22F6478E1A5D69D5008FF1E9 /* dsym_upload.sh in Resources */,
				22D9EE62175245C600C0AAC9 /* InfoPlist.strings in Resources */,
				22F647861A5D5F3A008FF1E9 /* SVProgressHUD.bundle in Resources */,
				22592D0F1754E311008D88D7 /* bg.jpg in Resources */,
				222840E217E08251002B39AE /* Images.xcassets in Resources */,
				22CFA0A319EB9DA60002071D /* MainStoryboard-568h.storyboard in Resources */,
				22C2915317ABDB6600CC6CB3 /* SSTINC.png in Resources */,
				22CFA0A419EB9DA60002071D /* MainStoryboard.storyboard in Resources */,
				2213A7C417AE361C007693B0 /* iTunesArtwork.png in Resources */,
				2213A7C517AE361C007693B0 /* iTunesArtwork@2x.png in Resources */,
				22EEBB5818C9F2020037F884 /* MainStoryboard~iPad.storyboard in Resources */,
				2297CC4817AFDC5B00F51E23 /* TUSafariActivity.strings in Resources */,
				2297CC4917AFDC5B00F51E23 /* Safari.png in Resources */,
				2297CC4A17AFDC5B00F51E23 /* Safari@2x.png in Resources */,
				2236486E185EC67300FE9FBB /* Settings.bundle in Resources */,
				2297CC4B17AFDC5B00F51E23 /* Safari@2x~ipad.png in Resources */,
				2297CC4C17AFDC5B00F51E23 /* Safari~ipad.png in Resources */,
				226A70E717BF543100AF02E3 /* tabBarPic.png in Resources */,
			);
			runOnlyForDeploymentPostprocessing = 0;
		};
/* End PBXResourcesBuildPhase section */

/* Begin PBXShellScriptBuildPhase section */
		22A97C761915F9A10009F48E /* Upload DSYM */ = {
			isa = PBXShellScriptBuildPhase;
			buildActionMask = 2147483647;
			files = (
			);
			inputPaths = (
			);
			name = "Upload DSYM";
			outputPaths = (
			);
			runOnlyForDeploymentPostprocessing = 0;
			shellPath = /bin/sh;
			shellScript = "APP_ID=\"52c184d68b2e3313c5000004\"\nAPI_KEY=\"ykjbbacydoudsfrnkvehtq34qvz9wxie\"\nsource ${PROJECT_DIR}/Externals/CrittercismSDK/dsym_upload.sh";
		};
		22A97C801915FB460009F48E /* Automatic build number */ = {
			isa = PBXShellScriptBuildPhase;
			buildActionMask = 12;
			files = (
			);
			inputPaths = (
			);
			name = "Automatic build number";
			outputPaths = (
			);
			runOnlyForDeploymentPostprocessing = 0;
			shellPath = /bin/sh;
			shellScript = "#!/bin/bash\nbuildNumber=$(/usr/libexec/PlistBuddy -c \"Print CFBundleVersion\" \"$INFOPLIST_FILE\")\nbuildNumber=$(($buildNumber + 1))\n/usr/libexec/PlistBuddy -c \"Set :CFBundleVersion $buildNumber\" \"$INFOPLIST_FILE\"";
		};
/* End PBXShellScriptBuildPhase section */

/* Begin PBXSourcesBuildPhase section */
		22D9EE50175245C600C0AAC9 /* Sources */ = {
			isa = PBXSourcesBuildPhase;
			buildActionMask = 2147483647;
			files = (
				22D9EE64175245C600C0AAC9 /* main.m in Sources */,
				22F647961A5D7219008FF1E9 /* NJKWebViewProgressView.m in Sources */,
				22F647871A5D5F3A008FF1E9 /* SVProgressHUD.m in Sources */,
				22D9EE68175245C600C0AAC9 /* SSTAnnounceAppDelegate.m in Sources */,
				22D9EE821752477A00C0AAC9 /* SSTAMasterViewController.m in Sources */,
				22601A1C19DD9F0F005FF82D /* InAppBrowserViewController.m in Sources */,
				22F647851A5D5F3A008FF1E9 /* SVIndefiniteAnimatedView.m in Sources */,
				22F647951A5D7219008FF1E9 /* NJKWebViewProgress.m in Sources */,
				22D9EEF11753427700C0AAC9 /* WebViewController.m in Sources */,
				22592D151754E501008D88D7 /* SSTATopicsViewController.m in Sources */,
				2261669A1789A811000BFE36 /* RefreshControl.m in Sources */,
				2221A349178C556B0004EDD2 /* SSTAAboutViewController.m in Sources */,
				2298332E181540D000E36EE3 /* DetailViewController.m in Sources */,
				2249619F17E40383003A0093 /* SIMUXCRParser.m in Sources */,
				2297CC4D17AFDC5B00F51E23 /* TUSafariActivity.m in Sources */,
			);
			runOnlyForDeploymentPostprocessing = 0;
		};
/* End PBXSourcesBuildPhase section */

/* Begin PBXVariantGroup section */
		2297CC2E17AFDC5B00F51E23 /* TUSafariActivity.strings */ = {
			isa = PBXVariantGroup;
			children = (
				2297CC2F17AFDC5B00F51E23 /* cs */,
				2297CC3017AFDC5B00F51E23 /* de */,
				2297CC3117AFDC5B00F51E23 /* en */,
				2297CC3217AFDC5B00F51E23 /* es */,
				2297CC3317AFDC5B00F51E23 /* eu */,
				2297CC3417AFDC5B00F51E23 /* fi */,
				2297CC3517AFDC5B00F51E23 /* fr */,
				2297CC3617AFDC5B00F51E23 /* it */,
				2297CC3717AFDC5B00F51E23 /* ja */,
				2297CC3817AFDC5B00F51E23 /* ko */,
				2297CC3917AFDC5B00F51E23 /* nl */,
				2297CC3A17AFDC5B00F51E23 /* no */,
				2297CC3B17AFDC5B00F51E23 /* pl */,
				2297CC3C17AFDC5B00F51E23 /* pt */,
				2297CC3D17AFDC5B00F51E23 /* ru */,
				2297CC4217AFDC5B00F51E23 /* sk */,
				2297CC4317AFDC5B00F51E23 /* sv */,
				2297CC4617AFDC5B00F51E23 /* vi */,
				2297CC4717AFDC5B00F51E23 /* zh_CN */,
			);
			name = TUSafariActivity.strings;
			sourceTree = "<group>";
		};
		22D9EE60175245C600C0AAC9 /* InfoPlist.strings */ = {
			isa = PBXVariantGroup;
			children = (
				22D9EE61175245C600C0AAC9 /* en */,
			);
			name = InfoPlist.strings;
			sourceTree = "<group>";
		};
/* End PBXVariantGroup section */

/* Begin XCBuildConfiguration section */
		22D9EE78175245C600C0AAC9 /* Debug */ = {
			isa = XCBuildConfiguration;
			buildSettings = {
				ALWAYS_SEARCH_USER_PATHS = NO;
				CLANG_CXX_LANGUAGE_STANDARD = "gnu++0x";
				CLANG_CXX_LIBRARY = "libc++";
				CLANG_ENABLE_OBJC_ARC = YES;
				CLANG_WARN_CONSTANT_CONVERSION = YES;
				CLANG_WARN_EMPTY_BODY = YES;
				CLANG_WARN_ENUM_CONVERSION = YES;
				CLANG_WARN_INT_CONVERSION = YES;
				CLANG_WARN__DUPLICATE_METHOD_MATCH = YES;
				CODE_SIGN_IDENTITY = "";
				"CODE_SIGN_IDENTITY[sdk=iphoneos*]" = "iPhone Developer: Ziyue Pan (3DFK5PPTDE)";
				COPY_PHASE_STRIP = NO;
				GCC_C_LANGUAGE_STANDARD = gnu99;
				GCC_DYNAMIC_NO_PIC = NO;
				GCC_OPTIMIZATION_LEVEL = 0;
				GCC_PREPROCESSOR_DEFINITIONS = (
					"DEBUG=1",
					"$(inherited)",
				);
				GCC_SYMBOLS_PRIVATE_EXTERN = NO;
				GCC_WARN_ABOUT_RETURN_TYPE = YES;
				GCC_WARN_UNINITIALIZED_AUTOS = YES;
				GCC_WARN_UNUSED_VARIABLE = YES;
				IPHONEOS_DEPLOYMENT_TARGET = 7.0;
				ONLY_ACTIVE_ARCH = YES;
				"PROVISIONING_PROFILE[sdk=iphoneos*]" = "69CCAFAE-DB44-43E6-AF0B-900FA0728AA1";
				SDKROOT = iphoneos;
				TARGETED_DEVICE_FAMILY = "1,2";
			};
			name = Debug;
		};
		22D9EE79175245C600C0AAC9 /* Release */ = {
			isa = XCBuildConfiguration;
			buildSettings = {
				ALWAYS_SEARCH_USER_PATHS = NO;
				CLANG_CXX_LANGUAGE_STANDARD = "gnu++0x";
				CLANG_CXX_LIBRARY = "libc++";
				CLANG_ENABLE_OBJC_ARC = YES;
				CLANG_WARN_CONSTANT_CONVERSION = YES;
				CLANG_WARN_EMPTY_BODY = YES;
				CLANG_WARN_ENUM_CONVERSION = YES;
				CLANG_WARN_INT_CONVERSION = YES;
				CLANG_WARN__DUPLICATE_METHOD_MATCH = YES;
				CODE_SIGN_IDENTITY = "iPhone Distribution: School of Science and Technology Singapore (7K6ZTDFM48)";
				"CODE_SIGN_IDENTITY[sdk=iphoneos*]" = "iPhone Distribution: School of Science and Technology Singapore (7K6ZTDFM48)";
				COPY_PHASE_STRIP = YES;
				GCC_C_LANGUAGE_STANDARD = gnu99;
				GCC_WARN_ABOUT_RETURN_TYPE = YES;
				GCC_WARN_UNINITIALIZED_AUTOS = YES;
				GCC_WARN_UNUSED_VARIABLE = YES;
				IPHONEOS_DEPLOYMENT_TARGET = 7.0;
				OTHER_CFLAGS = "-DNS_BLOCK_ASSERTIONS=1";
				PROVISIONING_PROFILE = "301B2EAE-E31A-4FF4-9C11-FCCAC6774503";
				"PROVISIONING_PROFILE[sdk=iphoneos*]" = "301B2EAE-E31A-4FF4-9C11-FCCAC6774503";
				SDKROOT = iphoneos;
				TARGETED_DEVICE_FAMILY = "1,2";
				VALIDATE_PRODUCT = YES;
			};
			name = Release;
		};
		22D9EE7B175245C600C0AAC9 /* Debug */ = {
			isa = XCBuildConfiguration;
			buildSettings = {
				ASSETCATALOG_COMPILER_APPICON_NAME = AppIcon;
				ASSETCATALOG_COMPILER_LAUNCHIMAGE_NAME = LaunchImage;
				CODE_SIGN_IDENTITY = "iPhone Developer";
				"CODE_SIGN_IDENTITY[sdk=iphoneos*]" = "iPhone Developer";
				FRAMEWORK_SEARCH_PATHS = (
					"$(inherited)",
					"\"$(SRCROOT)\"",
				);
				GCC_PRECOMPILE_PREFIX_HEADER = YES;
				GCC_PREFIX_HEADER = "SST Announcements/SST Announcer-Prefix.pch";
				HEADER_SEARCH_PATHS = (
					"/usr/include/libxml2/**",
					"Airship/**",
				);
				INFOPLIST_FILE = "SST Announcements/SST Announcer-Info.plist";
				IPHONEOS_DEPLOYMENT_TARGET = 7.1;
				LIBRARY_SEARCH_PATHS = (
					"$(inherited)",
					"$(SRCROOT)",
					"$(PROJECT_DIR)/Externals/CrittercismSDK",
				);
				OTHER_LDFLAGS = "-ObjC";
				PRODUCT_NAME = "$(TARGET_NAME)";
				PROVISIONING_PROFILE = "";
				"PROVISIONING_PROFILE[sdk=iphoneos*]" = "";
				TARGETED_DEVICE_FAMILY = "1,2";
				USER_HEADER_SEARCH_PATHS = "Externals/DTCoreText/Core/** Externals/DTCoreText/Externals/DTFoundation/Core/**";
				WRAPPER_EXTENSION = app;
			};
			name = Debug;
		};
		22D9EE7C175245C600C0AAC9 /* Release */ = {
			isa = XCBuildConfiguration;
			buildSettings = {
				ASSETCATALOG_COMPILER_APPICON_NAME = AppIcon;
				ASSETCATALOG_COMPILER_LAUNCHIMAGE_NAME = LaunchImage;
				CODE_SIGN_IDENTITY = "iPhone Developer";
				"CODE_SIGN_IDENTITY[sdk=iphoneos*]" = "iPhone Developer";
				COPY_PHASE_STRIP = NO;
				FRAMEWORK_SEARCH_PATHS = (
					"$(inherited)",
					"\"$(SRCROOT)\"",
				);
				GCC_PRECOMPILE_PREFIX_HEADER = YES;
				GCC_PREFIX_HEADER = "SST Announcements/SST Announcer-Prefix.pch";
				HEADER_SEARCH_PATHS = (
					"/usr/include/libxml2/**",
					"Airship/**",
				);
				INFOPLIST_FILE = "SST Announcements/SST Announcer-Info.plist";
				IPHONEOS_DEPLOYMENT_TARGET = 7.1;
				LIBRARY_SEARCH_PATHS = (
					"$(inherited)",
					"$(SRCROOT)",
					"$(PROJECT_DIR)/Externals/CrittercismSDK",
				);
				OTHER_LDFLAGS = "-ObjC";
				PRODUCT_NAME = "$(TARGET_NAME)";
				PROVISIONING_PROFILE = "";
				"PROVISIONING_PROFILE[sdk=iphoneos*]" = "";
				TARGETED_DEVICE_FAMILY = "1,2";
				USER_HEADER_SEARCH_PATHS = "Externals/DTCoreText/Core/** Externals/DTCoreText/Externals/DTFoundation/Core/**";
				WRAPPER_EXTENSION = app;
			};
			name = Release;
		};
/* End XCBuildConfiguration section */

/* Begin XCConfigurationList section */
		22D9EE4F175245C600C0AAC9 /* Build configuration list for PBXProject "SST Announcer" */ = {
			isa = XCConfigurationList;
			buildConfigurations = (
				22D9EE78175245C600C0AAC9 /* Debug */,
				22D9EE79175245C600C0AAC9 /* Release */,
			);
			defaultConfigurationIsVisible = 0;
			defaultConfigurationName = Release;
		};
		22D9EE7A175245C600C0AAC9 /* Build configuration list for PBXNativeTarget "Announcer" */ = {
			isa = XCConfigurationList;
			buildConfigurations = (
				22D9EE7B175245C600C0AAC9 /* Debug */,
				22D9EE7C175245C600C0AAC9 /* Release */,
			);
			defaultConfigurationIsVisible = 0;
			defaultConfigurationName = Release;
		};
/* End XCConfigurationList section */
	};
	rootObject = 22D9EE4C175245C600C0AAC9 /* Project object */;
}
