// !$*UTF8*$!
{
	archiveVersion = 1;
	classes = {
	};
	objectVersion = 46;
	objects = {

/* Begin PBXBuildFile section */
		220282731AB54DC300BE020F /* libDTCoreText.a in Frameworks */ = {isa = PBXBuildFile; fileRef = 2202826A1AB54D2300BE020F /* libDTCoreText.a */; };
		220E70601AA7299000B9475F /* MRBlurView.m in Sources */ = {isa = PBXBuildFile; fileRef = 220E703C1AA7299000B9475F /* MRBlurView.m */; };
		220E70611AA7299000B9475F /* UIImage+MRImageEffects.m in Sources */ = {isa = PBXBuildFile; fileRef = 220E703E1AA7299000B9475F /* UIImage+MRImageEffects.m */; };
		220E70621AA7299000B9475F /* MRActivityIndicatorView.m in Sources */ = {isa = PBXBuildFile; fileRef = 220E70411AA7299000B9475F /* MRActivityIndicatorView.m */; };
		220E70631AA7299000B9475F /* MRCircularProgressView.m in Sources */ = {isa = PBXBuildFile; fileRef = 220E70431AA7299000B9475F /* MRCircularProgressView.m */; };
		220E70641AA7299000B9475F /* MRIconView.m in Sources */ = {isa = PBXBuildFile; fileRef = 220E70451AA7299000B9475F /* MRIconView.m */; };
		220E70651AA7299000B9475F /* MRNavigationBarProgressView.m in Sources */ = {isa = PBXBuildFile; fileRef = 220E70471AA7299000B9475F /* MRNavigationBarProgressView.m */; };
		220E70661AA7299000B9475F /* MRProgressOverlayView.m in Sources */ = {isa = PBXBuildFile; fileRef = 220E70491AA7299000B9475F /* MRProgressOverlayView.m */; };
		220E70671AA7299000B9475F /* MRProgressView.m in Sources */ = {isa = PBXBuildFile; fileRef = 220E704B1AA7299000B9475F /* MRProgressView.m */; };
		220E70681AA7299000B9475F /* MRStopButton.m in Sources */ = {isa = PBXBuildFile; fileRef = 220E704E1AA7299000B9475F /* MRStopButton.m */; };
		220E706C1AA7299000B9475F /* MRMessageInterceptor.m in Sources */ = {isa = PBXBuildFile; fileRef = 220E705A1AA7299000B9475F /* MRMessageInterceptor.m */; };
		220E706D1AA7299000B9475F /* MRMethodCopier.m in Sources */ = {isa = PBXBuildFile; fileRef = 220E705C1AA7299000B9475F /* MRMethodCopier.m */; };
		220E706E1AA7299000B9475F /* MRWeakProxy.m in Sources */ = {isa = PBXBuildFile; fileRef = 220E705F1AA7299000B9475F /* MRWeakProxy.m */; };
		220E706F1AA72B3E00B9475F /* Accelerate.framework in Frameworks */ = {isa = PBXBuildFile; fileRef = 22A9A132188989E4001A9A84 /* Accelerate.framework */; };
		2219C4F01A8DBEEF007C269D /* Fabric.framework in Frameworks */ = {isa = PBXBuildFile; fileRef = 2219C4EE1A8DBEEF007C269D /* Fabric.framework */; };
		2221A349178C556B0004EDD2 /* SSTAAboutViewController.m in Sources */ = {isa = PBXBuildFile; fileRef = 2221A348178C556B0004EDD2 /* SSTAAboutViewController.m */; };
		222840E217E08251002B39AE /* Images.xcassets in Resources */ = {isa = PBXBuildFile; fileRef = 222840E117E08251002B39AE /* Images.xcassets */; };
		2235CD801AA2D5F800FB0232 /* Bolts.framework in Frameworks */ = {isa = PBXBuildFile; fileRef = 2235CD7E1AA2D5F800FB0232 /* Bolts.framework */; };
		2235CD811AA2D5F800FB0232 /* Parse.framework in Frameworks */ = {isa = PBXBuildFile; fileRef = 2235CD7F1AA2D5F800FB0232 /* Parse.framework */; };
		2235CD8D1AA2D6B100FB0232 /* Social.framework in Frameworks */ = {isa = PBXBuildFile; fileRef = 2235CD8C1AA2D6B100FB0232 /* Social.framework */; };
		2235CD8F1AA2D6C800FB0232 /* Accounts.framework in Frameworks */ = {isa = PBXBuildFile; fileRef = 2235CD8E1AA2D6C800FB0232 /* Accounts.framework */; };
		2235CD901AA2D6DB00FB0232 /* StoreKit.framework in Frameworks */ = {isa = PBXBuildFile; fileRef = 2235CD8A1AA2D65800FB0232 /* StoreKit.framework */; };
		2235CD931AA34A6400FB0232 /* GlobalSingleton.m in Sources */ = {isa = PBXBuildFile; fileRef = 2235CD921AA34A6400FB0232 /* GlobalSingleton.m */; };
		2236486E185EC67300FE9FBB /* Settings.bundle in Resources */ = {isa = PBXBuildFile; fileRef = 2236486D185EC67300FE9FBB /* Settings.bundle */; };
		2248BCA2178431DE0043BE83 /* libsqlite3.dylib in Frameworks */ = {isa = PBXBuildFile; fileRef = 2248BCA1178431DE0043BE83 /* libsqlite3.dylib */; };
		2248BCA4178431EE0043BE83 /* CoreTelephony.framework in Frameworks */ = {isa = PBXBuildFile; fileRef = 2248BCA3178431EE0043BE83 /* CoreTelephony.framework */; };
		2248BE1D1784346F0043BE83 /* AudioToolbox.framework in Frameworks */ = {isa = PBXBuildFile; fileRef = 2248BE1C1784346F0043BE83 /* AudioToolbox.framework */; };
		2249619817E402DB003A0093 /* libxml2.dylib in Frameworks */ = {isa = PBXBuildFile; fileRef = 2249619717E402DB003A0093 /* libxml2.dylib */; };
		2249619A17E402E7003A0093 /* ImageIO.framework in Frameworks */ = {isa = PBXBuildFile; fileRef = 2249619917E402E7003A0093 /* ImageIO.framework */; };
		2249619C17E402F2003A0093 /* CoreText.framework in Frameworks */ = {isa = PBXBuildFile; fileRef = 2249619B17E402F2003A0093 /* CoreText.framework */; };
		2249619F17E40383003A0093 /* SIMUXCRParser.m in Sources */ = {isa = PBXBuildFile; fileRef = 2249619E17E40383003A0093 /* SIMUXCRParser.m */; };
		22592D151754E501008D88D7 /* SSTATopicsViewController.m in Sources */ = {isa = PBXBuildFile; fileRef = 22592D141754E501008D88D7 /* SSTATopicsViewController.m */; };
		22601A1C19DD9F0F005FF82D /* InAppBrowserViewController.m in Sources */ = {isa = PBXBuildFile; fileRef = 22601A1B19DD9F0F005FF82D /* InAppBrowserViewController.m */; };
		226237C51B1B276400555B78 /* TUSafariActivity.bundle in Resources */ = {isa = PBXBuildFile; fileRef = 226237C41B1B276400555B78 /* TUSafariActivity.bundle */; };
		2297CC4D17AFDC5B00F51E23 /* TUSafariActivity.m in Sources */ = {isa = PBXBuildFile; fileRef = 2297CC4517AFDC5B00F51E23 /* TUSafariActivity.m */; };
		2298332E181540D000E36EE3 /* DetailViewController.m in Sources */ = {isa = PBXBuildFile; fileRef = 2298332D181540D000E36EE3 /* DetailViewController.m */; };
		22C2915317ABDB6600CC6CB3 /* SSTINC.png in Resources */ = {isa = PBXBuildFile; fileRef = 22C2915217ABDB6600CC6CB3 /* SSTINC.png */; };
		22C9141819CB07D7005E65AE /* libz.dylib in Frameworks */ = {isa = PBXBuildFile; fileRef = 22C9141719CB07D7005E65AE /* libz.dylib */; };
		22CFA0A319EB9DA60002071D /* MainStoryboard-568h.storyboard in Resources */ = {isa = PBXBuildFile; fileRef = 22CFA0A119EB9DA60002071D /* MainStoryboard-568h.storyboard */; };
		22CFA0A419EB9DA60002071D /* MainStoryboard.storyboard in Resources */ = {isa = PBXBuildFile; fileRef = 22CFA0A219EB9DA60002071D /* MainStoryboard.storyboard */; };
		22D9EE58175245C600C0AAC9 /* UIKit.framework in Frameworks */ = {isa = PBXBuildFile; fileRef = 22D9EE57175245C600C0AAC9 /* UIKit.framework */; };
		22D9EE5A175245C600C0AAC9 /* Foundation.framework in Frameworks */ = {isa = PBXBuildFile; fileRef = 22D9EE59175245C600C0AAC9 /* Foundation.framework */; };
		22D9EE5C175245C600C0AAC9 /* CoreGraphics.framework in Frameworks */ = {isa = PBXBuildFile; fileRef = 22D9EE5B175245C600C0AAC9 /* CoreGraphics.framework */; };
		22D9EE62175245C600C0AAC9 /* InfoPlist.strings in Resources */ = {isa = PBXBuildFile; fileRef = 22D9EE60175245C600C0AAC9 /* InfoPlist.strings */; };
		22D9EE64175245C600C0AAC9 /* main.m in Sources */ = {isa = PBXBuildFile; fileRef = 22D9EE63175245C600C0AAC9 /* main.m */; };
		22D9EE68175245C600C0AAC9 /* SSTAnnounceAppDelegate.m in Sources */ = {isa = PBXBuildFile; fileRef = 22D9EE67175245C600C0AAC9 /* SSTAnnounceAppDelegate.m */; };
		22D9EE821752477A00C0AAC9 /* SSTAMasterViewController.m in Sources */ = {isa = PBXBuildFile; fileRef = 22D9EE811752477A00C0AAC9 /* SSTAMasterViewController.m */; };
		22D9EEAA175251F600C0AAC9 /* CFNetwork.framework in Frameworks */ = {isa = PBXBuildFile; fileRef = 22D9EEA9175251F600C0AAC9 /* CFNetwork.framework */; };
		22D9EEAC175251FF00C0AAC9 /* SystemConfiguration.framework in Frameworks */ = {isa = PBXBuildFile; fileRef = 22D9EEAB175251FF00C0AAC9 /* SystemConfiguration.framework */; };
		22D9EEAE1752520800C0AAC9 /* MobileCoreServices.framework in Frameworks */ = {isa = PBXBuildFile; fileRef = 22D9EEAD1752520800C0AAC9 /* MobileCoreServices.framework */; };
		22D9EEE61753106000C0AAC9 /* QuartzCore.framework in Frameworks */ = {isa = PBXBuildFile; fileRef = 22D9EEE51753106000C0AAC9 /* QuartzCore.framework */; };
		22D9EEF11753427700C0AAC9 /* WebViewController.m in Sources */ = {isa = PBXBuildFile; fileRef = 22D9EEF01753427700C0AAC9 /* WebViewController.m */; };
		22EBAACF1781D04A000C6D11 /* CoreLocation.framework in Frameworks */ = {isa = PBXBuildFile; fileRef = 22EBAACE1781D049000C6D11 /* CoreLocation.framework */; };
		22EBAAD11781D06B000C6D11 /* Security.framework in Frameworks */ = {isa = PBXBuildFile; fileRef = 22EBAAD01781D06B000C6D11 /* Security.framework */; };
		22EEBB5818C9F2020037F884 /* MainStoryboard-iPad.storyboard in Resources */ = {isa = PBXBuildFile; fileRef = 22EEBB5718C9F2020037F884 /* MainStoryboard-iPad.storyboard */; };
		22F647951A5D7219008FF1E9 /* NJKWebViewProgress.m in Sources */ = {isa = PBXBuildFile; fileRef = 22F647921A5D7219008FF1E9 /* NJKWebViewProgress.m */; };
		22F647961A5D7219008FF1E9 /* NJKWebViewProgressView.m in Sources */ = {isa = PBXBuildFile; fileRef = 22F647941A5D7219008FF1E9 /* NJKWebViewProgressView.m */; };
		22FED6371B0F476E000F2767 /* libc++.dylib in Frameworks */ = {isa = PBXBuildFile; fileRef = 22FED6351B0F476E000F2767 /* libc++.dylib */; };
		22FED6381B0F476E000F2767 /* Crashlytics.framework in Frameworks */ = {isa = PBXBuildFile; fileRef = 22FED6361B0F476E000F2767 /* Crashlytics.framework */; };
/* End PBXBuildFile section */

/* Begin PBXContainerItemProxy section */
		220282651AB54D2300BE020F /* PBXContainerItemProxy */ = {
			isa = PBXContainerItemProxy;
			containerPortal = 220282591AB54D2300BE020F /* DTCoreText.xcodeproj */;
			proxyType = 2;
			remoteGlobalIDString = 1D6058910D05DD3D006BFB54;
			remoteInfo = DemoApp;
		};
		220282671AB54D2300BE020F /* PBXContainerItemProxy */ = {
			isa = PBXContainerItemProxy;
			containerPortal = 220282591AB54D2300BE020F /* DTCoreText.xcodeproj */;
			proxyType = 2;
			remoteGlobalIDString = A70F119B14863198009202BF;
			remoteInfo = "Static Framework";
		};
		220282691AB54D2300BE020F /* PBXContainerItemProxy */ = {
			isa = PBXContainerItemProxy;
			containerPortal = 220282591AB54D2300BE020F /* DTCoreText.xcodeproj */;
			proxyType = 2;
			remoteGlobalIDString = A70F11DE148632CD009202BF;
			remoteInfo = "Static Library";
		};
		2202826B1AB54D2300BE020F /* PBXContainerItemProxy */ = {
			isa = PBXContainerItemProxy;
			containerPortal = 220282591AB54D2300BE020F /* DTCoreText.xcodeproj */;
			proxyType = 2;
			remoteGlobalIDString = A788CA681486456100E1AFD9;
			remoteInfo = UnitTest;
		};
		2202826D1AB54D2300BE020F /* PBXContainerItemProxy */ = {
			isa = PBXContainerItemProxy;
			containerPortal = 220282591AB54D2300BE020F /* DTCoreText.xcodeproj */;
			proxyType = 2;
			remoteGlobalIDString = A78D9F781965B7DD00C80986;
			remoteInfo = MacUnitTest;
		};
		2202826F1AB54D2300BE020F /* PBXContainerItemProxy */ = {
			isa = PBXContainerItemProxy;
			containerPortal = 220282591AB54D2300BE020F /* DTCoreText.xcodeproj */;
			proxyType = 2;
			remoteGlobalIDString = A7F7EFCD1573603100F5A4D0;
			remoteInfo = "Static Library (no DTFoundation)";
		};
		220282711AB54D2300BE020F /* PBXContainerItemProxy */ = {
			isa = PBXContainerItemProxy;
			containerPortal = 220282591AB54D2300BE020F /* DTCoreText.xcodeproj */;
			proxyType = 2;
			remoteGlobalIDString = E2262DC61638331500BFDAD7;
			remoteInfo = "Mac Framework";
		};
/* End PBXContainerItemProxy section */

/* Begin PBXFileReference section */
		220282591AB54D2300BE020F /* DTCoreText.xcodeproj */ = {isa = PBXFileReference; lastKnownFileType = "wrapper.pb-project"; name = DTCoreText.xcodeproj; path = Externals/DTCoreText/DTCoreText.xcodeproj; sourceTree = "<group>"; };
		220E703B1AA7299000B9475F /* MRBlurView.h */ = {isa = PBXFileReference; fileEncoding = 4; lastKnownFileType = sourcecode.c.h; path = MRBlurView.h; sourceTree = "<group>"; };
		220E703C1AA7299000B9475F /* MRBlurView.m */ = {isa = PBXFileReference; fileEncoding = 4; lastKnownFileType = sourcecode.c.objc; path = MRBlurView.m; sourceTree = "<group>"; };
		220E703D1AA7299000B9475F /* UIImage+MRImageEffects.h */ = {isa = PBXFileReference; fileEncoding = 4; lastKnownFileType = sourcecode.c.h; path = "UIImage+MRImageEffects.h"; sourceTree = "<group>"; };
		220E703E1AA7299000B9475F /* UIImage+MRImageEffects.m */ = {isa = PBXFileReference; fileEncoding = 4; lastKnownFileType = sourcecode.c.objc; path = "UIImage+MRImageEffects.m"; sourceTree = "<group>"; };
		220E70401AA7299000B9475F /* MRActivityIndicatorView.h */ = {isa = PBXFileReference; fileEncoding = 4; lastKnownFileType = sourcecode.c.h; path = MRActivityIndicatorView.h; sourceTree = "<group>"; };
		220E70411AA7299000B9475F /* MRActivityIndicatorView.m */ = {isa = PBXFileReference; fileEncoding = 4; lastKnownFileType = sourcecode.c.objc; path = MRActivityIndicatorView.m; sourceTree = "<group>"; };
		220E70421AA7299000B9475F /* MRCircularProgressView.h */ = {isa = PBXFileReference; fileEncoding = 4; lastKnownFileType = sourcecode.c.h; path = MRCircularProgressView.h; sourceTree = "<group>"; };
		220E70431AA7299000B9475F /* MRCircularProgressView.m */ = {isa = PBXFileReference; fileEncoding = 4; lastKnownFileType = sourcecode.c.objc; path = MRCircularProgressView.m; sourceTree = "<group>"; };
		220E70441AA7299000B9475F /* MRIconView.h */ = {isa = PBXFileReference; fileEncoding = 4; lastKnownFileType = sourcecode.c.h; path = MRIconView.h; sourceTree = "<group>"; };
		220E70451AA7299000B9475F /* MRIconView.m */ = {isa = PBXFileReference; fileEncoding = 4; lastKnownFileType = sourcecode.c.objc; path = MRIconView.m; sourceTree = "<group>"; };
		220E70461AA7299000B9475F /* MRNavigationBarProgressView.h */ = {isa = PBXFileReference; fileEncoding = 4; lastKnownFileType = sourcecode.c.h; path = MRNavigationBarProgressView.h; sourceTree = "<group>"; };
		220E70471AA7299000B9475F /* MRNavigationBarProgressView.m */ = {isa = PBXFileReference; fileEncoding = 4; lastKnownFileType = sourcecode.c.objc; path = MRNavigationBarProgressView.m; sourceTree = "<group>"; };
		220E70481AA7299000B9475F /* MRProgressOverlayView.h */ = {isa = PBXFileReference; fileEncoding = 4; lastKnownFileType = sourcecode.c.h; path = MRProgressOverlayView.h; sourceTree = "<group>"; };
		220E70491AA7299000B9475F /* MRProgressOverlayView.m */ = {isa = PBXFileReference; fileEncoding = 4; lastKnownFileType = sourcecode.c.objc; path = MRProgressOverlayView.m; sourceTree = "<group>"; };
		220E704A1AA7299000B9475F /* MRProgressView.h */ = {isa = PBXFileReference; fileEncoding = 4; lastKnownFileType = sourcecode.c.h; path = MRProgressView.h; sourceTree = "<group>"; };
		220E704B1AA7299000B9475F /* MRProgressView.m */ = {isa = PBXFileReference; fileEncoding = 4; lastKnownFileType = sourcecode.c.objc; path = MRProgressView.m; sourceTree = "<group>"; };
		220E704C1AA7299000B9475F /* MRStopableView.h */ = {isa = PBXFileReference; fileEncoding = 4; lastKnownFileType = sourcecode.c.h; path = MRStopableView.h; sourceTree = "<group>"; };
		220E704D1AA7299000B9475F /* MRStopButton.h */ = {isa = PBXFileReference; fileEncoding = 4; lastKnownFileType = sourcecode.c.h; path = MRStopButton.h; sourceTree = "<group>"; };
		220E704E1AA7299000B9475F /* MRStopButton.m */ = {isa = PBXFileReference; fileEncoding = 4; lastKnownFileType = sourcecode.c.objc; path = MRStopButton.m; sourceTree = "<group>"; };
		220E704F1AA7299000B9475F /* MRProgress.h */ = {isa = PBXFileReference; fileEncoding = 4; lastKnownFileType = sourcecode.c.h; path = MRProgress.h; sourceTree = "<group>"; };
		220E70591AA7299000B9475F /* MRMessageInterceptor.h */ = {isa = PBXFileReference; fileEncoding = 4; lastKnownFileType = sourcecode.c.h; path = MRMessageInterceptor.h; sourceTree = "<group>"; };
		220E705A1AA7299000B9475F /* MRMessageInterceptor.m */ = {isa = PBXFileReference; fileEncoding = 4; lastKnownFileType = sourcecode.c.objc; path = MRMessageInterceptor.m; sourceTree = "<group>"; };
		220E705B1AA7299000B9475F /* MRMethodCopier.h */ = {isa = PBXFileReference; fileEncoding = 4; lastKnownFileType = sourcecode.c.h; path = MRMethodCopier.h; sourceTree = "<group>"; };
		220E705C1AA7299000B9475F /* MRMethodCopier.m */ = {isa = PBXFileReference; fileEncoding = 4; lastKnownFileType = sourcecode.c.objc; path = MRMethodCopier.m; sourceTree = "<group>"; };
		220E705D1AA7299000B9475F /* MRProgressHelper.h */ = {isa = PBXFileReference; fileEncoding = 4; lastKnownFileType = sourcecode.c.h; path = MRProgressHelper.h; sourceTree = "<group>"; };
		220E705E1AA7299000B9475F /* MRWeakProxy.h */ = {isa = PBXFileReference; fileEncoding = 4; lastKnownFileType = sourcecode.c.h; path = MRWeakProxy.h; sourceTree = "<group>"; };
		220E705F1AA7299000B9475F /* MRWeakProxy.m */ = {isa = PBXFileReference; fileEncoding = 4; lastKnownFileType = sourcecode.c.objc; path = MRWeakProxy.m; sourceTree = "<group>"; };
		2213A7C217AE361C007693B0 /* iTunesArtwork.png */ = {isa = PBXFileReference; lastKnownFileType = image.png; path = iTunesArtwork.png; sourceTree = "<group>"; };
		2213A7C317AE361C007693B0 /* iTunesArtwork@2x.png */ = {isa = PBXFileReference; lastKnownFileType = image.png; path = "iTunesArtwork@2x.png"; sourceTree = "<group>"; };
		2219C4EE1A8DBEEF007C269D /* Fabric.framework */ = {isa = PBXFileReference; lastKnownFileType = wrapper.framework; path = Fabric.framework; sourceTree = "<group>"; };
		2221A347178C556B0004EDD2 /* SSTAAboutViewController.h */ = {isa = PBXFileReference; fileEncoding = 4; lastKnownFileType = sourcecode.c.h; path = SSTAAboutViewController.h; sourceTree = "<group>"; };
		2221A348178C556B0004EDD2 /* SSTAAboutViewController.m */ = {isa = PBXFileReference; fileEncoding = 4; lastKnownFileType = sourcecode.c.objc; path = SSTAAboutViewController.m; sourceTree = "<group>"; };
		222840E117E08251002B39AE /* Images.xcassets */ = {isa = PBXFileReference; lastKnownFileType = folder.assetcatalog; name = Images.xcassets; path = Announcer/Images.xcassets; sourceTree = "<group>"; };
		2235CD7E1AA2D5F800FB0232 /* Bolts.framework */ = {isa = PBXFileReference; lastKnownFileType = wrapper.framework; path = Bolts.framework; sourceTree = "<group>"; };
		2235CD7F1AA2D5F800FB0232 /* Parse.framework */ = {isa = PBXFileReference; lastKnownFileType = wrapper.framework; path = Parse.framework; sourceTree = "<group>"; };
		2235CD8A1AA2D65800FB0232 /* StoreKit.framework */ = {isa = PBXFileReference; lastKnownFileType = wrapper.framework; name = StoreKit.framework; path = System/Library/Frameworks/StoreKit.framework; sourceTree = SDKROOT; };
		2235CD8C1AA2D6B100FB0232 /* Social.framework */ = {isa = PBXFileReference; lastKnownFileType = wrapper.framework; name = Social.framework; path = System/Library/Frameworks/Social.framework; sourceTree = SDKROOT; };
		2235CD8E1AA2D6C800FB0232 /* Accounts.framework */ = {isa = PBXFileReference; lastKnownFileType = wrapper.framework; name = Accounts.framework; path = System/Library/Frameworks/Accounts.framework; sourceTree = SDKROOT; };
		2235CD911AA34A6400FB0232 /* GlobalSingleton.h */ = {isa = PBXFileReference; fileEncoding = 4; lastKnownFileType = sourcecode.c.h; path = GlobalSingleton.h; sourceTree = "<group>"; };
		2235CD921AA34A6400FB0232 /* GlobalSingleton.m */ = {isa = PBXFileReference; fileEncoding = 4; lastKnownFileType = sourcecode.c.objc; path = GlobalSingleton.m; sourceTree = "<group>"; };
		2236486D185EC67300FE9FBB /* Settings.bundle */ = {isa = PBXFileReference; lastKnownFileType = "wrapper.plug-in"; path = Settings.bundle; sourceTree = "<group>"; };
		2248BCA1178431DE0043BE83 /* libsqlite3.dylib */ = {isa = PBXFileReference; lastKnownFileType = "compiled.mach-o.dylib"; name = libsqlite3.dylib; path = usr/lib/libsqlite3.dylib; sourceTree = SDKROOT; };
		2248BCA3178431EE0043BE83 /* CoreTelephony.framework */ = {isa = PBXFileReference; lastKnownFileType = wrapper.framework; name = CoreTelephony.framework; path = System/Library/Frameworks/CoreTelephony.framework; sourceTree = SDKROOT; };
		2248BE1C1784346F0043BE83 /* AudioToolbox.framework */ = {isa = PBXFileReference; lastKnownFileType = wrapper.framework; name = AudioToolbox.framework; path = System/Library/Frameworks/AudioToolbox.framework; sourceTree = SDKROOT; };
		2249619717E402DB003A0093 /* libxml2.dylib */ = {isa = PBXFileReference; lastKnownFileType = "compiled.mach-o.dylib"; name = libxml2.dylib; path = usr/lib/libxml2.dylib; sourceTree = SDKROOT; };
		2249619917E402E7003A0093 /* ImageIO.framework */ = {isa = PBXFileReference; lastKnownFileType = wrapper.framework; name = ImageIO.framework; path = System/Library/Frameworks/ImageIO.framework; sourceTree = SDKROOT; };
		2249619B17E402F2003A0093 /* CoreText.framework */ = {isa = PBXFileReference; lastKnownFileType = wrapper.framework; name = CoreText.framework; path = System/Library/Frameworks/CoreText.framework; sourceTree = SDKROOT; };
		2249619D17E40383003A0093 /* SIMUXCRParser.h */ = {isa = PBXFileReference; fileEncoding = 4; lastKnownFileType = sourcecode.c.h; path = SIMUXCRParser.h; sourceTree = "<group>"; };
		2249619E17E40383003A0093 /* SIMUXCRParser.m */ = {isa = PBXFileReference; fileEncoding = 4; lastKnownFileType = sourcecode.c.objc; path = SIMUXCRParser.m; sourceTree = "<group>"; };
		224AB8101874162000D36BD0 /* LICENSE */ = {isa = PBXFileReference; lastKnownFileType = text; path = LICENSE; sourceTree = "<group>"; };
		22592D131754E501008D88D7 /* SSTATopicsViewController.h */ = {isa = PBXFileReference; fileEncoding = 4; lastKnownFileType = sourcecode.c.h; path = SSTATopicsViewController.h; sourceTree = "<group>"; };
		22592D141754E501008D88D7 /* SSTATopicsViewController.m */ = {isa = PBXFileReference; fileEncoding = 4; lastKnownFileType = sourcecode.c.objc; path = SSTATopicsViewController.m; sourceTree = "<group>"; };
		22601A1A19DD9F0F005FF82D /* InAppBrowserViewController.h */ = {isa = PBXFileReference; fileEncoding = 4; lastKnownFileType = sourcecode.c.h; path = InAppBrowserViewController.h; sourceTree = "<group>"; };
		22601A1B19DD9F0F005FF82D /* InAppBrowserViewController.m */ = {isa = PBXFileReference; fileEncoding = 4; lastKnownFileType = sourcecode.c.objc; path = InAppBrowserViewController.m; sourceTree = "<group>"; };
		226237C41B1B276400555B78 /* TUSafariActivity.bundle */ = {isa = PBXFileReference; lastKnownFileType = "wrapper.plug-in"; path = TUSafariActivity.bundle; sourceTree = "<group>"; };
		2297CC4417AFDC5B00F51E23 /* TUSafariActivity.h */ = {isa = PBXFileReference; fileEncoding = 4; lastKnownFileType = sourcecode.c.h; path = TUSafariActivity.h; sourceTree = "<group>"; };
		2297CC4517AFDC5B00F51E23 /* TUSafariActivity.m */ = {isa = PBXFileReference; fileEncoding = 4; lastKnownFileType = sourcecode.c.objc; path = TUSafariActivity.m; sourceTree = "<group>"; };
		2298332C181540D000E36EE3 /* DetailViewController.h */ = {isa = PBXFileReference; fileEncoding = 4; lastKnownFileType = sourcecode.c.h; path = DetailViewController.h; sourceTree = "<group>"; };
		2298332D181540D000E36EE3 /* DetailViewController.m */ = {isa = PBXFileReference; fileEncoding = 4; lastKnownFileType = sourcecode.c.objc; path = DetailViewController.m; sourceTree = "<group>"; };
		22A9A132188989E4001A9A84 /* Accelerate.framework */ = {isa = PBXFileReference; lastKnownFileType = wrapper.framework; name = Accelerate.framework; path = System/Library/Frameworks/Accelerate.framework; sourceTree = SDKROOT; };
		22C2915217ABDB6600CC6CB3 /* SSTINC.png */ = {isa = PBXFileReference; lastKnownFileType = image.png; path = SSTINC.png; sourceTree = "<group>"; };
		22C9141719CB07D7005E65AE /* libz.dylib */ = {isa = PBXFileReference; lastKnownFileType = "compiled.mach-o.dylib"; name = libz.dylib; path = usr/lib/libz.dylib; sourceTree = SDKROOT; };
		22CFA0A119EB9DA60002071D /* MainStoryboard-568h.storyboard */ = {isa = PBXFileReference; fileEncoding = 4; lastKnownFileType = file.storyboard; path = "MainStoryboard-568h.storyboard"; sourceTree = "<group>"; };
		22CFA0A219EB9DA60002071D /* MainStoryboard.storyboard */ = {isa = PBXFileReference; fileEncoding = 4; lastKnownFileType = file.storyboard; path = MainStoryboard.storyboard; sourceTree = "<group>"; };
		22D9EE54175245C600C0AAC9 /* Announcer.app */ = {isa = PBXFileReference; explicitFileType = wrapper.application; includeInIndex = 0; path = Announcer.app; sourceTree = BUILT_PRODUCTS_DIR; };
		22D9EE57175245C600C0AAC9 /* UIKit.framework */ = {isa = PBXFileReference; lastKnownFileType = wrapper.framework; name = UIKit.framework; path = System/Library/Frameworks/UIKit.framework; sourceTree = SDKROOT; };
		22D9EE59175245C600C0AAC9 /* Foundation.framework */ = {isa = PBXFileReference; lastKnownFileType = wrapper.framework; name = Foundation.framework; path = System/Library/Frameworks/Foundation.framework; sourceTree = SDKROOT; };
		22D9EE5B175245C600C0AAC9 /* CoreGraphics.framework */ = {isa = PBXFileReference; lastKnownFileType = wrapper.framework; name = CoreGraphics.framework; path = System/Library/Frameworks/CoreGraphics.framework; sourceTree = SDKROOT; };
		22D9EE5F175245C600C0AAC9 /* SST Announcer-Info.plist */ = {isa = PBXFileReference; lastKnownFileType = text.plist.xml; path = "SST Announcer-Info.plist"; sourceTree = "<group>"; };
		22D9EE61175245C600C0AAC9 /* en */ = {isa = PBXFileReference; lastKnownFileType = text.plist.strings; name = en; path = en.lproj/InfoPlist.strings; sourceTree = "<group>"; };
		22D9EE63175245C600C0AAC9 /* main.m */ = {isa = PBXFileReference; lastKnownFileType = sourcecode.c.objc; path = main.m; sourceTree = "<group>"; };
		22D9EE65175245C600C0AAC9 /* SST Announcer-Prefix.pch */ = {isa = PBXFileReference; lastKnownFileType = sourcecode.c.h; path = "SST Announcer-Prefix.pch"; sourceTree = "<group>"; };
		22D9EE66175245C600C0AAC9 /* SSTAnnounceAppDelegate.h */ = {isa = PBXFileReference; lastKnownFileType = sourcecode.c.h; path = SSTAnnounceAppDelegate.h; sourceTree = "<group>"; };
		22D9EE67175245C600C0AAC9 /* SSTAnnounceAppDelegate.m */ = {isa = PBXFileReference; lastKnownFileType = sourcecode.c.objc; path = SSTAnnounceAppDelegate.m; sourceTree = "<group>"; };
		22D9EE801752477A00C0AAC9 /* SSTAMasterViewController.h */ = {isa = PBXFileReference; fileEncoding = 4; lastKnownFileType = sourcecode.c.h; path = SSTAMasterViewController.h; sourceTree = "<group>"; };
		22D9EE811752477A00C0AAC9 /* SSTAMasterViewController.m */ = {isa = PBXFileReference; fileEncoding = 4; lastKnownFileType = sourcecode.c.objc; path = SSTAMasterViewController.m; sourceTree = "<group>"; };
		22D9EEA9175251F600C0AAC9 /* CFNetwork.framework */ = {isa = PBXFileReference; lastKnownFileType = wrapper.framework; name = CFNetwork.framework; path = System/Library/Frameworks/CFNetwork.framework; sourceTree = SDKROOT; };
		22D9EEAB175251FF00C0AAC9 /* SystemConfiguration.framework */ = {isa = PBXFileReference; lastKnownFileType = wrapper.framework; name = SystemConfiguration.framework; path = System/Library/Frameworks/SystemConfiguration.framework; sourceTree = SDKROOT; };
		22D9EEAD1752520800C0AAC9 /* MobileCoreServices.framework */ = {isa = PBXFileReference; lastKnownFileType = wrapper.framework; name = MobileCoreServices.framework; path = System/Library/Frameworks/MobileCoreServices.framework; sourceTree = SDKROOT; };
		22D9EED817525DF000C0AAC9 /* README.md */ = {isa = PBXFileReference; lastKnownFileType = text; path = README.md; sourceTree = "<group>"; };
		22D9EEE51753106000C0AAC9 /* QuartzCore.framework */ = {isa = PBXFileReference; lastKnownFileType = wrapper.framework; name = QuartzCore.framework; path = System/Library/Frameworks/QuartzCore.framework; sourceTree = SDKROOT; };
		22D9EEEF1753427700C0AAC9 /* WebViewController.h */ = {isa = PBXFileReference; fileEncoding = 4; lastKnownFileType = sourcecode.c.h; path = WebViewController.h; sourceTree = "<group>"; };
		22D9EEF01753427700C0AAC9 /* WebViewController.m */ = {isa = PBXFileReference; fileEncoding = 4; lastKnownFileType = sourcecode.c.objc; path = WebViewController.m; sourceTree = "<group>"; };
		22EBAACE1781D049000C6D11 /* CoreLocation.framework */ = {isa = PBXFileReference; lastKnownFileType = wrapper.framework; name = CoreLocation.framework; path = System/Library/Frameworks/CoreLocation.framework; sourceTree = SDKROOT; };
		22EBAAD01781D06B000C6D11 /* Security.framework */ = {isa = PBXFileReference; lastKnownFileType = wrapper.framework; name = Security.framework; path = System/Library/Frameworks/Security.framework; sourceTree = SDKROOT; };
		22EEBB5718C9F2020037F884 /* MainStoryboard-iPad.storyboard */ = {isa = PBXFileReference; fileEncoding = 4; lastKnownFileType = file.storyboard; path = "MainStoryboard-iPad.storyboard"; sourceTree = "<group>"; };
		22F647911A5D7219008FF1E9 /* NJKWebViewProgress.h */ = {isa = PBXFileReference; fileEncoding = 4; lastKnownFileType = sourcecode.c.h; path = NJKWebViewProgress.h; sourceTree = "<group>"; };
		22F647921A5D7219008FF1E9 /* NJKWebViewProgress.m */ = {isa = PBXFileReference; fileEncoding = 4; lastKnownFileType = sourcecode.c.objc; path = NJKWebViewProgress.m; sourceTree = "<group>"; };
		22F647931A5D7219008FF1E9 /* NJKWebViewProgressView.h */ = {isa = PBXFileReference; fileEncoding = 4; lastKnownFileType = sourcecode.c.h; path = NJKWebViewProgressView.h; sourceTree = "<group>"; };
		22F647941A5D7219008FF1E9 /* NJKWebViewProgressView.m */ = {isa = PBXFileReference; fileEncoding = 4; lastKnownFileType = sourcecode.c.objc; path = NJKWebViewProgressView.m; sourceTree = "<group>"; };
		22FED6351B0F476E000F2767 /* libc++.dylib */ = {isa = PBXFileReference; lastKnownFileType = "compiled.mach-o.dylib"; name = "libc++.dylib"; path = "usr/lib/libc++.dylib"; sourceTree = SDKROOT; };
		22FED6361B0F476E000F2767 /* Crashlytics.framework */ = {isa = PBXFileReference; lastKnownFileType = wrapper.framework; path = Crashlytics.framework; sourceTree = "<group>"; };
/* End PBXFileReference section */

/* Begin PBXFrameworksBuildPhase section */
		22D9EE51175245C600C0AAC9 /* Frameworks */ = {
			isa = PBXFrameworksBuildPhase;
			buildActionMask = 2147483647;
			files = (
				220282731AB54DC300BE020F /* libDTCoreText.a in Frameworks */,
				220E706F1AA72B3E00B9475F /* Accelerate.framework in Frameworks */,
				22FED6381B0F476E000F2767 /* Crashlytics.framework in Frameworks */,
				2235CD901AA2D6DB00FB0232 /* StoreKit.framework in Frameworks */,
				2235CD8F1AA2D6C800FB0232 /* Accounts.framework in Frameworks */,
				22FED6371B0F476E000F2767 /* libc++.dylib in Frameworks */,
				2235CD8D1AA2D6B100FB0232 /* Social.framework in Frameworks */,
				22C9141819CB07D7005E65AE /* libz.dylib in Frameworks */,
				2249619C17E402F2003A0093 /* CoreText.framework in Frameworks */,
				2219C4F01A8DBEEF007C269D /* Fabric.framework in Frameworks */,
				2249619A17E402E7003A0093 /* ImageIO.framework in Frameworks */,
				2249619817E402DB003A0093 /* libxml2.dylib in Frameworks */,
				2248BE1D1784346F0043BE83 /* AudioToolbox.framework in Frameworks */,
				2248BCA4178431EE0043BE83 /* CoreTelephony.framework in Frameworks */,
				2248BCA2178431DE0043BE83 /* libsqlite3.dylib in Frameworks */,
				22D9EEAC175251FF00C0AAC9 /* SystemConfiguration.framework in Frameworks */,
				2235CD811AA2D5F800FB0232 /* Parse.framework in Frameworks */,
				22EBAAD11781D06B000C6D11 /* Security.framework in Frameworks */,
				22D9EEAE1752520800C0AAC9 /* MobileCoreServices.framework in Frameworks */,
				22EBAACF1781D04A000C6D11 /* CoreLocation.framework in Frameworks */,
				22D9EEE61753106000C0AAC9 /* QuartzCore.framework in Frameworks */,
				2235CD801AA2D5F800FB0232 /* Bolts.framework in Frameworks */,
				22D9EEAA175251F600C0AAC9 /* CFNetwork.framework in Frameworks */,
				22D9EE58175245C600C0AAC9 /* UIKit.framework in Frameworks */,
				22D9EE5A175245C600C0AAC9 /* Foundation.framework in Frameworks */,
				22D9EE5C175245C600C0AAC9 /* CoreGraphics.framework in Frameworks */,
			);
			runOnlyForDeploymentPostprocessing = 0;
		};
/* End PBXFrameworksBuildPhase section */

/* Begin PBXGroup section */
		2202825A1AB54D2300BE020F /* Products */ = {
			isa = PBXGroup;
			children = (
				220282661AB54D2300BE020F /* RTDemoApp.app */,
				220282681AB54D2300BE020F /* DTCoreText.framework */,
				2202826A1AB54D2300BE020F /* libDTCoreText.a */,
				2202826C1AB54D2300BE020F /* UnitTest.xctest */,
				2202826E1AB54D2300BE020F /* MacUnitTest.xctest */,
				220282701AB54D2300BE020F /* libDTCoreText_no_DTFoundation.a */,
				220282721AB54D2300BE020F /* DTCoreText.framework */,
			);
			name = Products;
			sourceTree = "<group>";
		};
		220E70391AA7299000B9475F /* MRProgress */ = {
			isa = PBXGroup;
			children = (
				220E703A1AA7299000B9475F /* Blur */,
				220E703F1AA7299000B9475F /* Components */,
				220E704F1AA7299000B9475F /* MRProgress.h */,
				220E70501AA7299000B9475F /* Support */,
				220E70581AA7299000B9475F /* Utils */,
			);
			name = MRProgress;
			path = Externals/MRProgress;
			sourceTree = "<group>";
		};
		220E703A1AA7299000B9475F /* Blur */ = {
			isa = PBXGroup;
			children = (
				220E703B1AA7299000B9475F /* MRBlurView.h */,
				220E703C1AA7299000B9475F /* MRBlurView.m */,
				220E703D1AA7299000B9475F /* UIImage+MRImageEffects.h */,
				220E703E1AA7299000B9475F /* UIImage+MRImageEffects.m */,
			);
			path = Blur;
			sourceTree = "<group>";
		};
		220E703F1AA7299000B9475F /* Components */ = {
			isa = PBXGroup;
			children = (
				220E70401AA7299000B9475F /* MRActivityIndicatorView.h */,
				220E70411AA7299000B9475F /* MRActivityIndicatorView.m */,
				220E70421AA7299000B9475F /* MRCircularProgressView.h */,
				220E70431AA7299000B9475F /* MRCircularProgressView.m */,
				220E70441AA7299000B9475F /* MRIconView.h */,
				220E70451AA7299000B9475F /* MRIconView.m */,
				220E70461AA7299000B9475F /* MRNavigationBarProgressView.h */,
				220E70471AA7299000B9475F /* MRNavigationBarProgressView.m */,
				220E70481AA7299000B9475F /* MRProgressOverlayView.h */,
				220E70491AA7299000B9475F /* MRProgressOverlayView.m */,
				220E704A1AA7299000B9475F /* MRProgressView.h */,
				220E704B1AA7299000B9475F /* MRProgressView.m */,
				220E704C1AA7299000B9475F /* MRStopableView.h */,
				220E704D1AA7299000B9475F /* MRStopButton.h */,
				220E704E1AA7299000B9475F /* MRStopButton.m */,
			);
			path = Components;
			sourceTree = "<group>";
		};
		220E70501AA7299000B9475F /* Support */ = {
			isa = PBXGroup;
			children = (
			);
			path = Support;
			sourceTree = "<group>";
		};
		220E70581AA7299000B9475F /* Utils */ = {
			isa = PBXGroup;
			children = (
				220E70591AA7299000B9475F /* MRMessageInterceptor.h */,
				220E705A1AA7299000B9475F /* MRMessageInterceptor.m */,
				220E705B1AA7299000B9475F /* MRMethodCopier.h */,
				220E705C1AA7299000B9475F /* MRMethodCopier.m */,
				220E705D1AA7299000B9475F /* MRProgressHelper.h */,
				220E705E1AA7299000B9475F /* MRWeakProxy.h */,
				220E705F1AA7299000B9475F /* MRWeakProxy.m */,
			);
			path = Utils;
			sourceTree = "<group>";
		};
		2297CC2D17AFDC5B00F51E23 /* TUSafariActivity */ = {
			isa = PBXGroup;
			children = (
				226237C41B1B276400555B78 /* TUSafariActivity.bundle */,
				2297CC4417AFDC5B00F51E23 /* TUSafariActivity.h */,
				2297CC4517AFDC5B00F51E23 /* TUSafariActivity.m */,
			);
			path = TUSafariActivity;
			sourceTree = "<group>";
		};
		22D9EE4B175245C600C0AAC9 = {
			isa = PBXGroup;
			children = (
				224AB8101874162000D36BD0 /* LICENSE */,
				22DC12D418727E1E0021A0E4 /* Externals */,
				222840E117E08251002B39AE /* Images.xcassets */,
				2248BE1C1784346F0043BE83 /* AudioToolbox.framework */,
				2248BCA3178431EE0043BE83 /* CoreTelephony.framework */,
				2248BCA1178431DE0043BE83 /* libsqlite3.dylib */,
				22EBAAD01781D06B000C6D11 /* Security.framework */,
				22EBAACE1781D049000C6D11 /* CoreLocation.framework */,
				22D9EEE51753106000C0AAC9 /* QuartzCore.framework */,
				22D9EED817525DF000C0AAC9 /* README.md */,
				22D9EEAD1752520800C0AAC9 /* MobileCoreServices.framework */,
				22D9EEAB175251FF00C0AAC9 /* SystemConfiguration.framework */,
				22D9EEA9175251F600C0AAC9 /* CFNetwork.framework */,
				22D9EE5D175245C600C0AAC9 /* SST Announcements */,
				22D9EE56175245C600C0AAC9 /* Frameworks */,
				22D9EE55175245C600C0AAC9 /* Products */,
			);
			sourceTree = "<group>";
		};
		22D9EE55175245C600C0AAC9 /* Products */ = {
			isa = PBXGroup;
			children = (
				22D9EE54175245C600C0AAC9 /* Announcer.app */,
			);
			name = Products;
			sourceTree = "<group>";
		};
		22D9EE56175245C600C0AAC9 /* Frameworks */ = {
			isa = PBXGroup;
			children = (
				2235CD8E1AA2D6C800FB0232 /* Accounts.framework */,
				2235CD8C1AA2D6B100FB0232 /* Social.framework */,
				2235CD8A1AA2D65800FB0232 /* StoreKit.framework */,
				22C9141719CB07D7005E65AE /* libz.dylib */,
				22A9A132188989E4001A9A84 /* Accelerate.framework */,
				2249619B17E402F2003A0093 /* CoreText.framework */,
				2249619917E402E7003A0093 /* ImageIO.framework */,
				2249619717E402DB003A0093 /* libxml2.dylib */,
				22D9EE57175245C600C0AAC9 /* UIKit.framework */,
				22D9EE59175245C600C0AAC9 /* Foundation.framework */,
				22D9EE5B175245C600C0AAC9 /* CoreGraphics.framework */,
			);
			name = Frameworks;
			sourceTree = "<group>";
		};
		22D9EE5D175245C600C0AAC9 /* SST Announcements */ = {
			isa = PBXGroup;
			children = (
				2297CC2D17AFDC5B00F51E23 /* TUSafariActivity */,
				22D9EE66175245C600C0AAC9 /* SSTAnnounceAppDelegate.h */,
				22D9EE67175245C600C0AAC9 /* SSTAnnounceAppDelegate.m */,
				22592D131754E501008D88D7 /* SSTATopicsViewController.h */,
				22592D141754E501008D88D7 /* SSTATopicsViewController.m */,
				22CFA0A119EB9DA60002071D /* MainStoryboard-568h.storyboard */,
				22CFA0A219EB9DA60002071D /* MainStoryboard.storyboard */,
				22EEBB5718C9F2020037F884 /* MainStoryboard-iPad.storyboard */,
				2298332C181540D000E36EE3 /* DetailViewController.h */,
				2298332D181540D000E36EE3 /* DetailViewController.m */,
				2221A347178C556B0004EDD2 /* SSTAAboutViewController.h */,
				2221A348178C556B0004EDD2 /* SSTAAboutViewController.m */,
				22D9EE801752477A00C0AAC9 /* SSTAMasterViewController.h */,
				22D9EE811752477A00C0AAC9 /* SSTAMasterViewController.m */,
				22D9EEEF1753427700C0AAC9 /* WebViewController.h */,
				22D9EEF01753427700C0AAC9 /* WebViewController.m */,
				22601A1A19DD9F0F005FF82D /* InAppBrowserViewController.h */,
				22601A1B19DD9F0F005FF82D /* InAppBrowserViewController.m */,
				2249619D17E40383003A0093 /* SIMUXCRParser.h */,
				2249619E17E40383003A0093 /* SIMUXCRParser.m */,
				2235CD911AA34A6400FB0232 /* GlobalSingleton.h */,
				2235CD921AA34A6400FB0232 /* GlobalSingleton.m */,
				22D9EE5E175245C600C0AAC9 /* Supporting Files */,
			);
			path = "SST Announcements";
			sourceTree = "<group>";
		};
		22D9EE5E175245C600C0AAC9 /* Supporting Files */ = {
			isa = PBXGroup;
			children = (
				2236486D185EC67300FE9FBB /* Settings.bundle */,
				2213A7C217AE361C007693B0 /* iTunesArtwork.png */,
				2213A7C317AE361C007693B0 /* iTunesArtwork@2x.png */,
				22C2915217ABDB6600CC6CB3 /* SSTINC.png */,
				22D9EE5F175245C600C0AAC9 /* SST Announcer-Info.plist */,
				22D9EE60175245C600C0AAC9 /* InfoPlist.strings */,
				22D9EE63175245C600C0AAC9 /* main.m */,
				22D9EE65175245C600C0AAC9 /* SST Announcer-Prefix.pch */,
			);
			name = "Supporting Files";
			sourceTree = "<group>";
		};
		22DC12D418727E1E0021A0E4 /* Externals */ = {
			isa = PBXGroup;
			children = (
				22FED6351B0F476E000F2767 /* libc++.dylib */,
				22FED6361B0F476E000F2767 /* Crashlytics.framework */,
				220282591AB54D2300BE020F /* DTCoreText.xcodeproj */,
				220E70391AA7299000B9475F /* MRProgress */,
				2235CD7E1AA2D5F800FB0232 /* Bolts.framework */,
				2235CD7F1AA2D5F800FB0232 /* Parse.framework */,
				2219C4EE1A8DBEEF007C269D /* Fabric.framework */,
				22F647901A5D7218008FF1E9 /* NJKWebViewProgress */,
			);
			name = Externals;
			sourceTree = "<group>";
		};
		22F647901A5D7218008FF1E9 /* NJKWebViewProgress */ = {
			isa = PBXGroup;
			children = (
				22F647911A5D7219008FF1E9 /* NJKWebViewProgress.h */,
				22F647921A5D7219008FF1E9 /* NJKWebViewProgress.m */,
				22F647931A5D7219008FF1E9 /* NJKWebViewProgressView.h */,
				22F647941A5D7219008FF1E9 /* NJKWebViewProgressView.m */,
			);
			name = NJKWebViewProgress;
			path = Externals/NJKWebViewProgress;
			sourceTree = "<group>";
		};
/* End PBXGroup section */

/* Begin PBXNativeTarget section */
		22D9EE53175245C600C0AAC9 /* Announcer */ = {
			isa = PBXNativeTarget;
			buildConfigurationList = 22D9EE7A175245C600C0AAC9 /* Build configuration list for PBXNativeTarget "Announcer" */;
			buildPhases = (
				22D9EE50175245C600C0AAC9 /* Sources */,
				22D9EE51175245C600C0AAC9 /* Frameworks */,
				22D9EE52175245C600C0AAC9 /* Resources */,
				22A97C761915F9A10009F48E /* Fabric Framework Initialize */,
				22A97C801915FB460009F48E /* Automatic build number */,
			);
			buildRules = (
			);
			dependencies = (
			);
			name = Announcer;
			productName = "SST Announcements";
			productReference = 22D9EE54175245C600C0AAC9 /* Announcer.app */;
			productType = "com.apple.product-type.application";
		};
/* End PBXNativeTarget section */

/* Begin PBXProject section */
		22D9EE4C175245C600C0AAC9 /* Project object */ = {
			isa = PBXProject;
			attributes = {
				CLASSPREFIX = SSTAnnounce;
				LastUpgradeCheck = 0510;
				ORGANIZATIONNAME = "Pan Ziyue";
				TargetAttributes = {
					22D9EE53175245C600C0AAC9 = {
						DevelopmentTeam = 7K6ZTDFM48;
						SystemCapabilities = {
							com.apple.BackgroundModes = {
								enabled = 1;
							};
						};
					};
				};
			};
			buildConfigurationList = 22D9EE4F175245C600C0AAC9 /* Build configuration list for PBXProject "SST Announcer" */;
			compatibilityVersion = "Xcode 3.2";
			developmentRegion = English;
			hasScannedForEncodings = 0;
			knownRegions = (
				en,
				cs,
				de,
				es,
				eu,
				fi,
				fr,
				it,
				ja,
				ko,
				nl,
				no,
				pl,
				pt,
				ru,
				sk,
				sv,
				vi,
				zh_CN,
			);
			mainGroup = 22D9EE4B175245C600C0AAC9;
			productRefGroup = 22D9EE55175245C600C0AAC9 /* Products */;
			projectDirPath = "";
			projectReferences = (
				{
					ProductGroup = 2202825A1AB54D2300BE020F /* Products */;
					ProjectRef = 220282591AB54D2300BE020F /* DTCoreText.xcodeproj */;
				},
			);
			projectRoot = "";
			targets = (
				22D9EE53175245C600C0AAC9 /* Announcer */,
			);
		};
/* End PBXProject section */

/* Begin PBXReferenceProxy section */
		220282661AB54D2300BE020F /* RTDemoApp.app */ = {
			isa = PBXReferenceProxy;
			fileType = wrapper.application;
			path = RTDemoApp.app;
			remoteRef = 220282651AB54D2300BE020F /* PBXContainerItemProxy */;
			sourceTree = BUILT_PRODUCTS_DIR;
		};
		220282681AB54D2300BE020F /* DTCoreText.framework */ = {
			isa = PBXReferenceProxy;
			fileType = wrapper.cfbundle;
			path = DTCoreText.framework;
			remoteRef = 220282671AB54D2300BE020F /* PBXContainerItemProxy */;
			sourceTree = BUILT_PRODUCTS_DIR;
		};
		2202826A1AB54D2300BE020F /* libDTCoreText.a */ = {
			isa = PBXReferenceProxy;
			fileType = archive.ar;
			path = libDTCoreText.a;
			remoteRef = 220282691AB54D2300BE020F /* PBXContainerItemProxy */;
			sourceTree = BUILT_PRODUCTS_DIR;
		};
		2202826C1AB54D2300BE020F /* UnitTest.xctest */ = {
			isa = PBXReferenceProxy;
			fileType = wrapper.cfbundle;
			path = UnitTest.xctest;
			remoteRef = 2202826B1AB54D2300BE020F /* PBXContainerItemProxy */;
			sourceTree = BUILT_PRODUCTS_DIR;
		};
		2202826E1AB54D2300BE020F /* MacUnitTest.xctest */ = {
			isa = PBXReferenceProxy;
			fileType = wrapper.cfbundle;
			path = MacUnitTest.xctest;
			remoteRef = 2202826D1AB54D2300BE020F /* PBXContainerItemProxy */;
			sourceTree = BUILT_PRODUCTS_DIR;
		};
		220282701AB54D2300BE020F /* libDTCoreText_no_DTFoundation.a */ = {
			isa = PBXReferenceProxy;
			fileType = archive.ar;
			path = libDTCoreText_no_DTFoundation.a;
			remoteRef = 2202826F1AB54D2300BE020F /* PBXContainerItemProxy */;
			sourceTree = BUILT_PRODUCTS_DIR;
		};
		220282721AB54D2300BE020F /* DTCoreText.framework */ = {
			isa = PBXReferenceProxy;
			fileType = wrapper.framework;
			path = DTCoreText.framework;
			remoteRef = 220282711AB54D2300BE020F /* PBXContainerItemProxy */;
			sourceTree = BUILT_PRODUCTS_DIR;
		};
/* End PBXReferenceProxy section */

/* Begin PBXResourcesBuildPhase section */
		22D9EE52175245C600C0AAC9 /* Resources */ = {
			isa = PBXResourcesBuildPhase;
			buildActionMask = 2147483647;
			files = (
				22D9EE62175245C600C0AAC9 /* InfoPlist.strings in Resources */,
				222840E217E08251002B39AE /* Images.xcassets in Resources */,
				22CFA0A319EB9DA60002071D /* MainStoryboard-568h.storyboard in Resources */,
				226237C51B1B276400555B78 /* TUSafariActivity.bundle in Resources */,
				22C2915317ABDB6600CC6CB3 /* SSTINC.png in Resources */,
				22CFA0A419EB9DA60002071D /* MainStoryboard.storyboard in Resources */,
				22EEBB5818C9F2020037F884 /* MainStoryboard-iPad.storyboard in Resources */,
				2236486E185EC67300FE9FBB /* Settings.bundle in Resources */,
			);
			runOnlyForDeploymentPostprocessing = 0;
		};
/* End PBXResourcesBuildPhase section */

/* Begin PBXShellScriptBuildPhase section */
		22A97C761915F9A10009F48E /* Fabric Framework Initialize */ = {
			isa = PBXShellScriptBuildPhase;
			buildActionMask = 2147483647;
			files = (
			);
			inputPaths = (
			);
			name = "Fabric Framework Initialize";
			outputPaths = (
			);
			runOnlyForDeploymentPostprocessing = 0;
			shellPath = /bin/sh;
			shellScript = "./Fabric.framework/run de3632aab97f255ce3c808218359f9b2396667b9 9e8abb417e434024604c64b60afcc591f5d3973c71d61dec4a1282232dd2f2b5";
		};
		22A97C801915FB460009F48E /* Automatic build number */ = {
			isa = PBXShellScriptBuildPhase;
			buildActionMask = 12;
			files = (
			);
			inputPaths = (
			);
			name = "Automatic build number";
			outputPaths = (
			);
			runOnlyForDeploymentPostprocessing = 0;
			shellPath = /bin/sh;
			shellScript = "#!/bin/bash\nbuildNumber=$(/usr/libexec/PlistBuddy -c \"Print CFBundleVersion\" \"$INFOPLIST_FILE\")\nbuildNumber=$(($buildNumber + 1))\n/usr/libexec/PlistBuddy -c \"Set :CFBundleVersion $buildNumber\" \"$INFOPLIST_FILE\"";
		};
/* End PBXShellScriptBuildPhase section */

/* Begin PBXSourcesBuildPhase section */
		22D9EE50175245C600C0AAC9 /* Sources */ = {
			isa = PBXSourcesBuildPhase;
			buildActionMask = 2147483647;
			files = (
				220E706D1AA7299000B9475F /* MRMethodCopier.m in Sources */,
				220E70631AA7299000B9475F /* MRCircularProgressView.m in Sources */,
				220E70651AA7299000B9475F /* MRNavigationBarProgressView.m in Sources */,
				2235CD931AA34A6400FB0232 /* GlobalSingleton.m in Sources */,
				220E706E1AA7299000B9475F /* MRWeakProxy.m in Sources */,
				22D9EE64175245C600C0AAC9 /* main.m in Sources */,
				22F647961A5D7219008FF1E9 /* NJKWebViewProgressView.m in Sources */,
				22D9EE68175245C600C0AAC9 /* SSTAnnounceAppDelegate.m in Sources */,
				22D9EE821752477A00C0AAC9 /* SSTAMasterViewController.m in Sources */,
				220E70621AA7299000B9475F /* MRActivityIndicatorView.m in Sources */,
				220E70601AA7299000B9475F /* MRBlurView.m in Sources */,
				220E70611AA7299000B9475F /* UIImage+MRImageEffects.m in Sources */,
				220E70671AA7299000B9475F /* MRProgressView.m in Sources */,
				220E70661AA7299000B9475F /* MRProgressOverlayView.m in Sources */,
				22601A1C19DD9F0F005FF82D /* InAppBrowserViewController.m in Sources */,
				22F647951A5D7219008FF1E9 /* NJKWebViewProgress.m in Sources */,
				22D9EEF11753427700C0AAC9 /* WebViewController.m in Sources */,
				220E70641AA7299000B9475F /* MRIconView.m in Sources */,
				220E706C1AA7299000B9475F /* MRMessageInterceptor.m in Sources */,
				220E70681AA7299000B9475F /* MRStopButton.m in Sources */,
				22592D151754E501008D88D7 /* SSTATopicsViewController.m in Sources */,
				2221A349178C556B0004EDD2 /* SSTAAboutViewController.m in Sources */,
				2298332E181540D000E36EE3 /* DetailViewController.m in Sources */,
				2249619F17E40383003A0093 /* SIMUXCRParser.m in Sources */,
				2297CC4D17AFDC5B00F51E23 /* TUSafariActivity.m in Sources */,
			);
			runOnlyForDeploymentPostprocessing = 0;
		};
/* End PBXSourcesBuildPhase section */

/* Begin PBXVariantGroup section */
		22D9EE60175245C600C0AAC9 /* InfoPlist.strings */ = {
			isa = PBXVariantGroup;
			children = (
				22D9EE61175245C600C0AAC9 /* en */,
			);
			name = InfoPlist.strings;
			sourceTree = "<group>";
		};
/* End PBXVariantGroup section */

/* Begin XCBuildConfiguration section */
		22D9EE78175245C600C0AAC9 /* Debug */ = {
			isa = XCBuildConfiguration;
			buildSettings = {
				ALWAYS_SEARCH_USER_PATHS = NO;
				CLANG_CXX_LANGUAGE_STANDARD = "gnu++0x";
				CLANG_CXX_LIBRARY = "libc++";
				CLANG_ENABLE_OBJC_ARC = YES;
				CLANG_WARN_CONSTANT_CONVERSION = YES;
				CLANG_WARN_EMPTY_BODY = YES;
				CLANG_WARN_ENUM_CONVERSION = YES;
				CLANG_WARN_INT_CONVERSION = YES;
				CLANG_WARN__DUPLICATE_METHOD_MATCH = YES;
				CODE_SIGN_IDENTITY = "";
				"CODE_SIGN_IDENTITY[sdk=iphoneos*]" = "iPhone Developer: Ziyue Pan (3DFK5PPTDE)";
				COPY_PHASE_STRIP = NO;
				GCC_C_LANGUAGE_STANDARD = gnu99;
				GCC_DYNAMIC_NO_PIC = NO;
				GCC_OPTIMIZATION_LEVEL = 0;
				GCC_PREPROCESSOR_DEFINITIONS = (
					"DEBUG=1",
					"$(inherited)",
				);
				GCC_SYMBOLS_PRIVATE_EXTERN = NO;
				GCC_WARN_ABOUT_RETURN_TYPE = YES;
				GCC_WARN_UNINITIALIZED_AUTOS = YES;
				GCC_WARN_UNUSED_VARIABLE = YES;
				IPHONEOS_DEPLOYMENT_TARGET = 7.1;
				ONLY_ACTIVE_ARCH = YES;
				"PROVISIONING_PROFILE[sdk=iphoneos*]" = "69CCAFAE-DB44-43E6-AF0B-900FA0728AA1";
				SDKROOT = iphoneos;
				TARGETED_DEVICE_FAMILY = "1,2";
			};
			name = Debug;
		};
		22D9EE79175245C600C0AAC9 /* Release */ = {
			isa = XCBuildConfiguration;
			buildSettings = {
				ALWAYS_SEARCH_USER_PATHS = NO;
				CLANG_CXX_LANGUAGE_STANDARD = "gnu++0x";
				CLANG_CXX_LIBRARY = "libc++";
				CLANG_ENABLE_OBJC_ARC = YES;
				CLANG_WARN_CONSTANT_CONVERSION = YES;
				CLANG_WARN_EMPTY_BODY = YES;
				CLANG_WARN_ENUM_CONVERSION = YES;
				CLANG_WARN_INT_CONVERSION = YES;
				CLANG_WARN__DUPLICATE_METHOD_MATCH = YES;
				CODE_SIGN_IDENTITY = "iPhone Distribution: School of Science and Technology Singapore (7K6ZTDFM48)";
				"CODE_SIGN_IDENTITY[sdk=iphoneos*]" = "iPhone Distribution: School of Science and Technology Singapore (7K6ZTDFM48)";
				COPY_PHASE_STRIP = YES;
				GCC_C_LANGUAGE_STANDARD = gnu99;
				GCC_WARN_ABOUT_RETURN_TYPE = YES;
				GCC_WARN_UNINITIALIZED_AUTOS = YES;
				GCC_WARN_UNUSED_VARIABLE = YES;
				IPHONEOS_DEPLOYMENT_TARGET = 7.1;
				OTHER_CFLAGS = "-DNS_BLOCK_ASSERTIONS=1";
				PROVISIONING_PROFILE = "301B2EAE-E31A-4FF4-9C11-FCCAC6774503";
				"PROVISIONING_PROFILE[sdk=iphoneos*]" = "301B2EAE-E31A-4FF4-9C11-FCCAC6774503";
				SDKROOT = iphoneos;
				TARGETED_DEVICE_FAMILY = "1,2";
				VALIDATE_PRODUCT = YES;
			};
			name = Release;
		};
		22D9EE7B175245C600C0AAC9 /* Debug */ = {
			isa = XCBuildConfiguration;
			buildSettings = {
				ASSETCATALOG_COMPILER_APPICON_NAME = AppIcon;
				ASSETCATALOG_COMPILER_LAUNCHIMAGE_NAME = LaunchImage;
				CODE_SIGN_IDENTITY = "iPhone Developer";
				"CODE_SIGN_IDENTITY[sdk=iphoneos*]" = "iPhone Developer";
				FRAMEWORK_SEARCH_PATHS = (
					"$(inherited)",
					"$(SRCROOT)",
					"$(PROJECT_DIR)",
				);
				GCC_PRECOMPILE_PREFIX_HEADER = YES;
				GCC_PREFIX_HEADER = "SST Announcements/SST Announcer-Prefix.pch";
				HEADER_SEARCH_PATHS = (
					"/usr/include/libxml2/**",
					"Airship/**",
				);
				INFOPLIST_FILE = "SST Announcements/SST Announcer-Info.plist";
				IPHONEOS_DEPLOYMENT_TARGET = 7.1;
				LIBRARY_SEARCH_PATHS = (
					"$(inherited)",
					"$(SRCROOT)",
					"$(PROJECT_DIR)/Externals/MRProgress",
					"$(PROJECT_DIR)",
					"$(PROJECT_DIR)/Externals/**",
				);
				OTHER_LDFLAGS = (
					"-ObjC",
					"-licucore",
				);
				PRODUCT_NAME = "$(TARGET_NAME)";
				PROVISIONING_PROFILE = "";
				"PROVISIONING_PROFILE[sdk=iphoneos*]" = "";
				TARGETED_DEVICE_FAMILY = "1,2";
				USER_HEADER_SEARCH_PATHS = "Externals/DTCoreText/Core/** Externals/DTCoreText/Externals/DTFoundation/Core/**";
				WRAPPER_EXTENSION = app;
			};
			name = Debug;
		};
		22D9EE7C175245C600C0AAC9 /* Release */ = {
			isa = XCBuildConfiguration;
			buildSettings = {
				ASSETCATALOG_COMPILER_APPICON_NAME = AppIcon;
				ASSETCATALOG_COMPILER_LAUNCHIMAGE_NAME = LaunchImage;
				CODE_SIGN_IDENTITY = "iPhone Distribution";
				"CODE_SIGN_IDENTITY[sdk=iphoneos*]" = "iPhone Distribution";
				COPY_PHASE_STRIP = NO;
				FRAMEWORK_SEARCH_PATHS = (
					"$(inherited)",
					"$(SRCROOT)",
					"$(PROJECT_DIR)",
				);
				GCC_PRECOMPILE_PREFIX_HEADER = YES;
				GCC_PREFIX_HEADER = "SST Announcements/SST Announcer-Prefix.pch";
				HEADER_SEARCH_PATHS = (
					"/usr/include/libxml2/**",
					"Airship/**",
				);
				INFOPLIST_FILE = "SST Announcements/SST Announcer-Info.plist";
				IPHONEOS_DEPLOYMENT_TARGET = 7.1;
				LIBRARY_SEARCH_PATHS = (
					"$(inherited)",
					"$(SRCROOT)",
					"$(PROJECT_DIR)/Externals/MRProgress",
					"$(PROJECT_DIR)",
					"$(PROJECT_DIR)/Externals/**",
				);
				OTHER_LDFLAGS = (
					"-ObjC",
					"-licucore",
				);
				PRODUCT_NAME = "$(TARGET_NAME)";
				PROVISIONING_PROFILE = "";
				"PROVISIONING_PROFILE[sdk=iphoneos*]" = "";
				TARGETED_DEVICE_FAMILY = "1,2";
				USER_HEADER_SEARCH_PATHS = "Externals/DTCoreText/Core/** Externals/DTCoreText/Externals/DTFoundation/Core/**";
				WRAPPER_EXTENSION = app;
			};
			name = Release;
		};
/* End XCBuildConfiguration section */

/* Begin XCConfigurationList section */
		22D9EE4F175245C600C0AAC9 /* Build configuration list for PBXProject "SST Announcer" */ = {
			isa = XCConfigurationList;
			buildConfigurations = (
				22D9EE78175245C600C0AAC9 /* Debug */,
				22D9EE79175245C600C0AAC9 /* Release */,
			);
			defaultConfigurationIsVisible = 0;
			defaultConfigurationName = Release;
		};
		22D9EE7A175245C600C0AAC9 /* Build configuration list for PBXNativeTarget "Announcer" */ = {
			isa = XCConfigurationList;
			buildConfigurations = (
				22D9EE7B175245C600C0AAC9 /* Debug */,
				22D9EE7C175245C600C0AAC9 /* Release */,
			);
			defaultConfigurationIsVisible = 0;
			defaultConfigurationName = Release;
		};
/* End XCConfigurationList section */
	};
	rootObject = 22D9EE4C175245C600C0AAC9 /* Project object */;
}
