// !$*UTF8*$!
{
	archiveVersion = 1;
	classes = {
	};
	objectVersion = 46;
	objects = {

/* Begin PBXBuildFile section */
		220755BF17EC879B00B9FD3F /* MainStoryboard-568h.storyboard in Resources */ = {isa = PBXBuildFile; fileRef = 220755BE17EC879B00B9FD3F /* MainStoryboard-568h.storyboard */; };
		2213A7C417AE361C007693B0 /* iTunesArtwork.png in Resources */ = {isa = PBXBuildFile; fileRef = 2213A7C217AE361C007693B0 /* iTunesArtwork.png */; };
		2213A7C517AE361C007693B0 /* iTunesArtwork@2x.png in Resources */ = {isa = PBXBuildFile; fileRef = 2213A7C317AE361C007693B0 /* iTunesArtwork@2x.png */; };
		2221A349178C556B0004EDD2 /* SSTAAboutViewController.m in Sources */ = {isa = PBXBuildFile; fileRef = 2221A348178C556B0004EDD2 /* SSTAAboutViewController.m */; };
		222840E217E08251002B39AE /* Images.xcassets in Resources */ = {isa = PBXBuildFile; fileRef = 222840E117E08251002B39AE /* Images.xcassets */; };
		2236486E185EC67300FE9FBB /* Settings.bundle in Resources */ = {isa = PBXBuildFile; fileRef = 2236486D185EC67300FE9FBB /* Settings.bundle */; };
		2248BCA2178431DE0043BE83 /* libsqlite3.dylib in Frameworks */ = {isa = PBXBuildFile; fileRef = 2248BCA1178431DE0043BE83 /* libsqlite3.dylib */; };
		2248BCA4178431EE0043BE83 /* CoreTelephony.framework in Frameworks */ = {isa = PBXBuildFile; fileRef = 2248BCA3178431EE0043BE83 /* CoreTelephony.framework */; };
		2248BE1B178433720043BE83 /* AirshipConfig.plist in Resources */ = {isa = PBXBuildFile; fileRef = 2248BE1A178433720043BE83 /* AirshipConfig.plist */; };
		2248BE1D1784346F0043BE83 /* AudioToolbox.framework in Frameworks */ = {isa = PBXBuildFile; fileRef = 2248BE1C1784346F0043BE83 /* AudioToolbox.framework */; };
		2249619817E402DB003A0093 /* libxml2.dylib in Frameworks */ = {isa = PBXBuildFile; fileRef = 2249619717E402DB003A0093 /* libxml2.dylib */; };
		2249619A17E402E7003A0093 /* ImageIO.framework in Frameworks */ = {isa = PBXBuildFile; fileRef = 2249619917E402E7003A0093 /* ImageIO.framework */; };
		2249619C17E402F2003A0093 /* CoreText.framework in Frameworks */ = {isa = PBXBuildFile; fileRef = 2249619B17E402F2003A0093 /* CoreText.framework */; };
		2249619F17E40383003A0093 /* SIMUXCRParser.m in Sources */ = {isa = PBXBuildFile; fileRef = 2249619E17E40383003A0093 /* SIMUXCRParser.m */; };
		22592D0F1754E311008D88D7 /* bg.jpg in Resources */ = {isa = PBXBuildFile; fileRef = 22592D0E1754E311008D88D7 /* bg.jpg */; };
		22592D151754E501008D88D7 /* SSTATopicsViewController.m in Sources */ = {isa = PBXBuildFile; fileRef = 22592D141754E501008D88D7 /* SSTATopicsViewController.m */; };
		226166951789A3D2000BFE36 /* MapKit.framework in Frameworks */ = {isa = PBXBuildFile; fileRef = 226166941789A3D2000BFE36 /* MapKit.framework */; };
		226166971789A3E5000BFE36 /* MessageUI.framework in Frameworks */ = {isa = PBXBuildFile; fileRef = 226166961789A3E5000BFE36 /* MessageUI.framework */; };
		2261669A1789A811000BFE36 /* RefreshControl.m in Sources */ = {isa = PBXBuildFile; fileRef = 226166991789A811000BFE36 /* RefreshControl.m */; };
		226A70E717BF543100AF02E3 /* tabBarPic.png in Resources */ = {isa = PBXBuildFile; fileRef = 226A70E617BF543100AF02E3 /* tabBarPic.png */; };
		2297CC4817AFDC5B00F51E23 /* TUSafariActivity.strings in Resources */ = {isa = PBXBuildFile; fileRef = 2297CC2E17AFDC5B00F51E23 /* TUSafariActivity.strings */; };
		2297CC4917AFDC5B00F51E23 /* Safari.png in Resources */ = {isa = PBXBuildFile; fileRef = 2297CC3E17AFDC5B00F51E23 /* Safari.png */; };
		2297CC4A17AFDC5B00F51E23 /* Safari@2x.png in Resources */ = {isa = PBXBuildFile; fileRef = 2297CC3F17AFDC5B00F51E23 /* Safari@2x.png */; };
		2297CC4B17AFDC5B00F51E23 /* Safari@2x~ipad.png in Resources */ = {isa = PBXBuildFile; fileRef = 2297CC4017AFDC5B00F51E23 /* Safari@2x~ipad.png */; };
		2297CC4C17AFDC5B00F51E23 /* Safari~ipad.png in Resources */ = {isa = PBXBuildFile; fileRef = 2297CC4117AFDC5B00F51E23 /* Safari~ipad.png */; };
		2297CC4D17AFDC5B00F51E23 /* TUSafariActivity.m in Sources */ = {isa = PBXBuildFile; fileRef = 2297CC4517AFDC5B00F51E23 /* TUSafariActivity.m */; };
		2298332E181540D000E36EE3 /* DetailViewController.m in Sources */ = {isa = PBXBuildFile; fileRef = 2298332D181540D000E36EE3 /* DetailViewController.m */; };
		229C91F618042FEE0020C13E /* libUAirship-3.0.0.a in Frameworks */ = {isa = PBXBuildFile; fileRef = 229C919318042FEE0020C13E /* libUAirship-3.0.0.a */; };
		229C91F818042FEE0020C13E /* UABarButtonSegmentedControl.m in Sources */ = {isa = PBXBuildFile; fileRef = 229C91A018042FEE0020C13E /* UABarButtonSegmentedControl.m */; settings = {COMPILER_FLAGS = "-Wno-deprecated"; }; };
		229C91F918042FEE0020C13E /* UABeveledLoadingIndicator.m in Sources */ = {isa = PBXBuildFile; fileRef = 229C91A218042FEE0020C13E /* UABeveledLoadingIndicator.m */; settings = {COMPILER_FLAGS = "-Wno-deprecated"; }; };
		229C91FA18042FEE0020C13E /* UADateUtils.m in Sources */ = {isa = PBXBuildFile; fileRef = 229C91A418042FEE0020C13E /* UADateUtils.m */; settings = {COMPILER_FLAGS = "-Wno-deprecated"; }; };
		229C91FB18042FEE0020C13E /* UAInboxAlertHandler.m in Sources */ = {isa = PBXBuildFile; fileRef = 229C91A618042FEE0020C13E /* UAInboxAlertHandler.m */; settings = {COMPILER_FLAGS = "-Wno-deprecated"; }; };
		229C91FC18042FEE0020C13E /* UAInboxMessageListCell.m in Sources */ = {isa = PBXBuildFile; fileRef = 229C91A818042FEE0020C13E /* UAInboxMessageListCell.m */; settings = {COMPILER_FLAGS = "-Wno-deprecated"; }; };
		229C91FD18042FEE0020C13E /* UAInboxMessageListController.m in Sources */ = {isa = PBXBuildFile; fileRef = 229C91AA18042FEE0020C13E /* UAInboxMessageListController.m */; settings = {COMPILER_FLAGS = "-Wno-deprecated"; }; };
		229C91FE18042FEE0020C13E /* UAInboxMessageViewController.m in Sources */ = {isa = PBXBuildFile; fileRef = 229C91AC18042FEE0020C13E /* UAInboxMessageViewController.m */; settings = {COMPILER_FLAGS = "-Wno-deprecated"; }; };
		229C91FF18042FEE0020C13E /* UAInboxNavUI.m in Sources */ = {isa = PBXBuildFile; fileRef = 229C91AE18042FEE0020C13E /* UAInboxNavUI.m */; settings = {COMPILER_FLAGS = "-Wno-deprecated"; }; };
		229C920018042FEE0020C13E /* UAInboxOverlayController.m in Sources */ = {isa = PBXBuildFile; fileRef = 229C91B018042FEE0020C13E /* UAInboxOverlayController.m */; settings = {COMPILER_FLAGS = "-Wno-deprecated"; }; };
		229C920118042FEE0020C13E /* UAInboxUI.m in Sources */ = {isa = PBXBuildFile; fileRef = 229C91B218042FEE0020C13E /* UAInboxUI.m */; settings = {COMPILER_FLAGS = "-Wno-deprecated"; }; };
		229C920218042FEE0020C13E /* UIWebView+UAAdditions.m in Sources */ = {isa = PBXBuildFile; fileRef = 229C91B418042FEE0020C13E /* UIWebView+UAAdditions.m */; settings = {COMPILER_FLAGS = "-Wno-deprecated"; }; };
		229C920318042FEE0020C13E /* check.png in Resources */ = {isa = PBXBuildFile; fileRef = 229C91B718042FEE0020C13E /* check.png */; };
		229C920418042FEE0020C13E /* check@2x.png in Resources */ = {isa = PBXBuildFile; fileRef = 229C91B818042FEE0020C13E /* check@2x.png */; };
		229C920518042FEE0020C13E /* down.png in Resources */ = {isa = PBXBuildFile; fileRef = 229C91B918042FEE0020C13E /* down.png */; };
		229C920618042FEE0020C13E /* down@2x.png in Resources */ = {isa = PBXBuildFile; fileRef = 229C91BA18042FEE0020C13E /* down@2x.png */; };
		229C920718042FEE0020C13E /* overlayCloseBtn.png in Resources */ = {isa = PBXBuildFile; fileRef = 229C91BC18042FEE0020C13E /* overlayCloseBtn.png */; };
		229C920818042FEE0020C13E /* overlayCloseBtn@2x.png in Resources */ = {isa = PBXBuildFile; fileRef = 229C91BD18042FEE0020C13E /* overlayCloseBtn@2x.png */; };
		229C920918042FEE0020C13E /* UAInboxLocalization.bundle in Resources */ = {isa = PBXBuildFile; fileRef = 229C91BE18042FEE0020C13E /* UAInboxLocalization.bundle */; };
		229C920A18042FEE0020C13E /* UAInboxMessageListCell.xib in Resources */ = {isa = PBXBuildFile; fileRef = 229C91BF18042FEE0020C13E /* UAInboxMessageListCell.xib */; };
		229C920B18042FEE0020C13E /* UAInboxMessageListController.xib in Resources */ = {isa = PBXBuildFile; fileRef = 229C91C018042FEE0020C13E /* UAInboxMessageListController.xib */; };
		229C920C18042FEE0020C13E /* UAInboxMessageViewController.xib in Resources */ = {isa = PBXBuildFile; fileRef = 229C91C118042FEE0020C13E /* UAInboxMessageViewController.xib */; };
		229C920D18042FEE0020C13E /* uncheck.png in Resources */ = {isa = PBXBuildFile; fileRef = 229C91C218042FEE0020C13E /* uncheck.png */; };
		229C920E18042FEE0020C13E /* uncheck@2x.png in Resources */ = {isa = PBXBuildFile; fileRef = 229C91C318042FEE0020C13E /* uncheck@2x.png */; };
		229C920F18042FEE0020C13E /* up.png in Resources */ = {isa = PBXBuildFile; fileRef = 229C91C418042FEE0020C13E /* up.png */; };
		229C921018042FEE0020C13E /* up@2x.png in Resources */ = {isa = PBXBuildFile; fileRef = 229C91C518042FEE0020C13E /* up@2x.png */; };
		229C921118042FEE0020C13E /* UALocationDemoAnnotation.m in Sources */ = {isa = PBXBuildFile; fileRef = 229C91CA18042FEE0020C13E /* UALocationDemoAnnotation.m */; settings = {COMPILER_FLAGS = "-Wno-deprecated"; }; };
		229C921218042FEE0020C13E /* UALocationSettingsViewController.m in Sources */ = {isa = PBXBuildFile; fileRef = 229C91CC18042FEE0020C13E /* UALocationSettingsViewController.m */; settings = {COMPILER_FLAGS = "-Wno-deprecated"; }; };
		229C921318042FEE0020C13E /* UAMapPresentationController.m in Sources */ = {isa = PBXBuildFile; fileRef = 229C91CE18042FEE0020C13E /* UAMapPresentationController.m */; settings = {COMPILER_FLAGS = "-Wno-deprecated"; }; };
		229C921418042FEE0020C13E /* UAPushMoreSettingsViewController.m in Sources */ = {isa = PBXBuildFile; fileRef = 229C91D018042FEE0020C13E /* UAPushMoreSettingsViewController.m */; settings = {COMPILER_FLAGS = "-Wno-deprecated"; }; };
		229C921518042FEE0020C13E /* UAPushNotificationHandler.m in Sources */ = {isa = PBXBuildFile; fileRef = 229C91D218042FEE0020C13E /* UAPushNotificationHandler.m */; settings = {COMPILER_FLAGS = "-Wno-deprecated"; }; };
		229C921618042FEE0020C13E /* UAPushSettingsAddTagViewController.m in Sources */ = {isa = PBXBuildFile; fileRef = 229C91D418042FEE0020C13E /* UAPushSettingsAddTagViewController.m */; settings = {COMPILER_FLAGS = "-Wno-deprecated"; }; };
		229C921718042FEE0020C13E /* UAPushSettingsAliasViewController.m in Sources */ = {isa = PBXBuildFile; fileRef = 229C91D618042FEE0020C13E /* UAPushSettingsAliasViewController.m */; settings = {COMPILER_FLAGS = "-Wno-deprecated"; }; };
		229C921818042FEE0020C13E /* UAPushSettingsSoundsViewController.m in Sources */ = {isa = PBXBuildFile; fileRef = 229C91D818042FEE0020C13E /* UAPushSettingsSoundsViewController.m */; settings = {COMPILER_FLAGS = "-Wno-deprecated"; }; };
		229C921918042FEE0020C13E /* UAPushSettingsTagsViewController.m in Sources */ = {isa = PBXBuildFile; fileRef = 229C91DA18042FEE0020C13E /* UAPushSettingsTagsViewController.m */; settings = {COMPILER_FLAGS = "-Wno-deprecated"; }; };
		229C921A18042FEE0020C13E /* UAPushSettingsTokenViewController.m in Sources */ = {isa = PBXBuildFile; fileRef = 229C91DC18042FEE0020C13E /* UAPushSettingsTokenViewController.m */; settings = {COMPILER_FLAGS = "-Wno-deprecated"; }; };
		229C921B18042FEE0020C13E /* UAPushSettingsUserInfoViewController.m in Sources */ = {isa = PBXBuildFile; fileRef = 229C91DE18042FEE0020C13E /* UAPushSettingsUserInfoViewController.m */; settings = {COMPILER_FLAGS = "-Wno-deprecated"; }; };
		229C921C18042FEE0020C13E /* UAPushSettingsViewController.m in Sources */ = {isa = PBXBuildFile; fileRef = 229C91E018042FEE0020C13E /* UAPushSettingsViewController.m */; settings = {COMPILER_FLAGS = "-Wno-deprecated"; }; };
		229C921D18042FEE0020C13E /* UAPushUI.m in Sources */ = {isa = PBXBuildFile; fileRef = 229C91E218042FEE0020C13E /* UAPushUI.m */; settings = {COMPILER_FLAGS = "-Wno-deprecated"; }; };
		229C921E18042FEE0020C13E /* bottom-detail.png in Resources */ = {isa = PBXBuildFile; fileRef = 229C91E518042FEE0020C13E /* bottom-detail.png */; };
		229C921F18042FEE0020C13E /* bottom-detail@2x.png in Resources */ = {isa = PBXBuildFile; fileRef = 229C91E618042FEE0020C13E /* bottom-detail@2x.png */; };
		229C922018042FEE0020C13E /* middle-detail.png in Resources */ = {isa = PBXBuildFile; fileRef = 229C91E718042FEE0020C13E /* middle-detail.png */; };
		229C922118042FEE0020C13E /* middle-detail@2x.png in Resources */ = {isa = PBXBuildFile; fileRef = 229C91E818042FEE0020C13E /* middle-detail@2x.png */; };
		229C922218042FEE0020C13E /* top-detail.png in Resources */ = {isa = PBXBuildFile; fileRef = 229C91E918042FEE0020C13E /* top-detail.png */; };
		229C922318042FEE0020C13E /* top-detail@2x.png in Resources */ = {isa = PBXBuildFile; fileRef = 229C91EA18042FEE0020C13E /* top-detail@2x.png */; };
		229C922418042FEE0020C13E /* UALocationSettingsViewController.xib in Resources */ = {isa = PBXBuildFile; fileRef = 229C91EB18042FEE0020C13E /* UALocationSettingsViewController.xib */; };
		229C922518042FEE0020C13E /* UAMapPresentationViewController.xib in Resources */ = {isa = PBXBuildFile; fileRef = 229C91EC18042FEE0020C13E /* UAMapPresentationViewController.xib */; };
		229C922618042FEE0020C13E /* UAPushLocalization.bundle in Resources */ = {isa = PBXBuildFile; fileRef = 229C91ED18042FEE0020C13E /* UAPushLocalization.bundle */; };
		229C922718042FEE0020C13E /* UAPushMoreSettingsView.xib in Resources */ = {isa = PBXBuildFile; fileRef = 229C91EE18042FEE0020C13E /* UAPushMoreSettingsView.xib */; };
		229C922818042FEE0020C13E /* UAPushSettingsAddTagViewController.xib in Resources */ = {isa = PBXBuildFile; fileRef = 229C91EF18042FEE0020C13E /* UAPushSettingsAddTagViewController.xib */; };
		229C922918042FEE0020C13E /* UAPushSettingsAliasView.xib in Resources */ = {isa = PBXBuildFile; fileRef = 229C91F018042FEE0020C13E /* UAPushSettingsAliasView.xib */; };
		229C922A18042FEE0020C13E /* UAPushSettingsSoundsViewController.xib in Resources */ = {isa = PBXBuildFile; fileRef = 229C91F118042FEE0020C13E /* UAPushSettingsSoundsViewController.xib */; };
		229C922B18042FEE0020C13E /* UAPushSettingsTagsViewController.xib in Resources */ = {isa = PBXBuildFile; fileRef = 229C91F218042FEE0020C13E /* UAPushSettingsTagsViewController.xib */; };
		229C922C18042FEE0020C13E /* UAPushSettingsTokenView.xib in Resources */ = {isa = PBXBuildFile; fileRef = 229C91F318042FEE0020C13E /* UAPushSettingsTokenView.xib */; };
		229C922D18042FEE0020C13E /* UAPushSettingsUserInfoView.xib in Resources */ = {isa = PBXBuildFile; fileRef = 229C91F418042FEE0020C13E /* UAPushSettingsUserInfoView.xib */; };
		229C922E18042FEE0020C13E /* UAPushSettingsView.xib in Resources */ = {isa = PBXBuildFile; fileRef = 229C91F518042FEE0020C13E /* UAPushSettingsView.xib */; };
		22C2915317ABDB6600CC6CB3 /* SSTINC.png in Resources */ = {isa = PBXBuildFile; fileRef = 22C2915217ABDB6600CC6CB3 /* SSTINC.png */; };
		22D9EE58175245C600C0AAC9 /* UIKit.framework in Frameworks */ = {isa = PBXBuildFile; fileRef = 22D9EE57175245C600C0AAC9 /* UIKit.framework */; };
		22D9EE5A175245C600C0AAC9 /* Foundation.framework in Frameworks */ = {isa = PBXBuildFile; fileRef = 22D9EE59175245C600C0AAC9 /* Foundation.framework */; };
		22D9EE5C175245C600C0AAC9 /* CoreGraphics.framework in Frameworks */ = {isa = PBXBuildFile; fileRef = 22D9EE5B175245C600C0AAC9 /* CoreGraphics.framework */; };
		22D9EE62175245C600C0AAC9 /* InfoPlist.strings in Resources */ = {isa = PBXBuildFile; fileRef = 22D9EE60175245C600C0AAC9 /* InfoPlist.strings */; };
		22D9EE64175245C600C0AAC9 /* main.m in Sources */ = {isa = PBXBuildFile; fileRef = 22D9EE63175245C600C0AAC9 /* main.m */; };
		22D9EE68175245C600C0AAC9 /* SSTAnnounceAppDelegate.m in Sources */ = {isa = PBXBuildFile; fileRef = 22D9EE67175245C600C0AAC9 /* SSTAnnounceAppDelegate.m */; };
		22D9EE71175245C600C0AAC9 /* MainStoryboard.storyboard in Resources */ = {isa = PBXBuildFile; fileRef = 22D9EE6F175245C600C0AAC9 /* MainStoryboard.storyboard */; };
		22D9EE821752477A00C0AAC9 /* SSTAMasterViewController.m in Sources */ = {isa = PBXBuildFile; fileRef = 22D9EE811752477A00C0AAC9 /* SSTAMasterViewController.m */; };
		22D9EEAA175251F600C0AAC9 /* CFNetwork.framework in Frameworks */ = {isa = PBXBuildFile; fileRef = 22D9EEA9175251F600C0AAC9 /* CFNetwork.framework */; };
		22D9EEAC175251FF00C0AAC9 /* SystemConfiguration.framework in Frameworks */ = {isa = PBXBuildFile; fileRef = 22D9EEAB175251FF00C0AAC9 /* SystemConfiguration.framework */; };
		22D9EEAE1752520800C0AAC9 /* MobileCoreServices.framework in Frameworks */ = {isa = PBXBuildFile; fileRef = 22D9EEAD1752520800C0AAC9 /* MobileCoreServices.framework */; };
		22D9EEB01752521200C0AAC9 /* libz.1.2.5.dylib in Frameworks */ = {isa = PBXBuildFile; fileRef = 22D9EEAF1752521200C0AAC9 /* libz.1.2.5.dylib */; };
		22D9EEE61753106000C0AAC9 /* QuartzCore.framework in Frameworks */ = {isa = PBXBuildFile; fileRef = 22D9EEE51753106000C0AAC9 /* QuartzCore.framework */; };
		22D9EEEB175310AC00C0AAC9 /* SVProgressHUD.bundle in Resources */ = {isa = PBXBuildFile; fileRef = 22D9EEE8175310AC00C0AAC9 /* SVProgressHUD.bundle */; };
		22D9EEEC175310AC00C0AAC9 /* SVProgressHUD.m in Sources */ = {isa = PBXBuildFile; fileRef = 22D9EEEA175310AC00C0AAC9 /* SVProgressHUD.m */; settings = {COMPILER_FLAGS = "-Wno-deprecated"; }; };
		22D9EEF11753427700C0AAC9 /* WebViewController.m in Sources */ = {isa = PBXBuildFile; fileRef = 22D9EEF01753427700C0AAC9 /* WebViewController.m */; };
		22DC12F218727EDB0021A0E4 /* libDTCoreText.a in Frameworks */ = {isa = PBXBuildFile; fileRef = 22DC12E718727E970021A0E4 /* libDTCoreText.a */; };
		22DC130A187292FF0021A0E4 /* dsym_upload.sh in Resources */ = {isa = PBXBuildFile; fileRef = 22DC1308187292FF0021A0E4 /* dsym_upload.sh */; };
		22DC130B187292FF0021A0E4 /* libCrittercism_v4_3_0.a in Frameworks */ = {isa = PBXBuildFile; fileRef = 22DC1309187292FF0021A0E4 /* libCrittercism_v4_3_0.a */; };
		22EBAACF1781D04A000C6D11 /* CoreLocation.framework in Frameworks */ = {isa = PBXBuildFile; fileRef = 22EBAACE1781D049000C6D11 /* CoreLocation.framework */; };
		22EBAAD11781D06B000C6D11 /* Security.framework in Frameworks */ = {isa = PBXBuildFile; fileRef = 22EBAAD01781D06B000C6D11 /* Security.framework */; };
/* End PBXBuildFile section */

/* Begin PBXContainerItemProxy section */
		22DC12E218727E970021A0E4 /* PBXContainerItemProxy */ = {
			isa = PBXContainerItemProxy;
			containerPortal = 22DC12D518727E950021A0E4 /* DTCoreText.xcodeproj */;
			proxyType = 2;
			remoteGlobalIDString = 1D6058910D05DD3D006BFB54;
			remoteInfo = DemoApp;
		};
		22DC12E418727E970021A0E4 /* PBXContainerItemProxy */ = {
			isa = PBXContainerItemProxy;
			containerPortal = 22DC12D518727E950021A0E4 /* DTCoreText.xcodeproj */;
			proxyType = 2;
			remoteGlobalIDString = A70F119B14863198009202BF;
			remoteInfo = "Static Framework";
		};
		22DC12E618727E970021A0E4 /* PBXContainerItemProxy */ = {
			isa = PBXContainerItemProxy;
			containerPortal = 22DC12D518727E950021A0E4 /* DTCoreText.xcodeproj */;
			proxyType = 2;
			remoteGlobalIDString = A70F11DE148632CD009202BF;
			remoteInfo = "Static Library";
		};
		22DC12E818727E970021A0E4 /* PBXContainerItemProxy */ = {
			isa = PBXContainerItemProxy;
			containerPortal = 22DC12D518727E950021A0E4 /* DTCoreText.xcodeproj */;
			proxyType = 2;
			remoteGlobalIDString = A788CA681486456100E1AFD9;
			remoteInfo = UnitTest;
		};
		22DC12EA18727E970021A0E4 /* PBXContainerItemProxy */ = {
			isa = PBXContainerItemProxy;
			containerPortal = 22DC12D518727E950021A0E4 /* DTCoreText.xcodeproj */;
			proxyType = 2;
			remoteGlobalIDString = A7949A5814CC456000A8CCDE;
			remoteInfo = MacUnitTest;
		};
		22DC12EC18727E970021A0E4 /* PBXContainerItemProxy */ = {
			isa = PBXContainerItemProxy;
			containerPortal = 22DC12D518727E950021A0E4 /* DTCoreText.xcodeproj */;
			proxyType = 2;
			remoteGlobalIDString = A7F7EFCD1573603100F5A4D0;
			remoteInfo = "Static Library (no DTFoundation)";
		};
		22DC12EE18727E970021A0E4 /* PBXContainerItemProxy */ = {
			isa = PBXContainerItemProxy;
			containerPortal = 22DC12D518727E950021A0E4 /* DTCoreText.xcodeproj */;
			proxyType = 2;
			remoteGlobalIDString = E2262DC61638331500BFDAD7;
			remoteInfo = "Mac Framework";
		};
		22DC12F018727E970021A0E4 /* PBXContainerItemProxy */ = {
			isa = PBXContainerItemProxy;
			containerPortal = 22DC12D518727E950021A0E4 /* DTCoreText.xcodeproj */;
			proxyType = 2;
			remoteGlobalIDString = A7A476BC180010F100459DFD;
			remoteInfo = "BundleLoader Dummy";
		};
/* End PBXContainerItemProxy section */

/* Begin PBXFileReference section */
		220755BE17EC879B00B9FD3F /* MainStoryboard-568h.storyboard */ = {isa = PBXFileReference; fileEncoding = 4; lastKnownFileType = file.storyboard; name = "MainStoryboard-568h.storyboard"; path = "SST Announcements/MainStoryboard-568h.storyboard"; sourceTree = SOURCE_ROOT; };
		2213A7C217AE361C007693B0 /* iTunesArtwork.png */ = {isa = PBXFileReference; lastKnownFileType = image.png; path = iTunesArtwork.png; sourceTree = "<group>"; };
		2213A7C317AE361C007693B0 /* iTunesArtwork@2x.png */ = {isa = PBXFileReference; lastKnownFileType = image.png; path = "iTunesArtwork@2x.png"; sourceTree = "<group>"; };
		2221A347178C556B0004EDD2 /* SSTAAboutViewController.h */ = {isa = PBXFileReference; fileEncoding = 4; lastKnownFileType = sourcecode.c.h; path = SSTAAboutViewController.h; sourceTree = "<group>"; };
		2221A348178C556B0004EDD2 /* SSTAAboutViewController.m */ = {isa = PBXFileReference; fileEncoding = 4; lastKnownFileType = sourcecode.c.objc; path = SSTAAboutViewController.m; sourceTree = "<group>"; };
		222840E117E08251002B39AE /* Images.xcassets */ = {isa = PBXFileReference; lastKnownFileType = folder.assetcatalog; name = Images.xcassets; path = Announcer/Images.xcassets; sourceTree = "<group>"; };
		2236486D185EC67300FE9FBB /* Settings.bundle */ = {isa = PBXFileReference; lastKnownFileType = "wrapper.plug-in"; path = Settings.bundle; sourceTree = "<group>"; };
		2248BCA1178431DE0043BE83 /* libsqlite3.dylib */ = {isa = PBXFileReference; lastKnownFileType = "compiled.mach-o.dylib"; name = libsqlite3.dylib; path = usr/lib/libsqlite3.dylib; sourceTree = SDKROOT; };
		2248BCA3178431EE0043BE83 /* CoreTelephony.framework */ = {isa = PBXFileReference; lastKnownFileType = wrapper.framework; name = CoreTelephony.framework; path = System/Library/Frameworks/CoreTelephony.framework; sourceTree = SDKROOT; };
		2248BE1A178433720043BE83 /* AirshipConfig.plist */ = {isa = PBXFileReference; fileEncoding = 4; lastKnownFileType = text.plist.xml; path = AirshipConfig.plist; sourceTree = "<group>"; };
		2248BE1C1784346F0043BE83 /* AudioToolbox.framework */ = {isa = PBXFileReference; lastKnownFileType = wrapper.framework; name = AudioToolbox.framework; path = System/Library/Frameworks/AudioToolbox.framework; sourceTree = SDKROOT; };
		2249619717E402DB003A0093 /* libxml2.dylib */ = {isa = PBXFileReference; lastKnownFileType = "compiled.mach-o.dylib"; name = libxml2.dylib; path = usr/lib/libxml2.dylib; sourceTree = SDKROOT; };
		2249619917E402E7003A0093 /* ImageIO.framework */ = {isa = PBXFileReference; lastKnownFileType = wrapper.framework; name = ImageIO.framework; path = System/Library/Frameworks/ImageIO.framework; sourceTree = SDKROOT; };
		2249619B17E402F2003A0093 /* CoreText.framework */ = {isa = PBXFileReference; lastKnownFileType = wrapper.framework; name = CoreText.framework; path = System/Library/Frameworks/CoreText.framework; sourceTree = SDKROOT; };
		2249619D17E40383003A0093 /* SIMUXCRParser.h */ = {isa = PBXFileReference; fileEncoding = 4; lastKnownFileType = sourcecode.c.h; path = SIMUXCRParser.h; sourceTree = "<group>"; };
		2249619E17E40383003A0093 /* SIMUXCRParser.m */ = {isa = PBXFileReference; fileEncoding = 4; lastKnownFileType = sourcecode.c.objc; path = SIMUXCRParser.m; sourceTree = "<group>"; };
		224AB8101874162000D36BD0 /* LICENSE */ = {isa = PBXFileReference; lastKnownFileType = text; path = LICENSE; sourceTree = "<group>"; };
		22592D0E1754E311008D88D7 /* bg.jpg */ = {isa = PBXFileReference; lastKnownFileType = image.jpeg; path = bg.jpg; sourceTree = "<group>"; };
		22592D131754E501008D88D7 /* SSTATopicsViewController.h */ = {isa = PBXFileReference; fileEncoding = 4; lastKnownFileType = sourcecode.c.h; path = SSTATopicsViewController.h; sourceTree = "<group>"; };
		22592D141754E501008D88D7 /* SSTATopicsViewController.m */ = {isa = PBXFileReference; fileEncoding = 4; lastKnownFileType = sourcecode.c.objc; path = SSTATopicsViewController.m; sourceTree = "<group>"; };
		226166941789A3D2000BFE36 /* MapKit.framework */ = {isa = PBXFileReference; lastKnownFileType = wrapper.framework; name = MapKit.framework; path = System/Library/Frameworks/MapKit.framework; sourceTree = SDKROOT; };
		226166961789A3E5000BFE36 /* MessageUI.framework */ = {isa = PBXFileReference; lastKnownFileType = wrapper.framework; name = MessageUI.framework; path = System/Library/Frameworks/MessageUI.framework; sourceTree = SDKROOT; };
		226166981789A811000BFE36 /* RefreshControl.h */ = {isa = PBXFileReference; fileEncoding = 4; lastKnownFileType = sourcecode.c.h; path = RefreshControl.h; sourceTree = "<group>"; };
		226166991789A811000BFE36 /* RefreshControl.m */ = {isa = PBXFileReference; fileEncoding = 4; lastKnownFileType = sourcecode.c.objc; path = RefreshControl.m; sourceTree = "<group>"; };
		226A70E617BF543100AF02E3 /* tabBarPic.png */ = {isa = PBXFileReference; lastKnownFileType = image.png; path = tabBarPic.png; sourceTree = "<group>"; };
		2297CC2F17AFDC5B00F51E23 /* cs */ = {isa = PBXFileReference; lastKnownFileType = text.plist.strings; name = cs; path = cs.lproj/TUSafariActivity.strings; sourceTree = "<group>"; };
		2297CC3017AFDC5B00F51E23 /* de */ = {isa = PBXFileReference; lastKnownFileType = text.plist.strings; name = de; path = de.lproj/TUSafariActivity.strings; sourceTree = "<group>"; };
		2297CC3117AFDC5B00F51E23 /* en */ = {isa = PBXFileReference; lastKnownFileType = text.plist.strings; name = en; path = en.lproj/TUSafariActivity.strings; sourceTree = "<group>"; };
		2297CC3217AFDC5B00F51E23 /* es */ = {isa = PBXFileReference; lastKnownFileType = text.plist.strings; name = es; path = es.lproj/TUSafariActivity.strings; sourceTree = "<group>"; };
		2297CC3317AFDC5B00F51E23 /* eu */ = {isa = PBXFileReference; lastKnownFileType = text.plist.strings; name = eu; path = eu.lproj/TUSafariActivity.strings; sourceTree = "<group>"; };
		2297CC3417AFDC5B00F51E23 /* fi */ = {isa = PBXFileReference; lastKnownFileType = text.plist.strings; name = fi; path = fi.lproj/TUSafariActivity.strings; sourceTree = "<group>"; };
		2297CC3517AFDC5B00F51E23 /* fr */ = {isa = PBXFileReference; lastKnownFileType = text.plist.strings; name = fr; path = fr.lproj/TUSafariActivity.strings; sourceTree = "<group>"; };
		2297CC3617AFDC5B00F51E23 /* it */ = {isa = PBXFileReference; lastKnownFileType = text.plist.strings; name = it; path = it.lproj/TUSafariActivity.strings; sourceTree = "<group>"; };
		2297CC3717AFDC5B00F51E23 /* ja */ = {isa = PBXFileReference; lastKnownFileType = text.plist.strings; name = ja; path = ja.lproj/TUSafariActivity.strings; sourceTree = "<group>"; };
		2297CC3817AFDC5B00F51E23 /* ko */ = {isa = PBXFileReference; lastKnownFileType = text.plist.strings; name = ko; path = ko.lproj/TUSafariActivity.strings; sourceTree = "<group>"; };
		2297CC3917AFDC5B00F51E23 /* nl */ = {isa = PBXFileReference; lastKnownFileType = text.plist.strings; name = nl; path = nl.lproj/TUSafariActivity.strings; sourceTree = "<group>"; };
		2297CC3A17AFDC5B00F51E23 /* no */ = {isa = PBXFileReference; lastKnownFileType = text.plist.strings; name = no; path = no.lproj/TUSafariActivity.strings; sourceTree = "<group>"; };
		2297CC3B17AFDC5B00F51E23 /* pl */ = {isa = PBXFileReference; lastKnownFileType = text.plist.strings; name = pl; path = pl.lproj/TUSafariActivity.strings; sourceTree = "<group>"; };
		2297CC3C17AFDC5B00F51E23 /* pt */ = {isa = PBXFileReference; lastKnownFileType = text.plist.strings; name = pt; path = pt.lproj/TUSafariActivity.strings; sourceTree = "<group>"; };
		2297CC3D17AFDC5B00F51E23 /* ru */ = {isa = PBXFileReference; lastKnownFileType = text.plist.strings; name = ru; path = ru.lproj/TUSafariActivity.strings; sourceTree = "<group>"; };
		2297CC3E17AFDC5B00F51E23 /* Safari.png */ = {isa = PBXFileReference; lastKnownFileType = image.png; path = Safari.png; sourceTree = "<group>"; };
		2297CC3F17AFDC5B00F51E23 /* Safari@2x.png */ = {isa = PBXFileReference; lastKnownFileType = image.png; path = "Safari@2x.png"; sourceTree = "<group>"; };
		2297CC4017AFDC5B00F51E23 /* Safari@2x~ipad.png */ = {isa = PBXFileReference; lastKnownFileType = image.png; path = "Safari@2x~ipad.png"; sourceTree = "<group>"; };
		2297CC4117AFDC5B00F51E23 /* Safari~ipad.png */ = {isa = PBXFileReference; lastKnownFileType = image.png; path = "Safari~ipad.png"; sourceTree = "<group>"; };
		2297CC4217AFDC5B00F51E23 /* sk */ = {isa = PBXFileReference; lastKnownFileType = text.plist.strings; name = sk; path = sk.lproj/TUSafariActivity.strings; sourceTree = "<group>"; };
		2297CC4317AFDC5B00F51E23 /* sv */ = {isa = PBXFileReference; lastKnownFileType = text.plist.strings; name = sv; path = sv.lproj/TUSafariActivity.strings; sourceTree = "<group>"; };
		2297CC4417AFDC5B00F51E23 /* TUSafariActivity.h */ = {isa = PBXFileReference; fileEncoding = 4; lastKnownFileType = sourcecode.c.h; path = TUSafariActivity.h; sourceTree = "<group>"; };
		2297CC4517AFDC5B00F51E23 /* TUSafariActivity.m */ = {isa = PBXFileReference; fileEncoding = 4; lastKnownFileType = sourcecode.c.objc; path = TUSafariActivity.m; sourceTree = "<group>"; };
		2297CC4617AFDC5B00F51E23 /* vi */ = {isa = PBXFileReference; lastKnownFileType = text.plist.strings; name = vi; path = vi.lproj/TUSafariActivity.strings; sourceTree = "<group>"; };
		2297CC4717AFDC5B00F51E23 /* zh_CN */ = {isa = PBXFileReference; lastKnownFileType = text.plist.strings; name = zh_CN; path = zh_CN.lproj/TUSafariActivity.strings; sourceTree = "<group>"; };
		2298332C181540D000E36EE3 /* DetailViewController.h */ = {isa = PBXFileReference; fileEncoding = 4; lastKnownFileType = sourcecode.c.h; path = DetailViewController.h; sourceTree = "<group>"; };
		2298332D181540D000E36EE3 /* DetailViewController.m */ = {isa = PBXFileReference; fileEncoding = 4; lastKnownFileType = sourcecode.c.objc; path = DetailViewController.m; sourceTree = "<group>"; };
		229C916518042FED0020C13E /* NSJSONSerialization+UAAdditions.h */ = {isa = PBXFileReference; fileEncoding = 4; lastKnownFileType = sourcecode.c.h; path = "NSJSONSerialization+UAAdditions.h"; sourceTree = "<group>"; };
		229C916618042FED0020C13E /* UAAnalytics.h */ = {isa = PBXFileReference; fileEncoding = 4; lastKnownFileType = sourcecode.c.h; path = UAAnalytics.h; sourceTree = "<group>"; };
		229C916718042FED0020C13E /* UAAnalyticsDBManager.h */ = {isa = PBXFileReference; fileEncoding = 4; lastKnownFileType = sourcecode.c.h; path = UAAnalyticsDBManager.h; sourceTree = "<group>"; };
		229C916818042FED0020C13E /* UAAutoAppDelegate.h */ = {isa = PBXFileReference; fileEncoding = 4; lastKnownFileType = sourcecode.c.h; path = UAAutoAppDelegate.h; sourceTree = "<group>"; };
		229C916918042FEE0020C13E /* UABaseAppDelegateSurrogate.h */ = {isa = PBXFileReference; fileEncoding = 4; lastKnownFileType = sourcecode.c.h; path = UABaseAppDelegateSurrogate.h; sourceTree = "<group>"; };
		229C916A18042FEE0020C13E /* UABaseLocationProvider.h */ = {isa = PBXFileReference; fileEncoding = 4; lastKnownFileType = sourcecode.c.h; path = UABaseLocationProvider.h; sourceTree = "<group>"; };
		229C916B18042FEE0020C13E /* UAConfig.h */ = {isa = PBXFileReference; fileEncoding = 4; lastKnownFileType = sourcecode.c.h; path = UAConfig.h; sourceTree = "<group>"; };
		229C916C18042FEE0020C13E /* UADelayOperation.h */ = {isa = PBXFileReference; fileEncoding = 4; lastKnownFileType = sourcecode.c.h; path = UADelayOperation.h; sourceTree = "<group>"; };
		229C916D18042FEE0020C13E /* UADisposable.h */ = {isa = PBXFileReference; fileEncoding = 4; lastKnownFileType = sourcecode.c.h; path = UADisposable.h; sourceTree = "<group>"; };
		229C916E18042FEE0020C13E /* UAEvent.h */ = {isa = PBXFileReference; fileEncoding = 4; lastKnownFileType = sourcecode.c.h; path = UAEvent.h; sourceTree = "<group>"; };
		229C916F18042FEE0020C13E /* UAGlobal.h */ = {isa = PBXFileReference; fileEncoding = 4; lastKnownFileType = sourcecode.c.h; path = UAGlobal.h; sourceTree = "<group>"; };
		229C917018042FEE0020C13E /* UAHTTPConnection.h */ = {isa = PBXFileReference; fileEncoding = 4; lastKnownFileType = sourcecode.c.h; path = UAHTTPConnection.h; sourceTree = "<group>"; };
		229C917118042FEE0020C13E /* UAHTTPConnectionOperation.h */ = {isa = PBXFileReference; fileEncoding = 4; lastKnownFileType = sourcecode.c.h; path = UAHTTPConnectionOperation.h; sourceTree = "<group>"; };
		229C917218042FEE0020C13E /* UAHTTPRequest.h */ = {isa = PBXFileReference; fileEncoding = 4; lastKnownFileType = sourcecode.c.h; path = UAHTTPRequest.h; sourceTree = "<group>"; };
		229C917318042FEE0020C13E /* UAHTTPRequestEngine.h */ = {isa = PBXFileReference; fileEncoding = 4; lastKnownFileType = sourcecode.c.h; path = UAHTTPRequestEngine.h; sourceTree = "<group>"; };
		229C917418042FEE0020C13E /* UAirship.h */ = {isa = PBXFileReference; fileEncoding = 4; lastKnownFileType = sourcecode.c.h; path = UAirship.h; sourceTree = "<group>"; };
		229C917518042FEE0020C13E /* UAKeychainUtils.h */ = {isa = PBXFileReference; fileEncoding = 4; lastKnownFileType = sourcecode.c.h; path = UAKeychainUtils.h; sourceTree = "<group>"; };
		229C917618042FEE0020C13E /* UALocationCommonValues.h */ = {isa = PBXFileReference; fileEncoding = 4; lastKnownFileType = sourcecode.c.h; path = UALocationCommonValues.h; sourceTree = "<group>"; };
		229C917718042FEE0020C13E /* UALocationEvent.h */ = {isa = PBXFileReference; fileEncoding = 4; lastKnownFileType = sourcecode.c.h; path = UALocationEvent.h; sourceTree = "<group>"; };
		229C917818042FEE0020C13E /* UALocationProviderDelegate.h */ = {isa = PBXFileReference; fileEncoding = 4; lastKnownFileType = sourcecode.c.h; path = UALocationProviderDelegate.h; sourceTree = "<group>"; };
		229C917918042FEE0020C13E /* UALocationProviderProtocol.h */ = {isa = PBXFileReference; fileEncoding = 4; lastKnownFileType = sourcecode.c.h; path = UALocationProviderProtocol.h; sourceTree = "<group>"; };
		229C917A18042FEE0020C13E /* UALocationService.h */ = {isa = PBXFileReference; fileEncoding = 4; lastKnownFileType = sourcecode.c.h; path = UALocationService.h; sourceTree = "<group>"; };
		229C917B18042FEE0020C13E /* UAObservable.h */ = {isa = PBXFileReference; fileEncoding = 4; lastKnownFileType = sourcecode.c.h; path = UAObservable.h; sourceTree = "<group>"; };
		229C917C18042FEE0020C13E /* UASignificantChangeProvider.h */ = {isa = PBXFileReference; fileEncoding = 4; lastKnownFileType = sourcecode.c.h; path = UASignificantChangeProvider.h; sourceTree = "<group>"; };
		229C917D18042FEE0020C13E /* UASQLite.h */ = {isa = PBXFileReference; fileEncoding = 4; lastKnownFileType = sourcecode.c.h; path = UASQLite.h; sourceTree = "<group>"; };
		229C917E18042FEE0020C13E /* UAStandardLocationProvider.h */ = {isa = PBXFileReference; fileEncoding = 4; lastKnownFileType = sourcecode.c.h; path = UAStandardLocationProvider.h; sourceTree = "<group>"; };
		229C917F18042FEE0020C13E /* UATagUtils.h */ = {isa = PBXFileReference; fileEncoding = 4; lastKnownFileType = sourcecode.c.h; path = UATagUtils.h; sourceTree = "<group>"; };
		229C918018042FEE0020C13E /* UAUser.h */ = {isa = PBXFileReference; fileEncoding = 4; lastKnownFileType = sourcecode.c.h; path = UAUser.h; sourceTree = "<group>"; };
		229C918118042FEE0020C13E /* UAUserAPIClient.h */ = {isa = PBXFileReference; fileEncoding = 4; lastKnownFileType = sourcecode.c.h; path = UAUserAPIClient.h; sourceTree = "<group>"; };
		229C918218042FEE0020C13E /* UAUserData.h */ = {isa = PBXFileReference; fileEncoding = 4; lastKnownFileType = sourcecode.c.h; path = UAUserData.h; sourceTree = "<group>"; };
		229C918318042FEE0020C13E /* UAUtils.h */ = {isa = PBXFileReference; fileEncoding = 4; lastKnownFileType = sourcecode.c.h; path = UAUtils.h; sourceTree = "<group>"; };
		229C918518042FEE0020C13E /* UA_Base64.h */ = {isa = PBXFileReference; fileEncoding = 4; lastKnownFileType = sourcecode.c.h; path = UA_Base64.h; sourceTree = "<group>"; };
		229C918618042FEE0020C13E /* UA_Reachability.h */ = {isa = PBXFileReference; fileEncoding = 4; lastKnownFileType = sourcecode.c.h; path = UA_Reachability.h; sourceTree = "<group>"; };
		229C918818042FEE0020C13E /* UAInbox.h */ = {isa = PBXFileReference; fileEncoding = 4; lastKnownFileType = sourcecode.c.h; path = UAInbox.h; sourceTree = "<group>"; };
		229C918918042FEE0020C13E /* UAInboxAPIClient.h */ = {isa = PBXFileReference; fileEncoding = 4; lastKnownFileType = sourcecode.c.h; path = UAInboxAPIClient.h; sourceTree = "<group>"; };
		229C918A18042FEE0020C13E /* UAInboxDBManager.h */ = {isa = PBXFileReference; fileEncoding = 4; lastKnownFileType = sourcecode.c.h; path = UAInboxDBManager.h; sourceTree = "<group>"; };
		229C918B18042FEE0020C13E /* UAInboxDefaultJSDelegate.h */ = {isa = PBXFileReference; fileEncoding = 4; lastKnownFileType = sourcecode.c.h; path = UAInboxDefaultJSDelegate.h; sourceTree = "<group>"; };
		229C918C18042FEE0020C13E /* UAInboxMessage.h */ = {isa = PBXFileReference; fileEncoding = 4; lastKnownFileType = sourcecode.c.h; path = UAInboxMessage.h; sourceTree = "<group>"; };
		229C918D18042FEE0020C13E /* UAInboxMessageList.h */ = {isa = PBXFileReference; fileEncoding = 4; lastKnownFileType = sourcecode.c.h; path = UAInboxMessageList.h; sourceTree = "<group>"; };
		229C918E18042FEE0020C13E /* UAInboxMessageListDelegate.h */ = {isa = PBXFileReference; fileEncoding = 4; lastKnownFileType = sourcecode.c.h; path = UAInboxMessageListDelegate.h; sourceTree = "<group>"; };
		229C918F18042FEE0020C13E /* UAInboxMessageListObserver.h */ = {isa = PBXFileReference; fileEncoding = 4; lastKnownFileType = sourcecode.c.h; path = UAInboxMessageListObserver.h; sourceTree = "<group>"; };
		229C919018042FEE0020C13E /* UAInboxPushHandler.h */ = {isa = PBXFileReference; fileEncoding = 4; lastKnownFileType = sourcecode.c.h; path = UAInboxPushHandler.h; sourceTree = "<group>"; };
		229C919118042FEE0020C13E /* UAInboxUtils.h */ = {isa = PBXFileReference; fileEncoding = 4; lastKnownFileType = sourcecode.c.h; path = UAInboxUtils.h; sourceTree = "<group>"; };
		229C919218042FEE0020C13E /* UAJSONValueTransformer.h */ = {isa = PBXFileReference; fileEncoding = 4; lastKnownFileType = sourcecode.c.h; path = UAJSONValueTransformer.h; sourceTree = "<group>"; };
		229C919318042FEE0020C13E /* libUAirship-3.0.0.a */ = {isa = PBXFileReference; lastKnownFileType = archive.ar; path = "libUAirship-3.0.0.a"; sourceTree = "<group>"; };
		229C919418042FEE0020C13E /* libUAirship-iOS5-3.0.0.a */ = {isa = PBXFileReference; lastKnownFileType = archive.ar; path = "libUAirship-iOS5-3.0.0.a"; sourceTree = "<group>"; };
		229C919618042FEE0020C13E /* UADeviceAPIClient.h */ = {isa = PBXFileReference; fileEncoding = 4; lastKnownFileType = sourcecode.c.h; path = UADeviceAPIClient.h; sourceTree = "<group>"; };
		229C919718042FEE0020C13E /* UADeviceRegistrationData.h */ = {isa = PBXFileReference; fileEncoding = 4; lastKnownFileType = sourcecode.c.h; path = UADeviceRegistrationData.h; sourceTree = "<group>"; };
		229C919818042FEE0020C13E /* UADeviceRegistrationPayload.h */ = {isa = PBXFileReference; fileEncoding = 4; lastKnownFileType = sourcecode.c.h; path = UADeviceRegistrationPayload.h; sourceTree = "<group>"; };
		229C919918042FEE0020C13E /* UAPush.h */ = {isa = PBXFileReference; fileEncoding = 4; lastKnownFileType = sourcecode.c.h; path = UAPush.h; sourceTree = "<group>"; };
		229C919F18042FEE0020C13E /* UABarButtonSegmentedControl.h */ = {isa = PBXFileReference; fileEncoding = 4; lastKnownFileType = sourcecode.c.h; path = UABarButtonSegmentedControl.h; sourceTree = "<group>"; };
		229C91A018042FEE0020C13E /* UABarButtonSegmentedControl.m */ = {isa = PBXFileReference; fileEncoding = 4; lastKnownFileType = sourcecode.c.objc; path = UABarButtonSegmentedControl.m; sourceTree = "<group>"; };
		229C91A118042FEE0020C13E /* UABeveledLoadingIndicator.h */ = {isa = PBXFileReference; fileEncoding = 4; lastKnownFileType = sourcecode.c.h; path = UABeveledLoadingIndicator.h; sourceTree = "<group>"; };
		229C91A218042FEE0020C13E /* UABeveledLoadingIndicator.m */ = {isa = PBXFileReference; fileEncoding = 4; lastKnownFileType = sourcecode.c.objc; path = UABeveledLoadingIndicator.m; sourceTree = "<group>"; };
		229C91A318042FEE0020C13E /* UADateUtils.h */ = {isa = PBXFileReference; fileEncoding = 4; lastKnownFileType = sourcecode.c.h; path = UADateUtils.h; sourceTree = "<group>"; };
		229C91A418042FEE0020C13E /* UADateUtils.m */ = {isa = PBXFileReference; fileEncoding = 4; lastKnownFileType = sourcecode.c.objc; path = UADateUtils.m; sourceTree = "<group>"; };
		229C91A518042FEE0020C13E /* UAInboxAlertHandler.h */ = {isa = PBXFileReference; fileEncoding = 4; lastKnownFileType = sourcecode.c.h; path = UAInboxAlertHandler.h; sourceTree = "<group>"; };
		229C91A618042FEE0020C13E /* UAInboxAlertHandler.m */ = {isa = PBXFileReference; fileEncoding = 4; lastKnownFileType = sourcecode.c.objc; path = UAInboxAlertHandler.m; sourceTree = "<group>"; };
		229C91A718042FEE0020C13E /* UAInboxMessageListCell.h */ = {isa = PBXFileReference; fileEncoding = 4; lastKnownFileType = sourcecode.c.h; path = UAInboxMessageListCell.h; sourceTree = "<group>"; };
		229C91A818042FEE0020C13E /* UAInboxMessageListCell.m */ = {isa = PBXFileReference; fileEncoding = 4; lastKnownFileType = sourcecode.c.objc; path = UAInboxMessageListCell.m; sourceTree = "<group>"; };
		229C91A918042FEE0020C13E /* UAInboxMessageListController.h */ = {isa = PBXFileReference; fileEncoding = 4; lastKnownFileType = sourcecode.c.h; path = UAInboxMessageListController.h; sourceTree = "<group>"; };
		229C91AA18042FEE0020C13E /* UAInboxMessageListController.m */ = {isa = PBXFileReference; fileEncoding = 4; lastKnownFileType = sourcecode.c.objc; path = UAInboxMessageListController.m; sourceTree = "<group>"; };
		229C91AB18042FEE0020C13E /* UAInboxMessageViewController.h */ = {isa = PBXFileReference; fileEncoding = 4; lastKnownFileType = sourcecode.c.h; path = UAInboxMessageViewController.h; sourceTree = "<group>"; };
		229C91AC18042FEE0020C13E /* UAInboxMessageViewController.m */ = {isa = PBXFileReference; fileEncoding = 4; lastKnownFileType = sourcecode.c.objc; path = UAInboxMessageViewController.m; sourceTree = "<group>"; };
		229C91AD18042FEE0020C13E /* UAInboxNavUI.h */ = {isa = PBXFileReference; fileEncoding = 4; lastKnownFileType = sourcecode.c.h; path = UAInboxNavUI.h; sourceTree = "<group>"; };
		229C91AE18042FEE0020C13E /* UAInboxNavUI.m */ = {isa = PBXFileReference; fileEncoding = 4; lastKnownFileType = sourcecode.c.objc; path = UAInboxNavUI.m; sourceTree = "<group>"; };
		229C91AF18042FEE0020C13E /* UAInboxOverlayController.h */ = {isa = PBXFileReference; fileEncoding = 4; lastKnownFileType = sourcecode.c.h; path = UAInboxOverlayController.h; sourceTree = "<group>"; };
		229C91B018042FEE0020C13E /* UAInboxOverlayController.m */ = {isa = PBXFileReference; fileEncoding = 4; lastKnownFileType = sourcecode.c.objc; path = UAInboxOverlayController.m; sourceTree = "<group>"; };
		229C91B118042FEE0020C13E /* UAInboxUI.h */ = {isa = PBXFileReference; fileEncoding = 4; lastKnownFileType = sourcecode.c.h; path = UAInboxUI.h; sourceTree = "<group>"; };
		229C91B218042FEE0020C13E /* UAInboxUI.m */ = {isa = PBXFileReference; fileEncoding = 4; lastKnownFileType = sourcecode.c.objc; path = UAInboxUI.m; sourceTree = "<group>"; };
		229C91B318042FEE0020C13E /* UIWebView+UAAdditions.h */ = {isa = PBXFileReference; fileEncoding = 4; lastKnownFileType = sourcecode.c.h; path = "UIWebView+UAAdditions.h"; sourceTree = "<group>"; };
		229C91B418042FEE0020C13E /* UIWebView+UAAdditions.m */ = {isa = PBXFileReference; fileEncoding = 4; lastKnownFileType = sourcecode.c.objc; path = "UIWebView+UAAdditions.m"; sourceTree = "<group>"; };
		229C91B718042FEE0020C13E /* check.png */ = {isa = PBXFileReference; lastKnownFileType = image.png; path = check.png; sourceTree = "<group>"; };
		229C91B818042FEE0020C13E /* check@2x.png */ = {isa = PBXFileReference; lastKnownFileType = image.png; path = "check@2x.png"; sourceTree = "<group>"; };
		229C91B918042FEE0020C13E /* down.png */ = {isa = PBXFileReference; lastKnownFileType = image.png; path = down.png; sourceTree = "<group>"; };
		229C91BA18042FEE0020C13E /* down@2x.png */ = {isa = PBXFileReference; lastKnownFileType = image.png; path = "down@2x.png"; sourceTree = "<group>"; };
		229C91BC18042FEE0020C13E /* overlayCloseBtn.png */ = {isa = PBXFileReference; lastKnownFileType = image.png; path = overlayCloseBtn.png; sourceTree = "<group>"; };
		229C91BD18042FEE0020C13E /* overlayCloseBtn@2x.png */ = {isa = PBXFileReference; lastKnownFileType = image.png; path = "overlayCloseBtn@2x.png"; sourceTree = "<group>"; };
		229C91BE18042FEE0020C13E /* UAInboxLocalization.bundle */ = {isa = PBXFileReference; lastKnownFileType = "wrapper.plug-in"; path = UAInboxLocalization.bundle; sourceTree = "<group>"; };
		229C91BF18042FEE0020C13E /* UAInboxMessageListCell.xib */ = {isa = PBXFileReference; fileEncoding = 4; lastKnownFileType = file.xib; path = UAInboxMessageListCell.xib; sourceTree = "<group>"; };
		229C91C018042FEE0020C13E /* UAInboxMessageListController.xib */ = {isa = PBXFileReference; fileEncoding = 4; lastKnownFileType = file.xib; path = UAInboxMessageListController.xib; sourceTree = "<group>"; };
		229C91C118042FEE0020C13E /* UAInboxMessageViewController.xib */ = {isa = PBXFileReference; fileEncoding = 4; lastKnownFileType = file.xib; path = UAInboxMessageViewController.xib; sourceTree = "<group>"; };
		229C91C218042FEE0020C13E /* uncheck.png */ = {isa = PBXFileReference; lastKnownFileType = image.png; path = uncheck.png; sourceTree = "<group>"; };
		229C91C318042FEE0020C13E /* uncheck@2x.png */ = {isa = PBXFileReference; lastKnownFileType = image.png; path = "uncheck@2x.png"; sourceTree = "<group>"; };
		229C91C418042FEE0020C13E /* up.png */ = {isa = PBXFileReference; lastKnownFileType = image.png; path = up.png; sourceTree = "<group>"; };
		229C91C518042FEE0020C13E /* up@2x.png */ = {isa = PBXFileReference; lastKnownFileType = image.png; path = "up@2x.png"; sourceTree = "<group>"; };
		229C91C918042FEE0020C13E /* UALocationDemoAnnotation.h */ = {isa = PBXFileReference; fileEncoding = 4; lastKnownFileType = sourcecode.c.h; path = UALocationDemoAnnotation.h; sourceTree = "<group>"; };
		229C91CA18042FEE0020C13E /* UALocationDemoAnnotation.m */ = {isa = PBXFileReference; fileEncoding = 4; lastKnownFileType = sourcecode.c.objc; path = UALocationDemoAnnotation.m; sourceTree = "<group>"; };
		229C91CB18042FEE0020C13E /* UALocationSettingsViewController.h */ = {isa = PBXFileReference; fileEncoding = 4; lastKnownFileType = sourcecode.c.h; path = UALocationSettingsViewController.h; sourceTree = "<group>"; };
		229C91CC18042FEE0020C13E /* UALocationSettingsViewController.m */ = {isa = PBXFileReference; fileEncoding = 4; lastKnownFileType = sourcecode.c.objc; path = UALocationSettingsViewController.m; sourceTree = "<group>"; };
		229C91CD18042FEE0020C13E /* UAMapPresentationController.h */ = {isa = PBXFileReference; fileEncoding = 4; lastKnownFileType = sourcecode.c.h; path = UAMapPresentationController.h; sourceTree = "<group>"; };
		229C91CE18042FEE0020C13E /* UAMapPresentationController.m */ = {isa = PBXFileReference; fileEncoding = 4; lastKnownFileType = sourcecode.c.objc; path = UAMapPresentationController.m; sourceTree = "<group>"; };
		229C91CF18042FEE0020C13E /* UAPushMoreSettingsViewController.h */ = {isa = PBXFileReference; fileEncoding = 4; lastKnownFileType = sourcecode.c.h; path = UAPushMoreSettingsViewController.h; sourceTree = "<group>"; };
		229C91D018042FEE0020C13E /* UAPushMoreSettingsViewController.m */ = {isa = PBXFileReference; fileEncoding = 4; lastKnownFileType = sourcecode.c.objc; path = UAPushMoreSettingsViewController.m; sourceTree = "<group>"; };
		229C91D118042FEE0020C13E /* UAPushNotificationHandler.h */ = {isa = PBXFileReference; fileEncoding = 4; lastKnownFileType = sourcecode.c.h; path = UAPushNotificationHandler.h; sourceTree = "<group>"; };
		229C91D218042FEE0020C13E /* UAPushNotificationHandler.m */ = {isa = PBXFileReference; fileEncoding = 4; lastKnownFileType = sourcecode.c.objc; path = UAPushNotificationHandler.m; sourceTree = "<group>"; };
		229C91D318042FEE0020C13E /* UAPushSettingsAddTagViewController.h */ = {isa = PBXFileReference; fileEncoding = 4; lastKnownFileType = sourcecode.c.h; path = UAPushSettingsAddTagViewController.h; sourceTree = "<group>"; };
		229C91D418042FEE0020C13E /* UAPushSettingsAddTagViewController.m */ = {isa = PBXFileReference; fileEncoding = 4; lastKnownFileType = sourcecode.c.objc; path = UAPushSettingsAddTagViewController.m; sourceTree = "<group>"; };
		229C91D518042FEE0020C13E /* UAPushSettingsAliasViewController.h */ = {isa = PBXFileReference; fileEncoding = 4; lastKnownFileType = sourcecode.c.h; path = UAPushSettingsAliasViewController.h; sourceTree = "<group>"; };
		229C91D618042FEE0020C13E /* UAPushSettingsAliasViewController.m */ = {isa = PBXFileReference; fileEncoding = 4; lastKnownFileType = sourcecode.c.objc; path = UAPushSettingsAliasViewController.m; sourceTree = "<group>"; };
		229C91D718042FEE0020C13E /* UAPushSettingsSoundsViewController.h */ = {isa = PBXFileReference; fileEncoding = 4; lastKnownFileType = sourcecode.c.h; path = UAPushSettingsSoundsViewController.h; sourceTree = "<group>"; };
		229C91D818042FEE0020C13E /* UAPushSettingsSoundsViewController.m */ = {isa = PBXFileReference; fileEncoding = 4; lastKnownFileType = sourcecode.c.objc; path = UAPushSettingsSoundsViewController.m; sourceTree = "<group>"; };
		229C91D918042FEE0020C13E /* UAPushSettingsTagsViewController.h */ = {isa = PBXFileReference; fileEncoding = 4; lastKnownFileType = sourcecode.c.h; path = UAPushSettingsTagsViewController.h; sourceTree = "<group>"; };
		229C91DA18042FEE0020C13E /* UAPushSettingsTagsViewController.m */ = {isa = PBXFileReference; fileEncoding = 4; lastKnownFileType = sourcecode.c.objc; path = UAPushSettingsTagsViewController.m; sourceTree = "<group>"; };
		229C91DB18042FEE0020C13E /* UAPushSettingsTokenViewController.h */ = {isa = PBXFileReference; fileEncoding = 4; lastKnownFileType = sourcecode.c.h; path = UAPushSettingsTokenViewController.h; sourceTree = "<group>"; };
		229C91DC18042FEE0020C13E /* UAPushSettingsTokenViewController.m */ = {isa = PBXFileReference; fileEncoding = 4; lastKnownFileType = sourcecode.c.objc; path = UAPushSettingsTokenViewController.m; sourceTree = "<group>"; };
		229C91DD18042FEE0020C13E /* UAPushSettingsUserInfoViewController.h */ = {isa = PBXFileReference; fileEncoding = 4; lastKnownFileType = sourcecode.c.h; path = UAPushSettingsUserInfoViewController.h; sourceTree = "<group>"; };
		229C91DE18042FEE0020C13E /* UAPushSettingsUserInfoViewController.m */ = {isa = PBXFileReference; fileEncoding = 4; lastKnownFileType = sourcecode.c.objc; path = UAPushSettingsUserInfoViewController.m; sourceTree = "<group>"; };
		229C91DF18042FEE0020C13E /* UAPushSettingsViewController.h */ = {isa = PBXFileReference; fileEncoding = 4; lastKnownFileType = sourcecode.c.h; path = UAPushSettingsViewController.h; sourceTree = "<group>"; };
		229C91E018042FEE0020C13E /* UAPushSettingsViewController.m */ = {isa = PBXFileReference; fileEncoding = 4; lastKnownFileType = sourcecode.c.objc; path = UAPushSettingsViewController.m; sourceTree = "<group>"; };
		229C91E118042FEE0020C13E /* UAPushUI.h */ = {isa = PBXFileReference; fileEncoding = 4; lastKnownFileType = sourcecode.c.h; path = UAPushUI.h; sourceTree = "<group>"; };
		229C91E218042FEE0020C13E /* UAPushUI.m */ = {isa = PBXFileReference; fileEncoding = 4; lastKnownFileType = sourcecode.c.objc; path = UAPushUI.m; sourceTree = "<group>"; };
		229C91E518042FEE0020C13E /* bottom-detail.png */ = {isa = PBXFileReference; lastKnownFileType = image.png; path = "bottom-detail.png"; sourceTree = "<group>"; };
		229C91E618042FEE0020C13E /* bottom-detail@2x.png */ = {isa = PBXFileReference; lastKnownFileType = image.png; path = "bottom-detail@2x.png"; sourceTree = "<group>"; };
		229C91E718042FEE0020C13E /* middle-detail.png */ = {isa = PBXFileReference; lastKnownFileType = image.png; path = "middle-detail.png"; sourceTree = "<group>"; };
		229C91E818042FEE0020C13E /* middle-detail@2x.png */ = {isa = PBXFileReference; lastKnownFileType = image.png; path = "middle-detail@2x.png"; sourceTree = "<group>"; };
		229C91E918042FEE0020C13E /* top-detail.png */ = {isa = PBXFileReference; lastKnownFileType = image.png; path = "top-detail.png"; sourceTree = "<group>"; };
		229C91EA18042FEE0020C13E /* top-detail@2x.png */ = {isa = PBXFileReference; lastKnownFileType = image.png; path = "top-detail@2x.png"; sourceTree = "<group>"; };
		229C91EB18042FEE0020C13E /* UALocationSettingsViewController.xib */ = {isa = PBXFileReference; fileEncoding = 4; lastKnownFileType = file.xib; path = UALocationSettingsViewController.xib; sourceTree = "<group>"; };
		229C91EC18042FEE0020C13E /* UAMapPresentationViewController.xib */ = {isa = PBXFileReference; fileEncoding = 4; lastKnownFileType = file.xib; path = UAMapPresentationViewController.xib; sourceTree = "<group>"; };
		229C91ED18042FEE0020C13E /* UAPushLocalization.bundle */ = {isa = PBXFileReference; lastKnownFileType = "wrapper.plug-in"; path = UAPushLocalization.bundle; sourceTree = "<group>"; };
		229C91EE18042FEE0020C13E /* UAPushMoreSettingsView.xib */ = {isa = PBXFileReference; fileEncoding = 4; lastKnownFileType = file.xib; path = UAPushMoreSettingsView.xib; sourceTree = "<group>"; };
		229C91EF18042FEE0020C13E /* UAPushSettingsAddTagViewController.xib */ = {isa = PBXFileReference; fileEncoding = 4; lastKnownFileType = file.xib; path = UAPushSettingsAddTagViewController.xib; sourceTree = "<group>"; };
		229C91F018042FEE0020C13E /* UAPushSettingsAliasView.xib */ = {isa = PBXFileReference; fileEncoding = 4; lastKnownFileType = file.xib; path = UAPushSettingsAliasView.xib; sourceTree = "<group>"; };
		229C91F118042FEE0020C13E /* UAPushSettingsSoundsViewController.xib */ = {isa = PBXFileReference; fileEncoding = 4; lastKnownFileType = file.xib; path = UAPushSettingsSoundsViewController.xib; sourceTree = "<group>"; };
		229C91F218042FEE0020C13E /* UAPushSettingsTagsViewController.xib */ = {isa = PBXFileReference; fileEncoding = 4; lastKnownFileType = file.xib; path = UAPushSettingsTagsViewController.xib; sourceTree = "<group>"; };
		229C91F318042FEE0020C13E /* UAPushSettingsTokenView.xib */ = {isa = PBXFileReference; fileEncoding = 4; lastKnownFileType = file.xib; path = UAPushSettingsTokenView.xib; sourceTree = "<group>"; };
		229C91F418042FEE0020C13E /* UAPushSettingsUserInfoView.xib */ = {isa = PBXFileReference; fileEncoding = 4; lastKnownFileType = file.xib; path = UAPushSettingsUserInfoView.xib; sourceTree = "<group>"; };
		229C91F518042FEE0020C13E /* UAPushSettingsView.xib */ = {isa = PBXFileReference; fileEncoding = 4; lastKnownFileType = file.xib; path = UAPushSettingsView.xib; sourceTree = "<group>"; };
		22C2915217ABDB6600CC6CB3 /* SSTINC.png */ = {isa = PBXFileReference; lastKnownFileType = image.png; path = SSTINC.png; sourceTree = "<group>"; };
		22D9EE54175245C600C0AAC9 /* Announcer.app */ = {isa = PBXFileReference; explicitFileType = wrapper.application; includeInIndex = 0; path = Announcer.app; sourceTree = BUILT_PRODUCTS_DIR; };
		22D9EE57175245C600C0AAC9 /* UIKit.framework */ = {isa = PBXFileReference; lastKnownFileType = wrapper.framework; name = UIKit.framework; path = System/Library/Frameworks/UIKit.framework; sourceTree = SDKROOT; };
		22D9EE59175245C600C0AAC9 /* Foundation.framework */ = {isa = PBXFileReference; lastKnownFileType = wrapper.framework; name = Foundation.framework; path = System/Library/Frameworks/Foundation.framework; sourceTree = SDKROOT; };
		22D9EE5B175245C600C0AAC9 /* CoreGraphics.framework */ = {isa = PBXFileReference; lastKnownFileType = wrapper.framework; name = CoreGraphics.framework; path = System/Library/Frameworks/CoreGraphics.framework; sourceTree = SDKROOT; };
		22D9EE5F175245C600C0AAC9 /* SST Announcer-Info.plist */ = {isa = PBXFileReference; lastKnownFileType = text.plist.xml; path = "SST Announcer-Info.plist"; sourceTree = "<group>"; };
		22D9EE61175245C600C0AAC9 /* en */ = {isa = PBXFileReference; lastKnownFileType = text.plist.strings; name = en; path = en.lproj/InfoPlist.strings; sourceTree = "<group>"; };
		22D9EE63175245C600C0AAC9 /* main.m */ = {isa = PBXFileReference; lastKnownFileType = sourcecode.c.objc; path = main.m; sourceTree = "<group>"; };
		22D9EE65175245C600C0AAC9 /* SST Announcer-Prefix.pch */ = {isa = PBXFileReference; lastKnownFileType = sourcecode.c.h; path = "SST Announcer-Prefix.pch"; sourceTree = "<group>"; };
		22D9EE66175245C600C0AAC9 /* SSTAnnounceAppDelegate.h */ = {isa = PBXFileReference; lastKnownFileType = sourcecode.c.h; path = SSTAnnounceAppDelegate.h; sourceTree = "<group>"; };
		22D9EE67175245C600C0AAC9 /* SSTAnnounceAppDelegate.m */ = {isa = PBXFileReference; lastKnownFileType = sourcecode.c.objc; path = SSTAnnounceAppDelegate.m; sourceTree = "<group>"; };
		22D9EE70175245C600C0AAC9 /* en */ = {isa = PBXFileReference; lastKnownFileType = file.storyboard; name = en; path = en.lproj/MainStoryboard.storyboard; sourceTree = "<group>"; };
		22D9EE801752477A00C0AAC9 /* SSTAMasterViewController.h */ = {isa = PBXFileReference; fileEncoding = 4; lastKnownFileType = sourcecode.c.h; path = SSTAMasterViewController.h; sourceTree = "<group>"; };
		22D9EE811752477A00C0AAC9 /* SSTAMasterViewController.m */ = {isa = PBXFileReference; fileEncoding = 4; lastKnownFileType = sourcecode.c.objc; path = SSTAMasterViewController.m; sourceTree = "<group>"; };
		22D9EEA9175251F600C0AAC9 /* CFNetwork.framework */ = {isa = PBXFileReference; lastKnownFileType = wrapper.framework; name = CFNetwork.framework; path = System/Library/Frameworks/CFNetwork.framework; sourceTree = SDKROOT; };
		22D9EEAB175251FF00C0AAC9 /* SystemConfiguration.framework */ = {isa = PBXFileReference; lastKnownFileType = wrapper.framework; name = SystemConfiguration.framework; path = System/Library/Frameworks/SystemConfiguration.framework; sourceTree = SDKROOT; };
		22D9EEAD1752520800C0AAC9 /* MobileCoreServices.framework */ = {isa = PBXFileReference; lastKnownFileType = wrapper.framework; name = MobileCoreServices.framework; path = System/Library/Frameworks/MobileCoreServices.framework; sourceTree = SDKROOT; };
		22D9EEAF1752521200C0AAC9 /* libz.1.2.5.dylib */ = {isa = PBXFileReference; lastKnownFileType = "compiled.mach-o.dylib"; name = libz.1.2.5.dylib; path = usr/lib/libz.1.2.5.dylib; sourceTree = SDKROOT; };
		22D9EED817525DF000C0AAC9 /* README.md */ = {isa = PBXFileReference; lastKnownFileType = text; path = README.md; sourceTree = "<group>"; };
		22D9EEE51753106000C0AAC9 /* QuartzCore.framework */ = {isa = PBXFileReference; lastKnownFileType = wrapper.framework; name = QuartzCore.framework; path = System/Library/Frameworks/QuartzCore.framework; sourceTree = SDKROOT; };
		22D9EEE8175310AC00C0AAC9 /* SVProgressHUD.bundle */ = {isa = PBXFileReference; lastKnownFileType = "wrapper.plug-in"; path = SVProgressHUD.bundle; sourceTree = "<group>"; };
		22D9EEE9175310AC00C0AAC9 /* SVProgressHUD.h */ = {isa = PBXFileReference; fileEncoding = 4; lastKnownFileType = sourcecode.c.h; path = SVProgressHUD.h; sourceTree = "<group>"; };
		22D9EEEA175310AC00C0AAC9 /* SVProgressHUD.m */ = {isa = PBXFileReference; fileEncoding = 4; lastKnownFileType = sourcecode.c.objc; path = SVProgressHUD.m; sourceTree = "<group>"; };
		22D9EEEF1753427700C0AAC9 /* WebViewController.h */ = {isa = PBXFileReference; fileEncoding = 4; lastKnownFileType = sourcecode.c.h; path = WebViewController.h; sourceTree = "<group>"; };
		22D9EEF01753427700C0AAC9 /* WebViewController.m */ = {isa = PBXFileReference; fileEncoding = 4; lastKnownFileType = sourcecode.c.objc; path = WebViewController.m; sourceTree = "<group>"; };
		22DC12D518727E950021A0E4 /* DTCoreText.xcodeproj */ = {isa = PBXFileReference; lastKnownFileType = "wrapper.pb-project"; name = DTCoreText.xcodeproj; path = Externals/DTCoreText/DTCoreText.xcodeproj; sourceTree = "<group>"; };
		22DC1305187292FF0021A0E4 /* CRFilter.h */ = {isa = PBXFileReference; fileEncoding = 4; lastKnownFileType = sourcecode.c.h; path = CRFilter.h; sourceTree = "<group>"; };
		22DC1306187292FF0021A0E4 /* Crittercism.h */ = {isa = PBXFileReference; fileEncoding = 4; lastKnownFileType = sourcecode.c.h; path = Crittercism.h; sourceTree = "<group>"; };
		22DC1307187292FF0021A0E4 /* CrittercismDelegate.h */ = {isa = PBXFileReference; fileEncoding = 4; lastKnownFileType = sourcecode.c.h; path = CrittercismDelegate.h; sourceTree = "<group>"; };
		22DC1308187292FF0021A0E4 /* dsym_upload.sh */ = {isa = PBXFileReference; fileEncoding = 4; lastKnownFileType = text.script.sh; path = dsym_upload.sh; sourceTree = "<group>"; };
		22DC1309187292FF0021A0E4 /* libCrittercism_v4_3_0.a */ = {isa = PBXFileReference; lastKnownFileType = archive.ar; path = libCrittercism_v4_3_0.a; sourceTree = "<group>"; };
		22E14ADA181C284500E3C1DE /* SVProgressHUD-Prefix.pch */ = {isa = PBXFileReference; fileEncoding = 4; lastKnownFileType = sourcecode.c.h; path = "SVProgressHUD-Prefix.pch"; sourceTree = "<group>"; };
		22EBAACE1781D049000C6D11 /* CoreLocation.framework */ = {isa = PBXFileReference; lastKnownFileType = wrapper.framework; name = CoreLocation.framework; path = System/Library/Frameworks/CoreLocation.framework; sourceTree = SDKROOT; };
		22EBAAD01781D06B000C6D11 /* Security.framework */ = {isa = PBXFileReference; lastKnownFileType = wrapper.framework; name = Security.framework; path = System/Library/Frameworks/Security.framework; sourceTree = SDKROOT; };
/* End PBXFileReference section */

/* Begin PBXFrameworksBuildPhase section */
		22D9EE51175245C600C0AAC9 /* Frameworks */ = {
			isa = PBXFrameworksBuildPhase;
			buildActionMask = 2147483647;
			files = (
				22DC12F218727EDB0021A0E4 /* libDTCoreText.a in Frameworks */,
				2249619C17E402F2003A0093 /* CoreText.framework in Frameworks */,
				229C91F618042FEE0020C13E /* libUAirship-3.0.0.a in Frameworks */,
				2249619A17E402E7003A0093 /* ImageIO.framework in Frameworks */,
				2249619817E402DB003A0093 /* libxml2.dylib in Frameworks */,
				226166971789A3E5000BFE36 /* MessageUI.framework in Frameworks */,
				226166951789A3D2000BFE36 /* MapKit.framework in Frameworks */,
				2248BE1D1784346F0043BE83 /* AudioToolbox.framework in Frameworks */,
				2248BCA4178431EE0043BE83 /* CoreTelephony.framework in Frameworks */,
				2248BCA2178431DE0043BE83 /* libsqlite3.dylib in Frameworks */,
				22D9EEAC175251FF00C0AAC9 /* SystemConfiguration.framework in Frameworks */,
				22EBAAD11781D06B000C6D11 /* Security.framework in Frameworks */,
				22D9EEAE1752520800C0AAC9 /* MobileCoreServices.framework in Frameworks */,
				22EBAACF1781D04A000C6D11 /* CoreLocation.framework in Frameworks */,
				22D9EEE61753106000C0AAC9 /* QuartzCore.framework in Frameworks */,
				22DC130B187292FF0021A0E4 /* libCrittercism_v4_3_0.a in Frameworks */,
				22D9EEB01752521200C0AAC9 /* libz.1.2.5.dylib in Frameworks */,
				22D9EEAA175251F600C0AAC9 /* CFNetwork.framework in Frameworks */,
				22D9EE58175245C600C0AAC9 /* UIKit.framework in Frameworks */,
				22D9EE5A175245C600C0AAC9 /* Foundation.framework in Frameworks */,
				22D9EE5C175245C600C0AAC9 /* CoreGraphics.framework in Frameworks */,
			);
			runOnlyForDeploymentPostprocessing = 0;
		};
/* End PBXFrameworksBuildPhase section */

/* Begin PBXGroup section */
		2297CC2D17AFDC5B00F51E23 /* TUSafariActivity */ = {
			isa = PBXGroup;
			children = (
				2297CC2E17AFDC5B00F51E23 /* TUSafariActivity.strings */,
				2297CC3E17AFDC5B00F51E23 /* Safari.png */,
				2297CC3F17AFDC5B00F51E23 /* Safari@2x.png */,
				2297CC4017AFDC5B00F51E23 /* Safari@2x~ipad.png */,
				2297CC4117AFDC5B00F51E23 /* Safari~ipad.png */,
				2297CC4417AFDC5B00F51E23 /* TUSafariActivity.h */,
				2297CC4517AFDC5B00F51E23 /* TUSafariActivity.m */,
			);
			path = TUSafariActivity;
			sourceTree = "<group>";
		};
		229C916318042FED0020C13E /* Airship */ = {
			isa = PBXGroup;
			children = (
				229C916418042FED0020C13E /* Common */,
				229C918418042FEE0020C13E /* External */,
				229C918718042FEE0020C13E /* Inbox */,
				229C919318042FEE0020C13E /* libUAirship-3.0.0.a */,
				229C919418042FEE0020C13E /* libUAirship-iOS5-3.0.0.a */,
				229C919518042FEE0020C13E /* Push */,
				229C919A18042FEE0020C13E /* UI */,
			);
			name = Airship;
			path = "SST Announcements/Airship";
			sourceTree = "<group>";
		};
		229C916418042FED0020C13E /* Common */ = {
			isa = PBXGroup;
			children = (
				229C916518042FED0020C13E /* NSJSONSerialization+UAAdditions.h */,
				229C916618042FED0020C13E /* UAAnalytics.h */,
				229C916718042FED0020C13E /* UAAnalyticsDBManager.h */,
				229C916818042FED0020C13E /* UAAutoAppDelegate.h */,
				229C916918042FEE0020C13E /* UABaseAppDelegateSurrogate.h */,
				229C916A18042FEE0020C13E /* UABaseLocationProvider.h */,
				229C916B18042FEE0020C13E /* UAConfig.h */,
				229C916C18042FEE0020C13E /* UADelayOperation.h */,
				229C916D18042FEE0020C13E /* UADisposable.h */,
				229C916E18042FEE0020C13E /* UAEvent.h */,
				229C916F18042FEE0020C13E /* UAGlobal.h */,
				229C917018042FEE0020C13E /* UAHTTPConnection.h */,
				229C917118042FEE0020C13E /* UAHTTPConnectionOperation.h */,
				229C917218042FEE0020C13E /* UAHTTPRequest.h */,
				229C917318042FEE0020C13E /* UAHTTPRequestEngine.h */,
				229C917418042FEE0020C13E /* UAirship.h */,
				229C917518042FEE0020C13E /* UAKeychainUtils.h */,
				229C917618042FEE0020C13E /* UALocationCommonValues.h */,
				229C917718042FEE0020C13E /* UALocationEvent.h */,
				229C917818042FEE0020C13E /* UALocationProviderDelegate.h */,
				229C917918042FEE0020C13E /* UALocationProviderProtocol.h */,
				229C917A18042FEE0020C13E /* UALocationService.h */,
				229C917B18042FEE0020C13E /* UAObservable.h */,
				229C917C18042FEE0020C13E /* UASignificantChangeProvider.h */,
				229C917D18042FEE0020C13E /* UASQLite.h */,
				229C917E18042FEE0020C13E /* UAStandardLocationProvider.h */,
				229C917F18042FEE0020C13E /* UATagUtils.h */,
				229C918018042FEE0020C13E /* UAUser.h */,
				229C918118042FEE0020C13E /* UAUserAPIClient.h */,
				229C918218042FEE0020C13E /* UAUserData.h */,
				229C918318042FEE0020C13E /* UAUtils.h */,
			);
			path = Common;
			sourceTree = "<group>";
		};
		229C918418042FEE0020C13E /* External */ = {
			isa = PBXGroup;
			children = (
				229C918518042FEE0020C13E /* UA_Base64.h */,
				229C918618042FEE0020C13E /* UA_Reachability.h */,
			);
			path = External;
			sourceTree = "<group>";
		};
		229C918718042FEE0020C13E /* Inbox */ = {
			isa = PBXGroup;
			children = (
				229C918818042FEE0020C13E /* UAInbox.h */,
				229C918918042FEE0020C13E /* UAInboxAPIClient.h */,
				229C918A18042FEE0020C13E /* UAInboxDBManager.h */,
				229C918B18042FEE0020C13E /* UAInboxDefaultJSDelegate.h */,
				229C918C18042FEE0020C13E /* UAInboxMessage.h */,
				229C918D18042FEE0020C13E /* UAInboxMessageList.h */,
				229C918E18042FEE0020C13E /* UAInboxMessageListDelegate.h */,
				229C918F18042FEE0020C13E /* UAInboxMessageListObserver.h */,
				229C919018042FEE0020C13E /* UAInboxPushHandler.h */,
				229C919118042FEE0020C13E /* UAInboxUtils.h */,
				229C919218042FEE0020C13E /* UAJSONValueTransformer.h */,
			);
			path = Inbox;
			sourceTree = "<group>";
		};
		229C919518042FEE0020C13E /* Push */ = {
			isa = PBXGroup;
			children = (
				229C919618042FEE0020C13E /* UADeviceAPIClient.h */,
				229C919718042FEE0020C13E /* UADeviceRegistrationData.h */,
				229C919818042FEE0020C13E /* UADeviceRegistrationPayload.h */,
				229C919918042FEE0020C13E /* UAPush.h */,
			);
			path = Push;
			sourceTree = "<group>";
		};
		229C919A18042FEE0020C13E /* UI */ = {
			isa = PBXGroup;
			children = (
				229C919B18042FEE0020C13E /* Default */,
			);
			path = UI;
			sourceTree = "<group>";
		};
		229C919B18042FEE0020C13E /* Default */ = {
			isa = PBXGroup;
			children = (
				229C919C18042FEE0020C13E /* Inbox */,
				229C91C618042FEE0020C13E /* Push */,
			);
			path = Default;
			sourceTree = "<group>";
		};
		229C919C18042FEE0020C13E /* Inbox */ = {
			isa = PBXGroup;
			children = (
				229C919D18042FEE0020C13E /* Classes */,
				229C91B518042FEE0020C13E /* Resources */,
			);
			path = Inbox;
			sourceTree = "<group>";
		};
		229C919D18042FEE0020C13E /* Classes */ = {
			isa = PBXGroup;
			children = (
				229C919E18042FEE0020C13E /* Shared */,
			);
			path = Classes;
			sourceTree = "<group>";
		};
		229C919E18042FEE0020C13E /* Shared */ = {
			isa = PBXGroup;
			children = (
				229C919F18042FEE0020C13E /* UABarButtonSegmentedControl.h */,
				229C91A018042FEE0020C13E /* UABarButtonSegmentedControl.m */,
				229C91A118042FEE0020C13E /* UABeveledLoadingIndicator.h */,
				229C91A218042FEE0020C13E /* UABeveledLoadingIndicator.m */,
				229C91A318042FEE0020C13E /* UADateUtils.h */,
				229C91A418042FEE0020C13E /* UADateUtils.m */,
				229C91A518042FEE0020C13E /* UAInboxAlertHandler.h */,
				229C91A618042FEE0020C13E /* UAInboxAlertHandler.m */,
				229C91A718042FEE0020C13E /* UAInboxMessageListCell.h */,
				229C91A818042FEE0020C13E /* UAInboxMessageListCell.m */,
				229C91A918042FEE0020C13E /* UAInboxMessageListController.h */,
				229C91AA18042FEE0020C13E /* UAInboxMessageListController.m */,
				229C91AB18042FEE0020C13E /* UAInboxMessageViewController.h */,
				229C91AC18042FEE0020C13E /* UAInboxMessageViewController.m */,
				229C91AD18042FEE0020C13E /* UAInboxNavUI.h */,
				229C91AE18042FEE0020C13E /* UAInboxNavUI.m */,
				229C91AF18042FEE0020C13E /* UAInboxOverlayController.h */,
				229C91B018042FEE0020C13E /* UAInboxOverlayController.m */,
				229C91B118042FEE0020C13E /* UAInboxUI.h */,
				229C91B218042FEE0020C13E /* UAInboxUI.m */,
				229C91B318042FEE0020C13E /* UIWebView+UAAdditions.h */,
				229C91B418042FEE0020C13E /* UIWebView+UAAdditions.m */,
			);
			path = Shared;
			sourceTree = "<group>";
		};
		229C91B518042FEE0020C13E /* Resources */ = {
			isa = PBXGroup;
			children = (
				229C91B618042FEE0020C13E /* Shared */,
			);
			path = Resources;
			sourceTree = "<group>";
		};
		229C91B618042FEE0020C13E /* Shared */ = {
			isa = PBXGroup;
			children = (
				229C91B718042FEE0020C13E /* check.png */,
				229C91B818042FEE0020C13E /* check@2x.png */,
				229C91B918042FEE0020C13E /* down.png */,
				229C91BA18042FEE0020C13E /* down@2x.png */,
				229C91BB18042FEE0020C13E /* Overlay */,
				229C91BE18042FEE0020C13E /* UAInboxLocalization.bundle */,
				229C91BF18042FEE0020C13E /* UAInboxMessageListCell.xib */,
				229C91C018042FEE0020C13E /* UAInboxMessageListController.xib */,
				229C91C118042FEE0020C13E /* UAInboxMessageViewController.xib */,
				229C91C218042FEE0020C13E /* uncheck.png */,
				229C91C318042FEE0020C13E /* uncheck@2x.png */,
				229C91C418042FEE0020C13E /* up.png */,
				229C91C518042FEE0020C13E /* up@2x.png */,
			);
			path = Shared;
			sourceTree = "<group>";
		};
		229C91BB18042FEE0020C13E /* Overlay */ = {
			isa = PBXGroup;
			children = (
				229C91BC18042FEE0020C13E /* overlayCloseBtn.png */,
				229C91BD18042FEE0020C13E /* overlayCloseBtn@2x.png */,
			);
			path = Overlay;
			sourceTree = "<group>";
		};
		229C91C618042FEE0020C13E /* Push */ = {
			isa = PBXGroup;
			children = (
				229C91C718042FEE0020C13E /* Classes */,
				229C91E318042FEE0020C13E /* Resources */,
			);
			path = Push;
			sourceTree = "<group>";
		};
		229C91C718042FEE0020C13E /* Classes */ = {
			isa = PBXGroup;
			children = (
				229C91C818042FEE0020C13E /* Shared */,
			);
			path = Classes;
			sourceTree = "<group>";
		};
		229C91C818042FEE0020C13E /* Shared */ = {
			isa = PBXGroup;
			children = (
				229C91C918042FEE0020C13E /* UALocationDemoAnnotation.h */,
				229C91CA18042FEE0020C13E /* UALocationDemoAnnotation.m */,
				229C91CB18042FEE0020C13E /* UALocationSettingsViewController.h */,
				229C91CC18042FEE0020C13E /* UALocationSettingsViewController.m */,
				229C91CD18042FEE0020C13E /* UAMapPresentationController.h */,
				229C91CE18042FEE0020C13E /* UAMapPresentationController.m */,
				229C91CF18042FEE0020C13E /* UAPushMoreSettingsViewController.h */,
				229C91D018042FEE0020C13E /* UAPushMoreSettingsViewController.m */,
				229C91D118042FEE0020C13E /* UAPushNotificationHandler.h */,
				229C91D218042FEE0020C13E /* UAPushNotificationHandler.m */,
				229C91D318042FEE0020C13E /* UAPushSettingsAddTagViewController.h */,
				229C91D418042FEE0020C13E /* UAPushSettingsAddTagViewController.m */,
				229C91D518042FEE0020C13E /* UAPushSettingsAliasViewController.h */,
				229C91D618042FEE0020C13E /* UAPushSettingsAliasViewController.m */,
				229C91D718042FEE0020C13E /* UAPushSettingsSoundsViewController.h */,
				229C91D818042FEE0020C13E /* UAPushSettingsSoundsViewController.m */,
				229C91D918042FEE0020C13E /* UAPushSettingsTagsViewController.h */,
				229C91DA18042FEE0020C13E /* UAPushSettingsTagsViewController.m */,
				229C91DB18042FEE0020C13E /* UAPushSettingsTokenViewController.h */,
				229C91DC18042FEE0020C13E /* UAPushSettingsTokenViewController.m */,
				229C91DD18042FEE0020C13E /* UAPushSettingsUserInfoViewController.h */,
				229C91DE18042FEE0020C13E /* UAPushSettingsUserInfoViewController.m */,
				229C91DF18042FEE0020C13E /* UAPushSettingsViewController.h */,
				229C91E018042FEE0020C13E /* UAPushSettingsViewController.m */,
				229C91E118042FEE0020C13E /* UAPushUI.h */,
				229C91E218042FEE0020C13E /* UAPushUI.m */,
			);
			path = Shared;
			sourceTree = "<group>";
		};
		229C91E318042FEE0020C13E /* Resources */ = {
			isa = PBXGroup;
			children = (
				229C91E418042FEE0020C13E /* Shared */,
			);
			path = Resources;
			sourceTree = "<group>";
		};
		229C91E418042FEE0020C13E /* Shared */ = {
			isa = PBXGroup;
			children = (
				229C91E518042FEE0020C13E /* bottom-detail.png */,
				229C91E618042FEE0020C13E /* bottom-detail@2x.png */,
				229C91E718042FEE0020C13E /* middle-detail.png */,
				229C91E818042FEE0020C13E /* middle-detail@2x.png */,
				229C91E918042FEE0020C13E /* top-detail.png */,
				229C91EA18042FEE0020C13E /* top-detail@2x.png */,
				229C91EB18042FEE0020C13E /* UALocationSettingsViewController.xib */,
				229C91EC18042FEE0020C13E /* UAMapPresentationViewController.xib */,
				229C91ED18042FEE0020C13E /* UAPushLocalization.bundle */,
				229C91EE18042FEE0020C13E /* UAPushMoreSettingsView.xib */,
				229C91EF18042FEE0020C13E /* UAPushSettingsAddTagViewController.xib */,
				229C91F018042FEE0020C13E /* UAPushSettingsAliasView.xib */,
				229C91F118042FEE0020C13E /* UAPushSettingsSoundsViewController.xib */,
				229C91F218042FEE0020C13E /* UAPushSettingsTagsViewController.xib */,
				229C91F318042FEE0020C13E /* UAPushSettingsTokenView.xib */,
				229C91F418042FEE0020C13E /* UAPushSettingsUserInfoView.xib */,
				229C91F518042FEE0020C13E /* UAPushSettingsView.xib */,
			);
			path = Shared;
			sourceTree = "<group>";
		};
		22D9EE4B175245C600C0AAC9 = {
			isa = PBXGroup;
			children = (
				224AB8101874162000D36BD0 /* LICENSE */,
				22DC1304187292FE0021A0E4 /* CrittercismSDK */,
				22DC12D418727E1E0021A0E4 /* Externals */,
				229C916318042FED0020C13E /* Airship */,
				222840E117E08251002B39AE /* Images.xcassets */,
				226166961789A3E5000BFE36 /* MessageUI.framework */,
				226166941789A3D2000BFE36 /* MapKit.framework */,
				2248BE1C1784346F0043BE83 /* AudioToolbox.framework */,
				2248BCA3178431EE0043BE83 /* CoreTelephony.framework */,
				2248BCA1178431DE0043BE83 /* libsqlite3.dylib */,
				22D9EEAF1752521200C0AAC9 /* libz.1.2.5.dylib */,
				22EBAAD01781D06B000C6D11 /* Security.framework */,
				22EBAACE1781D049000C6D11 /* CoreLocation.framework */,
				22D9EEE7175310AC00C0AAC9 /* SVProgressHUD */,
				22D9EEE51753106000C0AAC9 /* QuartzCore.framework */,
				22D9EED817525DF000C0AAC9 /* README.md */,
				22D9EEAD1752520800C0AAC9 /* MobileCoreServices.framework */,
				22D9EEAB175251FF00C0AAC9 /* SystemConfiguration.framework */,
				22D9EEA9175251F600C0AAC9 /* CFNetwork.framework */,
				22D9EE5D175245C600C0AAC9 /* SST Announcements */,
				22D9EE56175245C600C0AAC9 /* Frameworks */,
				22D9EE55175245C600C0AAC9 /* Products */,
			);
			sourceTree = "<group>";
		};
		22D9EE55175245C600C0AAC9 /* Products */ = {
			isa = PBXGroup;
			children = (
				22D9EE54175245C600C0AAC9 /* Announcer.app */,
			);
			name = Products;
			sourceTree = "<group>";
		};
		22D9EE56175245C600C0AAC9 /* Frameworks */ = {
			isa = PBXGroup;
			children = (
				2249619B17E402F2003A0093 /* CoreText.framework */,
				2249619917E402E7003A0093 /* ImageIO.framework */,
				2249619717E402DB003A0093 /* libxml2.dylib */,
				22D9EE57175245C600C0AAC9 /* UIKit.framework */,
				22D9EE59175245C600C0AAC9 /* Foundation.framework */,
				22D9EE5B175245C600C0AAC9 /* CoreGraphics.framework */,
			);
			name = Frameworks;
			sourceTree = "<group>";
		};
		22D9EE5D175245C600C0AAC9 /* SST Announcements */ = {
			isa = PBXGroup;
			children = (
				2297CC2D17AFDC5B00F51E23 /* TUSafariActivity */,
				22D9EE66175245C600C0AAC9 /* SSTAnnounceAppDelegate.h */,
				22D9EE67175245C600C0AAC9 /* SSTAnnounceAppDelegate.m */,
				22592D131754E501008D88D7 /* SSTATopicsViewController.h */,
				22592D141754E501008D88D7 /* SSTATopicsViewController.m */,
				22D9EE6F175245C600C0AAC9 /* MainStoryboard.storyboard */,
				220755BE17EC879B00B9FD3F /* MainStoryboard-568h.storyboard */,
				2298332C181540D000E36EE3 /* DetailViewController.h */,
				2298332D181540D000E36EE3 /* DetailViewController.m */,
				2221A347178C556B0004EDD2 /* SSTAAboutViewController.h */,
				2221A348178C556B0004EDD2 /* SSTAAboutViewController.m */,
				22D9EE801752477A00C0AAC9 /* SSTAMasterViewController.h */,
				22D9EE811752477A00C0AAC9 /* SSTAMasterViewController.m */,
				226166981789A811000BFE36 /* RefreshControl.h */,
				226166991789A811000BFE36 /* RefreshControl.m */,
				22D9EEEF1753427700C0AAC9 /* WebViewController.h */,
				22D9EEF01753427700C0AAC9 /* WebViewController.m */,
				2249619D17E40383003A0093 /* SIMUXCRParser.h */,
				2249619E17E40383003A0093 /* SIMUXCRParser.m */,
				22D9EE5E175245C600C0AAC9 /* Supporting Files */,
			);
			path = "SST Announcements";
			sourceTree = "<group>";
		};
		22D9EE5E175245C600C0AAC9 /* Supporting Files */ = {
			isa = PBXGroup;
			children = (
				2236486D185EC67300FE9FBB /* Settings.bundle */,
				2213A7C217AE361C007693B0 /* iTunesArtwork.png */,
				2213A7C317AE361C007693B0 /* iTunesArtwork@2x.png */,
				22C2915217ABDB6600CC6CB3 /* SSTINC.png */,
				2248BE1A178433720043BE83 /* AirshipConfig.plist */,
				226A70E617BF543100AF02E3 /* tabBarPic.png */,
				22592D0E1754E311008D88D7 /* bg.jpg */,
				22D9EE5F175245C600C0AAC9 /* SST Announcer-Info.plist */,
				22D9EE60175245C600C0AAC9 /* InfoPlist.strings */,
				22D9EE63175245C600C0AAC9 /* main.m */,
				22D9EE65175245C600C0AAC9 /* SST Announcer-Prefix.pch */,
			);
			name = "Supporting Files";
			sourceTree = "<group>";
		};
		22D9EEE7175310AC00C0AAC9 /* SVProgressHUD */ = {
			isa = PBXGroup;
			children = (
				22E14ADA181C284500E3C1DE /* SVProgressHUD-Prefix.pch */,
				22D9EEE8175310AC00C0AAC9 /* SVProgressHUD.bundle */,
				22D9EEE9175310AC00C0AAC9 /* SVProgressHUD.h */,
				22D9EEEA175310AC00C0AAC9 /* SVProgressHUD.m */,
			);
			name = SVProgressHUD;
			path = "SST Announcements/SVProgressHUD";
			sourceTree = "<group>";
		};
		22DC12D418727E1E0021A0E4 /* Externals */ = {
			isa = PBXGroup;
			children = (
				22DC12D518727E950021A0E4 /* DTCoreText.xcodeproj */,
			);
			name = Externals;
			sourceTree = "<group>";
		};
		22DC12D618727E950021A0E4 /* Products */ = {
			isa = PBXGroup;
			children = (
				22DC12E318727E970021A0E4 /* RTDemoApp.app */,
				22DC12E518727E970021A0E4 /* DTCoreText.framework */,
				22DC12E718727E970021A0E4 /* libDTCoreText.a */,
				22DC12E918727E970021A0E4 /* UnitTest.octest */,
				22DC12EB18727E970021A0E4 /* MacUnitTest.octest */,
				22DC12ED18727E970021A0E4 /* libDTCoreText_no_DTFoundation.a */,
				22DC12EF18727E970021A0E4 /* DTCoreText.framework */,
				22DC12F118727E970021A0E4 /* BundleLoaderDummy.app */,
			);
			name = Products;
			sourceTree = "<group>";
		};
		22DC1304187292FE0021A0E4 /* CrittercismSDK */ = {
			isa = PBXGroup;
			children = (
				22DC1305187292FF0021A0E4 /* CRFilter.h */,
				22DC1306187292FF0021A0E4 /* Crittercism.h */,
				22DC1307187292FF0021A0E4 /* CrittercismDelegate.h */,
				22DC1308187292FF0021A0E4 /* dsym_upload.sh */,
				22DC1309187292FF0021A0E4 /* libCrittercism_v4_3_0.a */,
			);
			path = CrittercismSDK;
			sourceTree = "<group>";
		};
/* End PBXGroup section */

/* Begin PBXNativeTarget section */
		22D9EE53175245C600C0AAC9 /* Announcer */ = {
			isa = PBXNativeTarget;
			buildConfigurationList = 22D9EE7A175245C600C0AAC9 /* Build configuration list for PBXNativeTarget "Announcer" */;
			buildPhases = (
				22D9EE50175245C600C0AAC9 /* Sources */,
				22D9EE51175245C600C0AAC9 /* Frameworks */,
				22D9EE52175245C600C0AAC9 /* Resources */,
			);
			buildRules = (
			);
			dependencies = (
			);
			name = Announcer;
			productName = "SST Announcements";
			productReference = 22D9EE54175245C600C0AAC9 /* Announcer.app */;
			productType = "com.apple.product-type.application";
		};
/* End PBXNativeTarget section */

/* Begin PBXProject section */
		22D9EE4C175245C600C0AAC9 /* Project object */ = {
			isa = PBXProject;
			attributes = {
				CLASSPREFIX = SSTAnnounce;
				LastUpgradeCheck = 0500;
				ORGANIZATIONNAME = "Pan Ziyue";
				TargetAttributes = {
					22D9EE53175245C600C0AAC9 = {
						DevelopmentTeam = 7K6ZTDFM48;
					};
				};
			};
			buildConfigurationList = 22D9EE4F175245C600C0AAC9 /* Build configuration list for PBXProject "SST Announcer" */;
			compatibilityVersion = "Xcode 3.2";
			developmentRegion = English;
			hasScannedForEncodings = 0;
			knownRegions = (
				en,
				cs,
				de,
				es,
				eu,
				fi,
				fr,
				it,
				ja,
				ko,
				nl,
				no,
				pl,
				pt,
				ru,
				sk,
				sv,
				vi,
				zh_CN,
			);
			mainGroup = 22D9EE4B175245C600C0AAC9;
			productRefGroup = 22D9EE55175245C600C0AAC9 /* Products */;
			projectDirPath = "";
			projectReferences = (
				{
					ProductGroup = 22DC12D618727E950021A0E4 /* Products */;
					ProjectRef = 22DC12D518727E950021A0E4 /* DTCoreText.xcodeproj */;
				},
			);
			projectRoot = "";
			targets = (
				22D9EE53175245C600C0AAC9 /* Announcer */,
			);
		};
/* End PBXProject section */

/* Begin PBXReferenceProxy section */
		22DC12E318727E970021A0E4 /* RTDemoApp.app */ = {
			isa = PBXReferenceProxy;
			fileType = wrapper.application;
			path = RTDemoApp.app;
			remoteRef = 22DC12E218727E970021A0E4 /* PBXContainerItemProxy */;
			sourceTree = BUILT_PRODUCTS_DIR;
		};
		22DC12E518727E970021A0E4 /* DTCoreText.framework */ = {
			isa = PBXReferenceProxy;
			fileType = wrapper.cfbundle;
			path = DTCoreText.framework;
			remoteRef = 22DC12E418727E970021A0E4 /* PBXContainerItemProxy */;
			sourceTree = BUILT_PRODUCTS_DIR;
		};
		22DC12E718727E970021A0E4 /* libDTCoreText.a */ = {
			isa = PBXReferenceProxy;
			fileType = archive.ar;
			path = libDTCoreText.a;
			remoteRef = 22DC12E618727E970021A0E4 /* PBXContainerItemProxy */;
			sourceTree = BUILT_PRODUCTS_DIR;
		};
		22DC12E918727E970021A0E4 /* UnitTest.octest */ = {
			isa = PBXReferenceProxy;
			fileType = wrapper.cfbundle;
			path = UnitTest.octest;
			remoteRef = 22DC12E818727E970021A0E4 /* PBXContainerItemProxy */;
			sourceTree = BUILT_PRODUCTS_DIR;
		};
		22DC12EB18727E970021A0E4 /* MacUnitTest.octest */ = {
			isa = PBXReferenceProxy;
			fileType = wrapper.cfbundle;
			path = MacUnitTest.octest;
			remoteRef = 22DC12EA18727E970021A0E4 /* PBXContainerItemProxy */;
			sourceTree = BUILT_PRODUCTS_DIR;
		};
		22DC12ED18727E970021A0E4 /* libDTCoreText_no_DTFoundation.a */ = {
			isa = PBXReferenceProxy;
			fileType = archive.ar;
			path = libDTCoreText_no_DTFoundation.a;
			remoteRef = 22DC12EC18727E970021A0E4 /* PBXContainerItemProxy */;
			sourceTree = BUILT_PRODUCTS_DIR;
		};
		22DC12EF18727E970021A0E4 /* DTCoreText.framework */ = {
			isa = PBXReferenceProxy;
			fileType = wrapper.framework;
			path = DTCoreText.framework;
			remoteRef = 22DC12EE18727E970021A0E4 /* PBXContainerItemProxy */;
			sourceTree = BUILT_PRODUCTS_DIR;
		};
		22DC12F118727E970021A0E4 /* BundleLoaderDummy.app */ = {
			isa = PBXReferenceProxy;
			fileType = wrapper.application;
			path = BundleLoaderDummy.app;
			remoteRef = 22DC12F018727E970021A0E4 /* PBXContainerItemProxy */;
			sourceTree = BUILT_PRODUCTS_DIR;
		};
/* End PBXReferenceProxy section */

/* Begin PBXResourcesBuildPhase section */
		22D9EE52175245C600C0AAC9 /* Resources */ = {
			isa = PBXResourcesBuildPhase;
			buildActionMask = 2147483647;
			files = (
				22DC130A187292FF0021A0E4 /* dsym_upload.sh in Resources */,
				229C922D18042FEE0020C13E /* UAPushSettingsUserInfoView.xib in Resources */,
				229C922118042FEE0020C13E /* middle-detail@2x.png in Resources */,
				229C921E18042FEE0020C13E /* bottom-detail.png in Resources */,
				22D9EE62175245C600C0AAC9 /* InfoPlist.strings in Resources */,
				229C922C18042FEE0020C13E /* UAPushSettingsTokenView.xib in Resources */,
				22D9EE71175245C600C0AAC9 /* MainStoryboard.storyboard in Resources */,
				22D9EEEB175310AC00C0AAC9 /* SVProgressHUD.bundle in Resources */,
				229C921018042FEE0020C13E /* up@2x.png in Resources */,
				22592D0F1754E311008D88D7 /* bg.jpg in Resources */,
				229C922418042FEE0020C13E /* UALocationSettingsViewController.xib in Resources */,
				229C922718042FEE0020C13E /* UAPushMoreSettingsView.xib in Resources */,
				229C921F18042FEE0020C13E /* bottom-detail@2x.png in Resources */,
				229C920E18042FEE0020C13E /* uncheck@2x.png in Resources */,
				2248BE1B178433720043BE83 /* AirshipConfig.plist in Resources */,
				229C920918042FEE0020C13E /* UAInboxLocalization.bundle in Resources */,
				222840E217E08251002B39AE /* Images.xcassets in Resources */,
				22C2915317ABDB6600CC6CB3 /* SSTINC.png in Resources */,
				229C922E18042FEE0020C13E /* UAPushSettingsView.xib in Resources */,
				229C922618042FEE0020C13E /* UAPushLocalization.bundle in Resources */,
				229C920C18042FEE0020C13E /* UAInboxMessageViewController.xib in Resources */,
				2213A7C417AE361C007693B0 /* iTunesArtwork.png in Resources */,
				2213A7C517AE361C007693B0 /* iTunesArtwork@2x.png in Resources */,
				229C920A18042FEE0020C13E /* UAInboxMessageListCell.xib in Resources */,
				229C922318042FEE0020C13E /* top-detail@2x.png in Resources */,
				229C920718042FEE0020C13E /* overlayCloseBtn.png in Resources */,
				229C922218042FEE0020C13E /* top-detail.png in Resources */,
				229C922018042FEE0020C13E /* middle-detail.png in Resources */,
				229C920318042FEE0020C13E /* check.png in Resources */,
				2297CC4817AFDC5B00F51E23 /* TUSafariActivity.strings in Resources */,
				229C920418042FEE0020C13E /* check@2x.png in Resources */,
				229C920618042FEE0020C13E /* down@2x.png in Resources */,
				229C920F18042FEE0020C13E /* up.png in Resources */,
				229C920D18042FEE0020C13E /* uncheck.png in Resources */,
				229C920518042FEE0020C13E /* down.png in Resources */,
				229C922A18042FEE0020C13E /* UAPushSettingsSoundsViewController.xib in Resources */,
				229C922518042FEE0020C13E /* UAMapPresentationViewController.xib in Resources */,
				229C920818042FEE0020C13E /* overlayCloseBtn@2x.png in Resources */,
				2297CC4917AFDC5B00F51E23 /* Safari.png in Resources */,
				229C922918042FEE0020C13E /* UAPushSettingsAliasView.xib in Resources */,
				2297CC4A17AFDC5B00F51E23 /* Safari@2x.png in Resources */,
				2236486E185EC67300FE9FBB /* Settings.bundle in Resources */,
				2297CC4B17AFDC5B00F51E23 /* Safari@2x~ipad.png in Resources */,
				2297CC4C17AFDC5B00F51E23 /* Safari~ipad.png in Resources */,
				226A70E717BF543100AF02E3 /* tabBarPic.png in Resources */,
				220755BF17EC879B00B9FD3F /* MainStoryboard-568h.storyboard in Resources */,
				229C922818042FEE0020C13E /* UAPushSettingsAddTagViewController.xib in Resources */,
				229C922B18042FEE0020C13E /* UAPushSettingsTagsViewController.xib in Resources */,
				229C920B18042FEE0020C13E /* UAInboxMessageListController.xib in Resources */,
			);
			runOnlyForDeploymentPostprocessing = 0;
		};
/* End PBXResourcesBuildPhase section */

/* Begin PBXSourcesBuildPhase section */
		22D9EE50175245C600C0AAC9 /* Sources */ = {
			isa = PBXSourcesBuildPhase;
			buildActionMask = 2147483647;
			files = (
				22D9EE64175245C600C0AAC9 /* main.m in Sources */,
				229C921618042FEE0020C13E /* UAPushSettingsAddTagViewController.m in Sources */,
				229C921918042FEE0020C13E /* UAPushSettingsTagsViewController.m in Sources */,
				22D9EE68175245C600C0AAC9 /* SSTAnnounceAppDelegate.m in Sources */,
				229C91FF18042FEE0020C13E /* UAInboxNavUI.m in Sources */,
				22D9EE821752477A00C0AAC9 /* SSTAMasterViewController.m in Sources */,
				22D9EEEC175310AC00C0AAC9 /* SVProgressHUD.m in Sources */,
				229C91FB18042FEE0020C13E /* UAInboxAlertHandler.m in Sources */,
				229C921318042FEE0020C13E /* UAMapPresentationController.m in Sources */,
				22D9EEF11753427700C0AAC9 /* WebViewController.m in Sources */,
				22592D151754E501008D88D7 /* SSTATopicsViewController.m in Sources */,
				229C921418042FEE0020C13E /* UAPushMoreSettingsViewController.m in Sources */,
				229C91FC18042FEE0020C13E /* UAInboxMessageListCell.m in Sources */,
				229C91FD18042FEE0020C13E /* UAInboxMessageListController.m in Sources */,
				2261669A1789A811000BFE36 /* RefreshControl.m in Sources */,
				2221A349178C556B0004EDD2 /* SSTAAboutViewController.m in Sources */,
				229C91F818042FEE0020C13E /* UABarButtonSegmentedControl.m in Sources */,
				229C91FA18042FEE0020C13E /* UADateUtils.m in Sources */,
				229C921818042FEE0020C13E /* UAPushSettingsSoundsViewController.m in Sources */,
				229C921C18042FEE0020C13E /* UAPushSettingsViewController.m in Sources */,
				229C920218042FEE0020C13E /* UIWebView+UAAdditions.m in Sources */,
				229C921518042FEE0020C13E /* UAPushNotificationHandler.m in Sources */,
				229C921A18042FEE0020C13E /* UAPushSettingsTokenViewController.m in Sources */,
				229C920118042FEE0020C13E /* UAInboxUI.m in Sources */,
				229C91F918042FEE0020C13E /* UABeveledLoadingIndicator.m in Sources */,
				2298332E181540D000E36EE3 /* DetailViewController.m in Sources */,
				229C91FE18042FEE0020C13E /* UAInboxMessageViewController.m in Sources */,
				229C921B18042FEE0020C13E /* UAPushSettingsUserInfoViewController.m in Sources */,
				229C921218042FEE0020C13E /* UALocationSettingsViewController.m in Sources */,
				229C921118042FEE0020C13E /* UALocationDemoAnnotation.m in Sources */,
				229C920018042FEE0020C13E /* UAInboxOverlayController.m in Sources */,
				229C921D18042FEE0020C13E /* UAPushUI.m in Sources */,
				2249619F17E40383003A0093 /* SIMUXCRParser.m in Sources */,
				229C921718042FEE0020C13E /* UAPushSettingsAliasViewController.m in Sources */,
				2297CC4D17AFDC5B00F51E23 /* TUSafariActivity.m in Sources */,
			);
			runOnlyForDeploymentPostprocessing = 0;
		};
/* End PBXSourcesBuildPhase section */

/* Begin PBXVariantGroup section */
		2297CC2E17AFDC5B00F51E23 /* TUSafariActivity.strings */ = {
			isa = PBXVariantGroup;
			children = (
				2297CC2F17AFDC5B00F51E23 /* cs */,
				2297CC3017AFDC5B00F51E23 /* de */,
				2297CC3117AFDC5B00F51E23 /* en */,
				2297CC3217AFDC5B00F51E23 /* es */,
				2297CC3317AFDC5B00F51E23 /* eu */,
				2297CC3417AFDC5B00F51E23 /* fi */,
				2297CC3517AFDC5B00F51E23 /* fr */,
				2297CC3617AFDC5B00F51E23 /* it */,
				2297CC3717AFDC5B00F51E23 /* ja */,
				2297CC3817AFDC5B00F51E23 /* ko */,
				2297CC3917AFDC5B00F51E23 /* nl */,
				2297CC3A17AFDC5B00F51E23 /* no */,
				2297CC3B17AFDC5B00F51E23 /* pl */,
				2297CC3C17AFDC5B00F51E23 /* pt */,
				2297CC3D17AFDC5B00F51E23 /* ru */,
				2297CC4217AFDC5B00F51E23 /* sk */,
				2297CC4317AFDC5B00F51E23 /* sv */,
				2297CC4617AFDC5B00F51E23 /* vi */,
				2297CC4717AFDC5B00F51E23 /* zh_CN */,
			);
			name = TUSafariActivity.strings;
			sourceTree = "<group>";
		};
		22D9EE60175245C600C0AAC9 /* InfoPlist.strings */ = {
			isa = PBXVariantGroup;
			children = (
				22D9EE61175245C600C0AAC9 /* en */,
			);
			name = InfoPlist.strings;
			sourceTree = "<group>";
		};
		22D9EE6F175245C600C0AAC9 /* MainStoryboard.storyboard */ = {
			isa = PBXVariantGroup;
			children = (
				22D9EE70175245C600C0AAC9 /* en */,
			);
			name = MainStoryboard.storyboard;
			sourceTree = "<group>";
		};
/* End PBXVariantGroup section */

/* Begin XCBuildConfiguration section */
		22D9EE78175245C600C0AAC9 /* Debug */ = {
			isa = XCBuildConfiguration;
			buildSettings = {
				ALWAYS_SEARCH_USER_PATHS = NO;
				ARCHS = "$(ARCHS_STANDARD)";
				CLANG_CXX_LANGUAGE_STANDARD = "gnu++0x";
				CLANG_CXX_LIBRARY = "libc++";
				CLANG_ENABLE_OBJC_ARC = YES;
				CLANG_WARN_CONSTANT_CONVERSION = YES;
				CLANG_WARN_EMPTY_BODY = YES;
				CLANG_WARN_ENUM_CONVERSION = YES;
				CLANG_WARN_INT_CONVERSION = YES;
				CLANG_WARN__DUPLICATE_METHOD_MATCH = YES;
				CODE_SIGN_IDENTITY = "";
				"CODE_SIGN_IDENTITY[sdk=iphoneos*]" = "iPhone Developer: Ziyue Pan (3DFK5PPTDE)";
				COPY_PHASE_STRIP = NO;
				GCC_C_LANGUAGE_STANDARD = gnu99;
				GCC_DYNAMIC_NO_PIC = NO;
				GCC_OPTIMIZATION_LEVEL = 0;
				GCC_PREPROCESSOR_DEFINITIONS = (
					"DEBUG=1",
					"$(inherited)",
				);
				GCC_SYMBOLS_PRIVATE_EXTERN = NO;
				GCC_WARN_ABOUT_RETURN_TYPE = YES;
				GCC_WARN_UNINITIALIZED_AUTOS = YES;
				GCC_WARN_UNUSED_VARIABLE = YES;
				IPHONEOS_DEPLOYMENT_TARGET = 7.0;
				ONLY_ACTIVE_ARCH = YES;
				"PROVISIONING_PROFILE[sdk=iphoneos*]" = "69CCAFAE-DB44-43E6-AF0B-900FA0728AA1";
				SDKROOT = iphoneos;
				TARGETED_DEVICE_FAMILY = "1,2";
			};
			name = Debug;
		};
		22D9EE79175245C600C0AAC9 /* Release */ = {
			isa = XCBuildConfiguration;
			buildSettings = {
				ALWAYS_SEARCH_USER_PATHS = NO;
				ARCHS = "$(ARCHS_STANDARD)";
				CLANG_CXX_LANGUAGE_STANDARD = "gnu++0x";
				CLANG_CXX_LIBRARY = "libc++";
				CLANG_ENABLE_OBJC_ARC = YES;
				CLANG_WARN_CONSTANT_CONVERSION = YES;
				CLANG_WARN_EMPTY_BODY = YES;
				CLANG_WARN_ENUM_CONVERSION = YES;
				CLANG_WARN_INT_CONVERSION = YES;
				CLANG_WARN__DUPLICATE_METHOD_MATCH = YES;
				CODE_SIGN_IDENTITY = "iPhone Distribution: School of Science and Technology Singapore (7K6ZTDFM48)";
				"CODE_SIGN_IDENTITY[sdk=iphoneos*]" = "iPhone Distribution: School of Science and Technology Singapore (7K6ZTDFM48)";
				COPY_PHASE_STRIP = YES;
				GCC_C_LANGUAGE_STANDARD = gnu99;
				GCC_WARN_ABOUT_RETURN_TYPE = YES;
				GCC_WARN_UNINITIALIZED_AUTOS = YES;
				GCC_WARN_UNUSED_VARIABLE = YES;
				IPHONEOS_DEPLOYMENT_TARGET = 7.0;
				OTHER_CFLAGS = "-DNS_BLOCK_ASSERTIONS=1";
				PROVISIONING_PROFILE = "301B2EAE-E31A-4FF4-9C11-FCCAC6774503";
				"PROVISIONING_PROFILE[sdk=iphoneos*]" = "301B2EAE-E31A-4FF4-9C11-FCCAC6774503";
				SDKROOT = iphoneos;
				TARGETED_DEVICE_FAMILY = "1,2";
				VALIDATE_PRODUCT = YES;
			};
			name = Release;
		};
		22D9EE7B175245C600C0AAC9 /* Debug */ = {
			isa = XCBuildConfiguration;
			buildSettings = {
				ARCHS = "$(ARCHS_STANDARD)";
				ASSETCATALOG_COMPILER_APPICON_NAME = AppIcon;
				ASSETCATALOG_COMPILER_LAUNCHIMAGE_NAME = LaunchImage;
				CODE_SIGN_IDENTITY = "iPhone Developer";
				"CODE_SIGN_IDENTITY[sdk=iphoneos*]" = "iPhone Developer";
				FRAMEWORK_SEARCH_PATHS = (
					"$(inherited)",
					"\"$(SRCROOT)\"",
				);
				GCC_PRECOMPILE_PREFIX_HEADER = YES;
				GCC_PREFIX_HEADER = "SST Announcements/SST Announcer-Prefix.pch";
				HEADER_SEARCH_PATHS = (
					"/usr/include/libxml2/**",
					"Airship/**",
				);
				INFOPLIST_FILE = "SST Announcements/SST Announcer-Info.plist";
				IPHONEOS_DEPLOYMENT_TARGET = 7.0;
				LIBRARY_SEARCH_PATHS = (
					"$(inherited)",
					"$(SRCROOT)",
					"/Developer/iOS/SST-Announcements/SST\\ Announcements/Airship",
					"/Developer/iOS/SST-Announcements/CrittercismSDK",
				);
				OTHER_LDFLAGS = "-ObjC";
				PRODUCT_NAME = "$(TARGET_NAME)";
				PROVISIONING_PROFILE = "";
				"PROVISIONING_PROFILE[sdk=iphoneos*]" = "3C532259-B7CF-4370-80ED-D5CFD180B89D";
				TARGETED_DEVICE_FAMILY = 1;
				USER_HEADER_SEARCH_PATHS = "Externals/DTCoreText/**";
				WRAPPER_EXTENSION = app;
			};
			name = Debug;
		};
		22D9EE7C175245C600C0AAC9 /* Release */ = {
			isa = XCBuildConfiguration;
			buildSettings = {
				ARCHS = "$(ARCHS_STANDARD)";
				ASSETCATALOG_COMPILER_APPICON_NAME = AppIcon;
				ASSETCATALOG_COMPILER_LAUNCHIMAGE_NAME = LaunchImage;
				CODE_SIGN_IDENTITY = "iPhone Developer";
				"CODE_SIGN_IDENTITY[sdk=iphoneos*]" = "iPhone Developer";
				COPY_PHASE_STRIP = NO;
				FRAMEWORK_SEARCH_PATHS = (
					"$(inherited)",
					"\"$(SRCROOT)\"",
				);
				GCC_PRECOMPILE_PREFIX_HEADER = YES;
				GCC_PREFIX_HEADER = "SST Announcements/SST Announcer-Prefix.pch";
				HEADER_SEARCH_PATHS = (
					"/usr/include/libxml2/**",
					"Airship/**",
				);
				INFOPLIST_FILE = "SST Announcements/SST Announcer-Info.plist";
				IPHONEOS_DEPLOYMENT_TARGET = 7.0;
				LIBRARY_SEARCH_PATHS = (
					"$(inherited)",
					"$(SRCROOT)",
					"/Developer/iOS/SST-Announcements/SST\\ Announcements/Airship",
					"/Developer/iOS/SST-Announcements/CrittercismSDK",
				);
				OTHER_LDFLAGS = "-ObjC";
				PRODUCT_NAME = "$(TARGET_NAME)";
				PROVISIONING_PROFILE = "";
				"PROVISIONING_PROFILE[sdk=iphoneos*]" = "301B2EAE-E31A-4FF4-9C11-FCCAC6774503";
				TARGETED_DEVICE_FAMILY = 1;
				USER_HEADER_SEARCH_PATHS = "Externals/DTCoreText/**";
				WRAPPER_EXTENSION = app;
			};
			name = Release;
		};
/* End XCBuildConfiguration section */

/* Begin XCConfigurationList section */
		22D9EE4F175245C600C0AAC9 /* Build configuration list for PBXProject "SST Announcer" */ = {
			isa = XCConfigurationList;
			buildConfigurations = (
				22D9EE78175245C600C0AAC9 /* Debug */,
				22D9EE79175245C600C0AAC9 /* Release */,
			);
			defaultConfigurationIsVisible = 0;
			defaultConfigurationName = Release;
		};
		22D9EE7A175245C600C0AAC9 /* Build configuration list for PBXNativeTarget "Announcer" */ = {
			isa = XCConfigurationList;
			buildConfigurations = (
				22D9EE7B175245C600C0AAC9 /* Debug */,
				22D9EE7C175245C600C0AAC9 /* Release */,
			);
			defaultConfigurationIsVisible = 0;
			defaultConfigurationName = Release;
		};
/* End XCConfigurationList section */
	};
	rootObject = 22D9EE4C175245C600C0AAC9 /* Project object */;
}
